// !$*UTF8*$!
{
	archiveVersion = 1;
	classes = {
	};
	objectVersion = 56;
	objects = {

/* Begin PBXBuildFile section */
		12C3B77E2A0C838A001CF237 /* Onboarding0View.swift in Sources */ = {isa = PBXBuildFile; fileRef = 12C3B77D2A0C838A001CF237 /* Onboarding0View.swift */; };
		12C3B7802A0D0A19001CF237 /* PermissionView.swift in Sources */ = {isa = PBXBuildFile; fileRef = 12C3B77F2A0D0A19001CF237 /* PermissionView.swift */; };
		766572122A11144200780CA5 /* StringArray.swift in Sources */ = {isa = PBXBuildFile; fileRef = 766572112A11144200780CA5 /* StringArray.swift */; };
		766572142A1115DE00780CA5 /* Array.swift in Sources */ = {isa = PBXBuildFile; fileRef = 766572132A1115DE00780CA5 /* Array.swift */; };
		76CA10BA2A0C1C9F00689C42 /* Date.swift in Sources */ = {isa = PBXBuildFile; fileRef = 76CA10B92A0C1C9F00689C42 /* Date.swift */; };
		76CA10BC2A0C1D9400689C42 /* String.swift in Sources */ = {isa = PBXBuildFile; fileRef = 76CA10BB2A0C1D9400689C42 /* String.swift */; };
		7F37852E2A07AD650055EAB2 /* sunghoyazazaApp.swift in Sources */ = {isa = PBXBuildFile; fileRef = 7F37852D2A07AD650055EAB2 /* sunghoyazazaApp.swift */; };
		7F3785352A07AD660055EAB2 /* Preview Assets.xcassets in Resources */ = {isa = PBXBuildFile; fileRef = 7F3785342A07AD660055EAB2 /* Preview Assets.xcassets */; };
		7F37853F2A07AD660055EAB2 /* sunghoyazazaTests.swift in Sources */ = {isa = PBXBuildFile; fileRef = 7F37853E2A07AD660055EAB2 /* sunghoyazazaTests.swift */; };
		7F3785492A07AD660055EAB2 /* sunghoyazazaUITests.swift in Sources */ = {isa = PBXBuildFile; fileRef = 7F3785482A07AD660055EAB2 /* sunghoyazazaUITests.swift */; };
		7F37854B2A07AD660055EAB2 /* sunghoyazazaUITestsLaunchTests.swift in Sources */ = {isa = PBXBuildFile; fileRef = 7F37854A2A07AD660055EAB2 /* sunghoyazazaUITestsLaunchTests.swift */; };
		7FBFF4492A07C5B90069656E /* DateValue.swift in Sources */ = {isa = PBXBuildFile; fileRef = 7FBFF4372A07C5B90069656E /* DateValue.swift */; };
		7FBFF44A2A07C5B90069656E /* BlockApplicationModel.swift in Sources */ = {isa = PBXBuildFile; fileRef = 7FBFF4382A07C5B90069656E /* BlockApplicationModel.swift */; };
		7FBFF44B2A07C5B90069656E /* DateModel.swift in Sources */ = {isa = PBXBuildFile; fileRef = 7FBFF4392A07C5B90069656E /* DateModel.swift */; };
		7FBFF44C2A07C5B90069656E /* MainModel.swift in Sources */ = {isa = PBXBuildFile; fileRef = 7FBFF43A2A07C5B90069656E /* MainModel.swift */; };
		7FBFF44D2A07C5B90069656E /* MainVM.swift in Sources */ = {isa = PBXBuildFile; fileRef = 7FBFF43C2A07C5B90069656E /* MainVM.swift */; };
		7FBFF44E2A07C5B90069656E /* DateVM.swift in Sources */ = {isa = PBXBuildFile; fileRef = 7FBFF43D2A07C5B90069656E /* DateVM.swift */; };
		7FBFF44F2A07C5B90069656E /* Assets.xcassets in Resources */ = {isa = PBXBuildFile; fileRef = 7FBFF43F2A07C5B90069656E /* Assets.xcassets */; };
		7FBFF4502A07C5B90069656E /* Font+Extension.swift in Sources */ = {isa = PBXBuildFile; fileRef = 7FBFF4402A07C5B90069656E /* Font+Extension.swift */; };
		7FBFF4512A07C5B90069656E /* Color+Extension.swift in Sources */ = {isa = PBXBuildFile; fileRef = 7FBFF4412A07C5B90069656E /* Color+Extension.swift */; };
		7FBFF4522A07C5B90069656E /* StartPermissionView.swift in Sources */ = {isa = PBXBuildFile; fileRef = 7FBFF4432A07C5B90069656E /* StartPermissionView.swift */; };
		7FBFF4532A07C5B90069656E /* AlertView.swift in Sources */ = {isa = PBXBuildFile; fileRef = 7FBFF4442A07C5B90069656E /* AlertView.swift */; };
		7FBFF4542A07C5B90069656E /* SleepPlanBottomView.swift in Sources */ = {isa = PBXBuildFile; fileRef = 7FBFF4452A07C5B90069656E /* SleepPlanBottomView.swift */; };
		7FBFF4552A07C5B90069656E /* MiddlePermissionView.swift in Sources */ = {isa = PBXBuildFile; fileRef = 7FBFF4462A07C5B90069656E /* MiddlePermissionView.swift */; };
		7FBFF4562A07C5B90069656E /* SleepPlanTopView.swift in Sources */ = {isa = PBXBuildFile; fileRef = 7FBFF4472A07C5B90069656E /* SleepPlanTopView.swift */; };
		7FBFF4572A07C5B90069656E /* CalendarView.swift in Sources */ = {isa = PBXBuildFile; fileRef = 7FBFF4482A07C5B90069656E /* CalendarView.swift */; };
		7FBFF4592A07C5EA0069656E /* MainView.swift in Sources */ = {isa = PBXBuildFile; fileRef = 7FBFF4582A07C5EA0069656E /* MainView.swift */; };
		7FEA9E572A09D55B0050AA4B /* OnboardingView.swift in Sources */ = {isa = PBXBuildFile; fileRef = 7FEA9E562A09D55B0050AA4B /* OnboardingView.swift */; };
		7FEA9E5B2A09D5C80050AA4B /* Onboarding2View.swift in Sources */ = {isa = PBXBuildFile; fileRef = 7FEA9E5A2A09D5C80050AA4B /* Onboarding2View.swift */; };
		A92CA03D2A0CC2DD0061EEE2 /* CGFloat+Extension.swift in Sources */ = {isa = PBXBuildFile; fileRef = A92CA03C2A0CC2DD0061EEE2 /* CGFloat+Extension.swift */; };
		A94A97DA2A0F76B40012E8A9 /* ScreenTimeVM.swift in Sources */ = {isa = PBXBuildFile; fileRef = A94A97D92A0F76B40012E8A9 /* ScreenTimeVM.swift */; };
		A94A97DF2A0F7EC40012E8A9 /* Onboarding0VM.swift in Sources */ = {isa = PBXBuildFile; fileRef = A94A97DE2A0F7EC40012E8A9 /* Onboarding0VM.swift */; };
		A94AF2CA2A11A0C800FDFEA6 /* initView.swift in Sources */ = {isa = PBXBuildFile; fileRef = A94AF2C92A11A0C800FDFEA6 /* initView.swift */; };
		A94AF2CD2A11CA3400FDFEA6 /* mustsleep_80.png in Resources */ = {isa = PBXBuildFile; fileRef = A94AF2CC2A11CA3400FDFEA6 /* mustsleep_80.png */; };
		A9D5C5772A0E6ECC002723F0 /* PermissionViewModel.swift in Sources */ = {isa = PBXBuildFile; fileRef = A9D5C5762A0E6ECC002723F0 /* PermissionViewModel.swift */; };
		A9F0ED5B2A08C209006E02B6 /* NotificationManager.swift in Sources */ = {isa = PBXBuildFile; fileRef = A9F0ED5A2A08C209006E02B6 /* NotificationManager.swift */; };
		A9F0ED982A08CABD006E02B6 /* AppStorageKeyManager.swift in Sources */ = {isa = PBXBuildFile; fileRef = A9F0ED972A08CABD006E02B6 /* AppStorageKeyManager.swift */; };
		B813F33F2A0D36D7003E7590 /* ShieldContent.swift in Sources */ = {isa = PBXBuildFile; fileRef = B813F33E2A0D36D7003E7590 /* ShieldContent.swift */; };
		B8252E182A111A4C00D1B692 /* ScreenTimeVM.swift in Sources */ = {isa = PBXBuildFile; fileRef = A94A97D92A0F76B40012E8A9 /* ScreenTimeVM.swift */; };
		B8252E192A111A4C00D1B692 /* ScreenTimeVM.swift in Sources */ = {isa = PBXBuildFile; fileRef = A94A97D92A0F76B40012E8A9 /* ScreenTimeVM.swift */; };
		B8252EAE2A11329700D1B692 /* DeviceActivity.framework in Frameworks */ = {isa = PBXBuildFile; fileRef = A9F0ED622A08C2CD006E02B6 /* DeviceActivity.framework */; };
		B8252EB12A11329700D1B692 /* DeviceActivityMonitorExtension.swift in Sources */ = {isa = PBXBuildFile; fileRef = B8252EB02A11329700D1B692 /* DeviceActivityMonitorExtension.swift */; };
		B8252EB62A11329700D1B692 /* DeviceActivityMonitor.appex in Embed Foundation Extensions */ = {isa = PBXBuildFile; fileRef = B8252EAD2A11329700D1B692 /* DeviceActivityMonitor.appex */; settings = {ATTRIBUTES = (RemoveHeadersOnCopy, ); }; };
		B8252EBF2A11330900D1B692 /* ManagedSettings.framework in Frameworks */ = {isa = PBXBuildFile; fileRef = A9F0ED752A08C48E006E02B6 /* ManagedSettings.framework */; };
		B8252EC02A11330900D1B692 /* ManagedSettingsUI.framework in Frameworks */ = {isa = PBXBuildFile; fileRef = A9F0ED772A08C48E006E02B6 /* ManagedSettingsUI.framework */; };
		B8252EC32A11330900D1B692 /* ShieldConfigurationExtension.swift in Sources */ = {isa = PBXBuildFile; fileRef = B8252EC22A11330900D1B692 /* ShieldConfigurationExtension.swift */; };
		B8252EC82A11330900D1B692 /* ShieldConfiguration.appex in Embed Foundation Extensions */ = {isa = PBXBuildFile; fileRef = B8252EBE2A11330900D1B692 /* ShieldConfiguration.appex */; settings = {ATTRIBUTES = (RemoveHeadersOnCopy, ); }; };
		B8252ED12A11332100D1B692 /* ManagedSettings.framework in Frameworks */ = {isa = PBXBuildFile; fileRef = A9F0ED752A08C48E006E02B6 /* ManagedSettings.framework */; };
		B8252ED42A11332100D1B692 /* ShieldActionExtension.swift in Sources */ = {isa = PBXBuildFile; fileRef = B8252ED32A11332100D1B692 /* ShieldActionExtension.swift */; };
		B8252ED92A11332100D1B692 /* ShieldAction.appex in Embed Foundation Extensions */ = {isa = PBXBuildFile; fileRef = B8252ED02A11332100D1B692 /* ShieldAction.appex */; settings = {ATTRIBUTES = (RemoveHeadersOnCopy, ); }; };
		B8252EDD2A11336300D1B692 /* DeviceActivityMonitorExtension.swift in Sources */ = {isa = PBXBuildFile; fileRef = B8252EB02A11329700D1B692 /* DeviceActivityMonitorExtension.swift */; };
		B8252EDE2A11337000D1B692 /* ShieldActionExtension.swift in Sources */ = {isa = PBXBuildFile; fileRef = B8252ED32A11332100D1B692 /* ShieldActionExtension.swift */; };
		B8252EDF2A11337700D1B692 /* ScreenTimeVM.swift in Sources */ = {isa = PBXBuildFile; fileRef = A94A97D92A0F76B40012E8A9 /* ScreenTimeVM.swift */; };
		B8252EE02A11337800D1B692 /* ScreenTimeVM.swift in Sources */ = {isa = PBXBuildFile; fileRef = A94A97D92A0F76B40012E8A9 /* ScreenTimeVM.swift */; };
		B8252EE12A11337900D1B692 /* ScreenTimeVM.swift in Sources */ = {isa = PBXBuildFile; fileRef = A94A97D92A0F76B40012E8A9 /* ScreenTimeVM.swift */; };
		B8252EE22A11338000D1B692 /* DateVM.swift in Sources */ = {isa = PBXBuildFile; fileRef = 7FBFF43D2A07C5B90069656E /* DateVM.swift */; };
		B8252EE32A11338000D1B692 /* DateVM.swift in Sources */ = {isa = PBXBuildFile; fileRef = 7FBFF43D2A07C5B90069656E /* DateVM.swift */; };
		B8252EE42A11338000D1B692 /* DateVM.swift in Sources */ = {isa = PBXBuildFile; fileRef = 7FBFF43D2A07C5B90069656E /* DateVM.swift */; };
		B8252EE52A11338D00D1B692 /* Font+Extension.swift in Sources */ = {isa = PBXBuildFile; fileRef = 7FBFF4402A07C5B90069656E /* Font+Extension.swift */; };
		B8252EE62A11338E00D1B692 /* Font+Extension.swift in Sources */ = {isa = PBXBuildFile; fileRef = 7FBFF4402A07C5B90069656E /* Font+Extension.swift */; };
		B8252EE72A11338E00D1B692 /* Font+Extension.swift in Sources */ = {isa = PBXBuildFile; fileRef = 7FBFF4402A07C5B90069656E /* Font+Extension.swift */; };
		B8252EE82A11339500D1B692 /* Color+Extension.swift in Sources */ = {isa = PBXBuildFile; fileRef = 7FBFF4412A07C5B90069656E /* Color+Extension.swift */; };
		B8252EE92A11339600D1B692 /* Color+Extension.swift in Sources */ = {isa = PBXBuildFile; fileRef = 7FBFF4412A07C5B90069656E /* Color+Extension.swift */; };
		B8252EEA2A11339600D1B692 /* Color+Extension.swift in Sources */ = {isa = PBXBuildFile; fileRef = 7FBFF4412A07C5B90069656E /* Color+Extension.swift */; };
		B8252EEB2A11339B00D1B692 /* Date.swift in Sources */ = {isa = PBXBuildFile; fileRef = 76CA10B92A0C1C9F00689C42 /* Date.swift */; };
		B8252EEC2A11339B00D1B692 /* Date.swift in Sources */ = {isa = PBXBuildFile; fileRef = 76CA10B92A0C1C9F00689C42 /* Date.swift */; };
		B8252EED2A11339C00D1B692 /* Date.swift in Sources */ = {isa = PBXBuildFile; fileRef = 76CA10B92A0C1C9F00689C42 /* Date.swift */; };
		B8252EEE2A1133A100D1B692 /* String.swift in Sources */ = {isa = PBXBuildFile; fileRef = 76CA10BB2A0C1D9400689C42 /* String.swift */; };
		B8252EEF2A1133A200D1B692 /* String.swift in Sources */ = {isa = PBXBuildFile; fileRef = 76CA10BB2A0C1D9400689C42 /* String.swift */; };
		B8252EF02A1133A200D1B692 /* String.swift in Sources */ = {isa = PBXBuildFile; fileRef = 76CA10BB2A0C1D9400689C42 /* String.swift */; };
		B8252EF12A1133A700D1B692 /* CGFloat+Extension.swift in Sources */ = {isa = PBXBuildFile; fileRef = A92CA03C2A0CC2DD0061EEE2 /* CGFloat+Extension.swift */; };
		B8252EF22A1133A700D1B692 /* CGFloat+Extension.swift in Sources */ = {isa = PBXBuildFile; fileRef = A92CA03C2A0CC2DD0061EEE2 /* CGFloat+Extension.swift */; };
		B8252EF32A1133A700D1B692 /* CGFloat+Extension.swift in Sources */ = {isa = PBXBuildFile; fileRef = A92CA03C2A0CC2DD0061EEE2 /* CGFloat+Extension.swift */; };
		B8252EF42A1133AC00D1B692 /* StringArray.swift in Sources */ = {isa = PBXBuildFile; fileRef = 766572112A11144200780CA5 /* StringArray.swift */; };
		B8252EF52A1133AC00D1B692 /* StringArray.swift in Sources */ = {isa = PBXBuildFile; fileRef = 766572112A11144200780CA5 /* StringArray.swift */; };
		B8252EF62A1133AE00D1B692 /* StringArray.swift in Sources */ = {isa = PBXBuildFile; fileRef = 766572112A11144200780CA5 /* StringArray.swift */; };
		B8252EF72A1133B200D1B692 /* Array.swift in Sources */ = {isa = PBXBuildFile; fileRef = 766572132A1115DE00780CA5 /* Array.swift */; };
		B8252EF82A1133B300D1B692 /* Array.swift in Sources */ = {isa = PBXBuildFile; fileRef = 766572132A1115DE00780CA5 /* Array.swift */; };
		B8252EF92A1133B300D1B692 /* Array.swift in Sources */ = {isa = PBXBuildFile; fileRef = 766572132A1115DE00780CA5 /* Array.swift */; };
		B8252EFA2A1133C200D1B692 /* DateModel.swift in Sources */ = {isa = PBXBuildFile; fileRef = 7FBFF4392A07C5B90069656E /* DateModel.swift */; };
		B8252EFB2A1133C200D1B692 /* DateModel.swift in Sources */ = {isa = PBXBuildFile; fileRef = 7FBFF4392A07C5B90069656E /* DateModel.swift */; };
		B8252EFC2A1133C300D1B692 /* DateModel.swift in Sources */ = {isa = PBXBuildFile; fileRef = 7FBFF4392A07C5B90069656E /* DateModel.swift */; };
		B8252EFD2A1133CB00D1B692 /* NotificationManager.swift in Sources */ = {isa = PBXBuildFile; fileRef = A9F0ED5A2A08C209006E02B6 /* NotificationManager.swift */; };
		B8252EFE2A1133CC00D1B692 /* NotificationManager.swift in Sources */ = {isa = PBXBuildFile; fileRef = A9F0ED5A2A08C209006E02B6 /* NotificationManager.swift */; };
		B8252EFF2A1133D100D1B692 /* AppStorageKeyManager.swift in Sources */ = {isa = PBXBuildFile; fileRef = A9F0ED972A08CABD006E02B6 /* AppStorageKeyManager.swift */; };
		B8252F002A1133D200D1B692 /* AppStorageKeyManager.swift in Sources */ = {isa = PBXBuildFile; fileRef = A9F0ED972A08CABD006E02B6 /* AppStorageKeyManager.swift */; };
		B8252F012A1133D200D1B692 /* AppStorageKeyManager.swift in Sources */ = {isa = PBXBuildFile; fileRef = A9F0ED972A08CABD006E02B6 /* AppStorageKeyManager.swift */; };
		B8252F022A1133D900D1B692 /* ShieldContent.swift in Sources */ = {isa = PBXBuildFile; fileRef = B813F33E2A0D36D7003E7590 /* ShieldContent.swift */; };
		B8252F032A1133DA00D1B692 /* ShieldContent.swift in Sources */ = {isa = PBXBuildFile; fileRef = B813F33E2A0D36D7003E7590 /* ShieldContent.swift */; };
		B8252F042A1133DA00D1B692 /* ShieldContent.swift in Sources */ = {isa = PBXBuildFile; fileRef = B813F33E2A0D36D7003E7590 /* ShieldContent.swift */; };
		B8C078FB2A100A8F00E7156F /* DetailView.swift in Sources */ = {isa = PBXBuildFile; fileRef = 7FEA9E5C2A09E0610050AA4B /* DetailView.swift */; };
		E59D0FEE2A0DECF3005C0B05 /* Lottie in Frameworks */ = {isa = PBXBuildFile; productRef = E59D0FED2A0DECF3005C0B05 /* Lottie */; };
		E59D0FF02A0DED37005C0B05 /* LottieView.swift in Sources */ = {isa = PBXBuildFile; fileRef = E59D0FEF2A0DED37005C0B05 /* LottieView.swift */; };
		E5E3B08C2A1124CC006C3A48 /* LottieFile.json in Resources */ = {isa = PBXBuildFile; fileRef = E5E3B08B2A1124CC006C3A48 /* LottieFile.json */; };
/* End PBXBuildFile section */

/* Begin PBXContainerItemProxy section */
		7F37853B2A07AD660055EAB2 /* PBXContainerItemProxy */ = {
			isa = PBXContainerItemProxy;
			containerPortal = 7F3785222A07AD650055EAB2 /* Project object */;
			proxyType = 1;
			remoteGlobalIDString = 7F3785292A07AD650055EAB2;
			remoteInfo = sunghoyazaza;
		};
		7F3785452A07AD660055EAB2 /* PBXContainerItemProxy */ = {
			isa = PBXContainerItemProxy;
			containerPortal = 7F3785222A07AD650055EAB2 /* Project object */;
			proxyType = 1;
			remoteGlobalIDString = 7F3785292A07AD650055EAB2;
			remoteInfo = sunghoyazaza;
		};
		B8252EB42A11329700D1B692 /* PBXContainerItemProxy */ = {
			isa = PBXContainerItemProxy;
			containerPortal = 7F3785222A07AD650055EAB2 /* Project object */;
			proxyType = 1;
			remoteGlobalIDString = B8252EAC2A11329700D1B692;
			remoteInfo = DeviceActivityMonitor;
		};
		B8252EC62A11330900D1B692 /* PBXContainerItemProxy */ = {
			isa = PBXContainerItemProxy;
			containerPortal = 7F3785222A07AD650055EAB2 /* Project object */;
			proxyType = 1;
			remoteGlobalIDString = B8252EBD2A11330900D1B692;
			remoteInfo = ShieldConfiguration;
		};
		B8252ED72A11332100D1B692 /* PBXContainerItemProxy */ = {
			isa = PBXContainerItemProxy;
			containerPortal = 7F3785222A07AD650055EAB2 /* Project object */;
			proxyType = 1;
			remoteGlobalIDString = B8252ECF2A11332100D1B692;
			remoteInfo = ShieldAction;
		};
/* End PBXContainerItemProxy section */

/* Begin PBXCopyFilesBuildPhase section */
		A9F0ED6F2A08C2CD006E02B6 /* Embed Foundation Extensions */ = {
			isa = PBXCopyFilesBuildPhase;
			buildActionMask = 12;
			dstPath = "";
			dstSubfolderSpec = 13;
			files = (
				B8252ED92A11332100D1B692 /* ShieldAction.appex in Embed Foundation Extensions */,
				B8252EC82A11330900D1B692 /* ShieldConfiguration.appex in Embed Foundation Extensions */,
				B8252EB62A11329700D1B692 /* DeviceActivityMonitor.appex in Embed Foundation Extensions */,
			);
			name = "Embed Foundation Extensions";
			runOnlyForDeploymentPostprocessing = 0;
		};
/* End PBXCopyFilesBuildPhase section */

/* Begin PBXFileReference section */
		12C3B77D2A0C838A001CF237 /* Onboarding0View.swift */ = {isa = PBXFileReference; lastKnownFileType = sourcecode.swift; path = Onboarding0View.swift; sourceTree = "<group>"; };
		12C3B77F2A0D0A19001CF237 /* PermissionView.swift */ = {isa = PBXFileReference; lastKnownFileType = sourcecode.swift; path = PermissionView.swift; sourceTree = "<group>"; };
		766572112A11144200780CA5 /* StringArray.swift */ = {isa = PBXFileReference; lastKnownFileType = sourcecode.swift; path = StringArray.swift; sourceTree = "<group>"; };
		766572132A1115DE00780CA5 /* Array.swift */ = {isa = PBXFileReference; lastKnownFileType = sourcecode.swift; path = Array.swift; sourceTree = "<group>"; };
		76CA10B92A0C1C9F00689C42 /* Date.swift */ = {isa = PBXFileReference; lastKnownFileType = sourcecode.swift; path = Date.swift; sourceTree = "<group>"; };
		76CA10BB2A0C1D9400689C42 /* String.swift */ = {isa = PBXFileReference; lastKnownFileType = sourcecode.swift; path = String.swift; sourceTree = "<group>"; };
		7F37852A2A07AD650055EAB2 /* sunghoyazaza.app */ = {isa = PBXFileReference; explicitFileType = wrapper.application; includeInIndex = 0; path = sunghoyazaza.app; sourceTree = BUILT_PRODUCTS_DIR; };
		7F37852D2A07AD650055EAB2 /* sunghoyazazaApp.swift */ = {isa = PBXFileReference; lastKnownFileType = sourcecode.swift; path = sunghoyazazaApp.swift; sourceTree = "<group>"; };
		7F3785342A07AD660055EAB2 /* Preview Assets.xcassets */ = {isa = PBXFileReference; lastKnownFileType = folder.assetcatalog; path = "Preview Assets.xcassets"; sourceTree = "<group>"; };
		7F37853A2A07AD660055EAB2 /* sunghoyazazaTests.xctest */ = {isa = PBXFileReference; explicitFileType = wrapper.cfbundle; includeInIndex = 0; path = sunghoyazazaTests.xctest; sourceTree = BUILT_PRODUCTS_DIR; };
		7F37853E2A07AD660055EAB2 /* sunghoyazazaTests.swift */ = {isa = PBXFileReference; lastKnownFileType = sourcecode.swift; path = sunghoyazazaTests.swift; sourceTree = "<group>"; };
		7F3785442A07AD660055EAB2 /* sunghoyazazaUITests.xctest */ = {isa = PBXFileReference; explicitFileType = wrapper.cfbundle; includeInIndex = 0; path = sunghoyazazaUITests.xctest; sourceTree = BUILT_PRODUCTS_DIR; };
		7F3785482A07AD660055EAB2 /* sunghoyazazaUITests.swift */ = {isa = PBXFileReference; lastKnownFileType = sourcecode.swift; path = sunghoyazazaUITests.swift; sourceTree = "<group>"; };
		7F37854A2A07AD660055EAB2 /* sunghoyazazaUITestsLaunchTests.swift */ = {isa = PBXFileReference; lastKnownFileType = sourcecode.swift; path = sunghoyazazaUITestsLaunchTests.swift; sourceTree = "<group>"; };
		7FBFF4372A07C5B90069656E /* DateValue.swift */ = {isa = PBXFileReference; fileEncoding = 4; lastKnownFileType = sourcecode.swift; path = DateValue.swift; sourceTree = "<group>"; };
		7FBFF4382A07C5B90069656E /* BlockApplicationModel.swift */ = {isa = PBXFileReference; fileEncoding = 4; lastKnownFileType = sourcecode.swift; path = BlockApplicationModel.swift; sourceTree = "<group>"; };
		7FBFF4392A07C5B90069656E /* DateModel.swift */ = {isa = PBXFileReference; fileEncoding = 4; lastKnownFileType = sourcecode.swift; path = DateModel.swift; sourceTree = "<group>"; };
		7FBFF43A2A07C5B90069656E /* MainModel.swift */ = {isa = PBXFileReference; fileEncoding = 4; lastKnownFileType = sourcecode.swift; path = MainModel.swift; sourceTree = "<group>"; };
		7FBFF43C2A07C5B90069656E /* MainVM.swift */ = {isa = PBXFileReference; fileEncoding = 4; lastKnownFileType = sourcecode.swift; path = MainVM.swift; sourceTree = "<group>"; };
		7FBFF43D2A07C5B90069656E /* DateVM.swift */ = {isa = PBXFileReference; fileEncoding = 4; lastKnownFileType = sourcecode.swift; path = DateVM.swift; sourceTree = "<group>"; };
		7FBFF43F2A07C5B90069656E /* Assets.xcassets */ = {isa = PBXFileReference; lastKnownFileType = folder.assetcatalog; path = Assets.xcassets; sourceTree = "<group>"; };
		7FBFF4402A07C5B90069656E /* Font+Extension.swift */ = {isa = PBXFileReference; fileEncoding = 4; lastKnownFileType = sourcecode.swift; path = "Font+Extension.swift"; sourceTree = "<group>"; };
		7FBFF4412A07C5B90069656E /* Color+Extension.swift */ = {isa = PBXFileReference; fileEncoding = 4; lastKnownFileType = sourcecode.swift; path = "Color+Extension.swift"; sourceTree = "<group>"; };
		7FBFF4432A07C5B90069656E /* StartPermissionView.swift */ = {isa = PBXFileReference; fileEncoding = 4; lastKnownFileType = sourcecode.swift; path = StartPermissionView.swift; sourceTree = "<group>"; };
		7FBFF4442A07C5B90069656E /* AlertView.swift */ = {isa = PBXFileReference; fileEncoding = 4; lastKnownFileType = sourcecode.swift; path = AlertView.swift; sourceTree = "<group>"; };
		7FBFF4452A07C5B90069656E /* SleepPlanBottomView.swift */ = {isa = PBXFileReference; fileEncoding = 4; lastKnownFileType = sourcecode.swift; path = SleepPlanBottomView.swift; sourceTree = "<group>"; };
		7FBFF4462A07C5B90069656E /* MiddlePermissionView.swift */ = {isa = PBXFileReference; fileEncoding = 4; lastKnownFileType = sourcecode.swift; path = MiddlePermissionView.swift; sourceTree = "<group>"; };
		7FBFF4472A07C5B90069656E /* SleepPlanTopView.swift */ = {isa = PBXFileReference; fileEncoding = 4; lastKnownFileType = sourcecode.swift; path = SleepPlanTopView.swift; sourceTree = "<group>"; };
		7FBFF4482A07C5B90069656E /* CalendarView.swift */ = {isa = PBXFileReference; fileEncoding = 4; lastKnownFileType = sourcecode.swift; path = CalendarView.swift; sourceTree = "<group>"; };
		7FBFF4582A07C5EA0069656E /* MainView.swift */ = {isa = PBXFileReference; fileEncoding = 4; lastKnownFileType = sourcecode.swift; path = MainView.swift; sourceTree = "<group>"; };
		7FEA9E562A09D55B0050AA4B /* OnboardingView.swift */ = {isa = PBXFileReference; lastKnownFileType = sourcecode.swift; path = OnboardingView.swift; sourceTree = "<group>"; };
		7FEA9E5A2A09D5C80050AA4B /* Onboarding2View.swift */ = {isa = PBXFileReference; lastKnownFileType = sourcecode.swift; path = Onboarding2View.swift; sourceTree = "<group>"; };
		7FEA9E5C2A09E0610050AA4B /* DetailView.swift */ = {isa = PBXFileReference; lastKnownFileType = sourcecode.swift; path = DetailView.swift; sourceTree = "<group>"; };
		A92CA03C2A0CC2DD0061EEE2 /* CGFloat+Extension.swift */ = {isa = PBXFileReference; lastKnownFileType = sourcecode.swift; path = "CGFloat+Extension.swift"; sourceTree = "<group>"; };
		A94A97D92A0F76B40012E8A9 /* ScreenTimeVM.swift */ = {isa = PBXFileReference; lastKnownFileType = sourcecode.swift; path = ScreenTimeVM.swift; sourceTree = "<group>"; };
		A94A97DE2A0F7EC40012E8A9 /* Onboarding0VM.swift */ = {isa = PBXFileReference; lastKnownFileType = sourcecode.swift; path = Onboarding0VM.swift; sourceTree = "<group>"; };
		A94AF2C92A11A0C800FDFEA6 /* initView.swift */ = {isa = PBXFileReference; lastKnownFileType = sourcecode.swift; path = initView.swift; sourceTree = "<group>"; };
		A94AF2CC2A11CA3400FDFEA6 /* mustsleep_80.png */ = {isa = PBXFileReference; lastKnownFileType = image.png; path = mustsleep_80.png; sourceTree = "<group>"; };
		A9D5C5762A0E6ECC002723F0 /* PermissionViewModel.swift */ = {isa = PBXFileReference; lastKnownFileType = sourcecode.swift; path = PermissionViewModel.swift; sourceTree = "<group>"; };
		A9F0ED5A2A08C209006E02B6 /* NotificationManager.swift */ = {isa = PBXFileReference; lastKnownFileType = sourcecode.swift; path = NotificationManager.swift; sourceTree = "<group>"; };
		A9F0ED622A08C2CD006E02B6 /* DeviceActivity.framework */ = {isa = PBXFileReference; lastKnownFileType = wrapper.framework; name = DeviceActivity.framework; path = System/Library/Frameworks/DeviceActivity.framework; sourceTree = SDKROOT; };
		A9F0ED752A08C48E006E02B6 /* ManagedSettings.framework */ = {isa = PBXFileReference; lastKnownFileType = wrapper.framework; name = ManagedSettings.framework; path = System/Library/Frameworks/ManagedSettings.framework; sourceTree = SDKROOT; };
		A9F0ED772A08C48E006E02B6 /* ManagedSettingsUI.framework */ = {isa = PBXFileReference; lastKnownFileType = wrapper.framework; name = ManagedSettingsUI.framework; path = System/Library/Frameworks/ManagedSettingsUI.framework; sourceTree = SDKROOT; };
		A9F0ED952A08C4F3006E02B6 /* sunghoyazaza.entitlements */ = {isa = PBXFileReference; lastKnownFileType = text.plist.entitlements; path = sunghoyazaza.entitlements; sourceTree = "<group>"; };
		A9F0ED972A08CABD006E02B6 /* AppStorageKeyManager.swift */ = {isa = PBXFileReference; lastKnownFileType = sourcecode.swift; path = AppStorageKeyManager.swift; sourceTree = "<group>"; };
		B813F33E2A0D36D7003E7590 /* ShieldContent.swift */ = {isa = PBXFileReference; lastKnownFileType = sourcecode.swift; path = ShieldContent.swift; sourceTree = "<group>"; };
		B8252EAD2A11329700D1B692 /* DeviceActivityMonitor.appex */ = {isa = PBXFileReference; explicitFileType = "wrapper.app-extension"; includeInIndex = 0; path = DeviceActivityMonitor.appex; sourceTree = BUILT_PRODUCTS_DIR; };
		B8252EB02A11329700D1B692 /* DeviceActivityMonitorExtension.swift */ = {isa = PBXFileReference; lastKnownFileType = sourcecode.swift; path = DeviceActivityMonitorExtension.swift; sourceTree = "<group>"; };
		B8252EB22A11329700D1B692 /* Info.plist */ = {isa = PBXFileReference; lastKnownFileType = text.plist.xml; path = Info.plist; sourceTree = "<group>"; };
		B8252EB32A11329700D1B692 /* DeviceActivityMonitor.entitlements */ = {isa = PBXFileReference; lastKnownFileType = text.plist.entitlements; path = DeviceActivityMonitor.entitlements; sourceTree = "<group>"; };
		B8252EBE2A11330900D1B692 /* ShieldConfiguration.appex */ = {isa = PBXFileReference; explicitFileType = "wrapper.app-extension"; includeInIndex = 0; path = ShieldConfiguration.appex; sourceTree = BUILT_PRODUCTS_DIR; };
		B8252EC22A11330900D1B692 /* ShieldConfigurationExtension.swift */ = {isa = PBXFileReference; lastKnownFileType = sourcecode.swift; path = ShieldConfigurationExtension.swift; sourceTree = "<group>"; };
		B8252EC42A11330900D1B692 /* Info.plist */ = {isa = PBXFileReference; lastKnownFileType = text.plist.xml; path = Info.plist; sourceTree = "<group>"; };
		B8252EC52A11330900D1B692 /* ShieldConfiguration.entitlements */ = {isa = PBXFileReference; lastKnownFileType = text.plist.entitlements; path = ShieldConfiguration.entitlements; sourceTree = "<group>"; };
		B8252ED02A11332100D1B692 /* ShieldAction.appex */ = {isa = PBXFileReference; explicitFileType = "wrapper.app-extension"; includeInIndex = 0; path = ShieldAction.appex; sourceTree = BUILT_PRODUCTS_DIR; };
		B8252ED32A11332100D1B692 /* ShieldActionExtension.swift */ = {isa = PBXFileReference; lastKnownFileType = sourcecode.swift; path = ShieldActionExtension.swift; sourceTree = "<group>"; };
		B8252ED52A11332100D1B692 /* Info.plist */ = {isa = PBXFileReference; lastKnownFileType = text.plist.xml; path = Info.plist; sourceTree = "<group>"; };
		B8252ED62A11332100D1B692 /* ShieldAction.entitlements */ = {isa = PBXFileReference; lastKnownFileType = text.plist.entitlements; path = ShieldAction.entitlements; sourceTree = "<group>"; };
		B8252F052A1134C900D1B692 /* ShieldActionDebug.entitlements */ = {isa = PBXFileReference; lastKnownFileType = text.plist.entitlements; path = ShieldActionDebug.entitlements; sourceTree = "<group>"; };
		B8252F062A1134DE00D1B692 /* ShieldConfigurationDebug.entitlements */ = {isa = PBXFileReference; lastKnownFileType = text.plist.entitlements; path = ShieldConfigurationDebug.entitlements; sourceTree = "<group>"; };
		B8252F072A1134E600D1B692 /* DeviceActivityMonitorDebug.entitlements */ = {isa = PBXFileReference; lastKnownFileType = text.plist.entitlements; path = DeviceActivityMonitorDebug.entitlements; sourceTree = "<group>"; };
		E59D0FEF2A0DED37005C0B05 /* LottieView.swift */ = {isa = PBXFileReference; lastKnownFileType = sourcecode.swift; path = LottieView.swift; sourceTree = "<group>"; };
		E5E3B08B2A1124CC006C3A48 /* LottieFile.json */ = {isa = PBXFileReference; fileEncoding = 4; lastKnownFileType = text.json; path = LottieFile.json; sourceTree = "<group>"; };
/* End PBXFileReference section */

/* Begin PBXFrameworksBuildPhase section */
		7F3785272A07AD650055EAB2 /* Frameworks */ = {
			isa = PBXFrameworksBuildPhase;
			buildActionMask = 2147483647;
			files = (
				E59D0FEE2A0DECF3005C0B05 /* Lottie in Frameworks */,
			);
			runOnlyForDeploymentPostprocessing = 0;
		};
		7F3785372A07AD660055EAB2 /* Frameworks */ = {
			isa = PBXFrameworksBuildPhase;
			buildActionMask = 2147483647;
			files = (
			);
			runOnlyForDeploymentPostprocessing = 0;
		};
		7F3785412A07AD660055EAB2 /* Frameworks */ = {
			isa = PBXFrameworksBuildPhase;
			buildActionMask = 2147483647;
			files = (
			);
			runOnlyForDeploymentPostprocessing = 0;
		};
		B8252EAA2A11329700D1B692 /* Frameworks */ = {
			isa = PBXFrameworksBuildPhase;
			buildActionMask = 2147483647;
			files = (
				B8252EAE2A11329700D1B692 /* DeviceActivity.framework in Frameworks */,
			);
			runOnlyForDeploymentPostprocessing = 0;
		};
		B8252EBB2A11330900D1B692 /* Frameworks */ = {
			isa = PBXFrameworksBuildPhase;
			buildActionMask = 2147483647;
			files = (
				B8252EBF2A11330900D1B692 /* ManagedSettings.framework in Frameworks */,
				B8252EC02A11330900D1B692 /* ManagedSettingsUI.framework in Frameworks */,
			);
			runOnlyForDeploymentPostprocessing = 0;
		};
		B8252ECD2A11332100D1B692 /* Frameworks */ = {
			isa = PBXFrameworksBuildPhase;
			buildActionMask = 2147483647;
			files = (
				B8252ED12A11332100D1B692 /* ManagedSettings.framework in Frameworks */,
			);
			runOnlyForDeploymentPostprocessing = 0;
		};
/* End PBXFrameworksBuildPhase section */

/* Begin PBXGroup section */
		7F3785212A07AD650055EAB2 = {
			isa = PBXGroup;
			children = (
				7F37852C2A07AD650055EAB2 /* sunghoyazaza */,
				7F37853D2A07AD660055EAB2 /* sunghoyazazaTests */,
				7F3785472A07AD660055EAB2 /* sunghoyazazaUITests */,
				B8252EAF2A11329700D1B692 /* DeviceActivityMonitor */,
				B8252EC12A11330900D1B692 /* ShieldConfiguration */,
				B8252ED22A11332100D1B692 /* ShieldAction */,
				A9F0ED612A08C2CD006E02B6 /* Frameworks */,
				7F37852B2A07AD650055EAB2 /* Products */,
			);
			sourceTree = "<group>";
		};
		7F37852B2A07AD650055EAB2 /* Products */ = {
			isa = PBXGroup;
			children = (
				7F37852A2A07AD650055EAB2 /* sunghoyazaza.app */,
				7F37853A2A07AD660055EAB2 /* sunghoyazazaTests.xctest */,
				7F3785442A07AD660055EAB2 /* sunghoyazazaUITests.xctest */,
				B8252EAD2A11329700D1B692 /* DeviceActivityMonitor.appex */,
				B8252EBE2A11330900D1B692 /* ShieldConfiguration.appex */,
				B8252ED02A11332100D1B692 /* ShieldAction.appex */,
			);
			name = Products;
			sourceTree = "<group>";
		};
		7F37852C2A07AD650055EAB2 /* sunghoyazaza */ = {
			isa = PBXGroup;
			children = (
				A9F0ED952A08C4F3006E02B6 /* sunghoyazaza.entitlements */,
				A9F0ED592A08C1DF006E02B6 /* Utils */,
				7FBFF4362A07C5B90069656E /* Models */,
				7FBFF43E2A07C5B90069656E /* Resources */,
				7FBFF43B2A07C5B90069656E /* ViewModels */,
				7FBFF4422A07C5B90069656E /* Views */,
				7F37852D2A07AD650055EAB2 /* sunghoyazazaApp.swift */,
				7F3785332A07AD660055EAB2 /* Preview Content */,
			);
			path = sunghoyazaza;
			sourceTree = "<group>";
		};
		7F3785332A07AD660055EAB2 /* Preview Content */ = {
			isa = PBXGroup;
			children = (
				7F3785342A07AD660055EAB2 /* Preview Assets.xcassets */,
			);
			path = "Preview Content";
			sourceTree = "<group>";
		};
		7F37853D2A07AD660055EAB2 /* sunghoyazazaTests */ = {
			isa = PBXGroup;
			children = (
				7F37853E2A07AD660055EAB2 /* sunghoyazazaTests.swift */,
			);
			path = sunghoyazazaTests;
			sourceTree = "<group>";
		};
		7F3785472A07AD660055EAB2 /* sunghoyazazaUITests */ = {
			isa = PBXGroup;
			children = (
				7F3785482A07AD660055EAB2 /* sunghoyazazaUITests.swift */,
				7F37854A2A07AD660055EAB2 /* sunghoyazazaUITestsLaunchTests.swift */,
			);
			path = sunghoyazazaUITests;
			sourceTree = "<group>";
		};
		7FBFF4362A07C5B90069656E /* Models */ = {
			isa = PBXGroup;
			children = (
				7FBFF4372A07C5B90069656E /* DateValue.swift */,
				7FBFF4382A07C5B90069656E /* BlockApplicationModel.swift */,
				7FBFF4392A07C5B90069656E /* DateModel.swift */,
				7FBFF43A2A07C5B90069656E /* MainModel.swift */,
			);
			path = Models;
			sourceTree = "<group>";
		};
		7FBFF43B2A07C5B90069656E /* ViewModels */ = {
			isa = PBXGroup;
			children = (
				A94A97D92A0F76B40012E8A9 /* ScreenTimeVM.swift */,
				7FBFF43C2A07C5B90069656E /* MainVM.swift */,
				7FBFF43D2A07C5B90069656E /* DateVM.swift */,
				A9D5C5762A0E6ECC002723F0 /* PermissionViewModel.swift */,
				A94A97DE2A0F7EC40012E8A9 /* Onboarding0VM.swift */,
			);
			path = ViewModels;
			sourceTree = "<group>";
		};
		7FBFF43E2A07C5B90069656E /* Resources */ = {
			isa = PBXGroup;
			children = (
				7FBFF43F2A07C5B90069656E /* Assets.xcassets */,
				E5E3B08B2A1124CC006C3A48 /* LottieFile.json */,
				7FBFF4402A07C5B90069656E /* Font+Extension.swift */,
				7FBFF4412A07C5B90069656E /* Color+Extension.swift */,
				76CA10B92A0C1C9F00689C42 /* Date.swift */,
				76CA10BB2A0C1D9400689C42 /* String.swift */,
				A92CA03C2A0CC2DD0061EEE2 /* CGFloat+Extension.swift */,
				766572112A11144200780CA5 /* StringArray.swift */,
				766572132A1115DE00780CA5 /* Array.swift */,
			);
			path = Resources;
			sourceTree = "<group>";
		};
		7FBFF4422A07C5B90069656E /* Views */ = {
			isa = PBXGroup;
			children = (
				7FBFF4582A07C5EA0069656E /* MainView.swift */,
				7FBFF4432A07C5B90069656E /* StartPermissionView.swift */,
				7FBFF4442A07C5B90069656E /* AlertView.swift */,
				7FBFF4452A07C5B90069656E /* SleepPlanBottomView.swift */,
				7FBFF4462A07C5B90069656E /* MiddlePermissionView.swift */,
				7FBFF4472A07C5B90069656E /* SleepPlanTopView.swift */,
				7FBFF4482A07C5B90069656E /* CalendarView.swift */,
				7FEA9E5C2A09E0610050AA4B /* DetailView.swift */,
				7FEA9E562A09D55B0050AA4B /* OnboardingView.swift */,
				7FEA9E5A2A09D5C80050AA4B /* Onboarding2View.swift */,
				12C3B77D2A0C838A001CF237 /* Onboarding0View.swift */,
				12C3B77F2A0D0A19001CF237 /* PermissionView.swift */,
				E59D0FEF2A0DED37005C0B05 /* LottieView.swift */,
				A94AF2C92A11A0C800FDFEA6 /* initView.swift */,
			);
			path = Views;
			sourceTree = "<group>";
		};
		A9F0ED592A08C1DF006E02B6 /* Utils */ = {
			isa = PBXGroup;
			children = (
				A9F0ED5A2A08C209006E02B6 /* NotificationManager.swift */,
				A9F0ED972A08CABD006E02B6 /* AppStorageKeyManager.swift */,
				B813F33E2A0D36D7003E7590 /* ShieldContent.swift */,
			);
			path = Utils;
			sourceTree = "<group>";
		};
		A9F0ED612A08C2CD006E02B6 /* Frameworks */ = {
			isa = PBXGroup;
			children = (
				A9F0ED622A08C2CD006E02B6 /* DeviceActivity.framework */,
				A9F0ED752A08C48E006E02B6 /* ManagedSettings.framework */,
				A9F0ED772A08C48E006E02B6 /* ManagedSettingsUI.framework */,
			);
			name = Frameworks;
			sourceTree = "<group>";
		};
		B8252EAF2A11329700D1B692 /* DeviceActivityMonitor */ = {
			isa = PBXGroup;
			children = (
				B8252F072A1134E600D1B692 /* DeviceActivityMonitorDebug.entitlements */,
				B8252EB02A11329700D1B692 /* DeviceActivityMonitorExtension.swift */,
				B8252EB22A11329700D1B692 /* Info.plist */,
				B8252EB32A11329700D1B692 /* DeviceActivityMonitor.entitlements */,
			);
			path = DeviceActivityMonitor;
			sourceTree = "<group>";
		};
		B8252EC12A11330900D1B692 /* ShieldConfiguration */ = {
			isa = PBXGroup;
			children = (
				A94AF2CC2A11CA3400FDFEA6 /* mustsleep_80.png */,
				B8252F062A1134DE00D1B692 /* ShieldConfigurationDebug.entitlements */,
				B8252EC22A11330900D1B692 /* ShieldConfigurationExtension.swift */,
				B8252EC42A11330900D1B692 /* Info.plist */,
				B8252EC52A11330900D1B692 /* ShieldConfiguration.entitlements */,
			);
			path = ShieldConfiguration;
			sourceTree = "<group>";
		};
		B8252ED22A11332100D1B692 /* ShieldAction */ = {
			isa = PBXGroup;
			children = (
				B8252F052A1134C900D1B692 /* ShieldActionDebug.entitlements */,
				B8252ED32A11332100D1B692 /* ShieldActionExtension.swift */,
				B8252ED52A11332100D1B692 /* Info.plist */,
				B8252ED62A11332100D1B692 /* ShieldAction.entitlements */,
			);
			path = ShieldAction;
			sourceTree = "<group>";
		};
/* End PBXGroup section */

/* Begin PBXNativeTarget section */
		7F3785292A07AD650055EAB2 /* sunghoyazaza */ = {
			isa = PBXNativeTarget;
			buildConfigurationList = 7F37854E2A07AD660055EAB2 /* Build configuration list for PBXNativeTarget "sunghoyazaza" */;
			buildPhases = (
				7F3785262A07AD650055EAB2 /* Sources */,
				7F3785272A07AD650055EAB2 /* Frameworks */,
				7F3785282A07AD650055EAB2 /* Resources */,
				A9F0ED6F2A08C2CD006E02B6 /* Embed Foundation Extensions */,
			);
			buildRules = (
			);
			dependencies = (
				B8252EB52A11329700D1B692 /* PBXTargetDependency */,
				B8252EC72A11330900D1B692 /* PBXTargetDependency */,
				B8252ED82A11332100D1B692 /* PBXTargetDependency */,
			);
			name = sunghoyazaza;
			packageProductDependencies = (
				E59D0FED2A0DECF3005C0B05 /* Lottie */,
			);
			productName = sunghoyazaza;
			productReference = 7F37852A2A07AD650055EAB2 /* sunghoyazaza.app */;
			productType = "com.apple.product-type.application";
		};
		7F3785392A07AD660055EAB2 /* sunghoyazazaTests */ = {
			isa = PBXNativeTarget;
			buildConfigurationList = 7F3785512A07AD660055EAB2 /* Build configuration list for PBXNativeTarget "sunghoyazazaTests" */;
			buildPhases = (
				7F3785362A07AD660055EAB2 /* Sources */,
				7F3785372A07AD660055EAB2 /* Frameworks */,
				7F3785382A07AD660055EAB2 /* Resources */,
			);
			buildRules = (
			);
			dependencies = (
				7F37853C2A07AD660055EAB2 /* PBXTargetDependency */,
			);
			name = sunghoyazazaTests;
			productName = sunghoyazazaTests;
			productReference = 7F37853A2A07AD660055EAB2 /* sunghoyazazaTests.xctest */;
			productType = "com.apple.product-type.bundle.unit-test";
		};
		7F3785432A07AD660055EAB2 /* sunghoyazazaUITests */ = {
			isa = PBXNativeTarget;
			buildConfigurationList = 7F3785542A07AD660055EAB2 /* Build configuration list for PBXNativeTarget "sunghoyazazaUITests" */;
			buildPhases = (
				7F3785402A07AD660055EAB2 /* Sources */,
				7F3785412A07AD660055EAB2 /* Frameworks */,
				7F3785422A07AD660055EAB2 /* Resources */,
			);
			buildRules = (
			);
			dependencies = (
				7F3785462A07AD660055EAB2 /* PBXTargetDependency */,
			);
			name = sunghoyazazaUITests;
			productName = sunghoyazazaUITests;
			productReference = 7F3785442A07AD660055EAB2 /* sunghoyazazaUITests.xctest */;
			productType = "com.apple.product-type.bundle.ui-testing";
		};
		B8252EAC2A11329700D1B692 /* DeviceActivityMonitor */ = {
			isa = PBXNativeTarget;
			buildConfigurationList = B8252EB72A11329700D1B692 /* Build configuration list for PBXNativeTarget "DeviceActivityMonitor" */;
			buildPhases = (
				B8252EA92A11329700D1B692 /* Sources */,
				B8252EAA2A11329700D1B692 /* Frameworks */,
				B8252EAB2A11329700D1B692 /* Resources */,
			);
			buildRules = (
			);
			dependencies = (
			);
			name = DeviceActivityMonitor;
			productName = DeviceActivityMonitor;
			productReference = B8252EAD2A11329700D1B692 /* DeviceActivityMonitor.appex */;
			productType = "com.apple.product-type.app-extension";
		};
		B8252EBD2A11330900D1B692 /* ShieldConfiguration */ = {
			isa = PBXNativeTarget;
			buildConfigurationList = B8252EC92A11330900D1B692 /* Build configuration list for PBXNativeTarget "ShieldConfiguration" */;
			buildPhases = (
				B8252EBA2A11330900D1B692 /* Sources */,
				B8252EBB2A11330900D1B692 /* Frameworks */,
				B8252EBC2A11330900D1B692 /* Resources */,
			);
			buildRules = (
			);
			dependencies = (
			);
			name = ShieldConfiguration;
			productName = ShieldConfiguration;
			productReference = B8252EBE2A11330900D1B692 /* ShieldConfiguration.appex */;
			productType = "com.apple.product-type.app-extension";
		};
		B8252ECF2A11332100D1B692 /* ShieldAction */ = {
			isa = PBXNativeTarget;
			buildConfigurationList = B8252EDA2A11332100D1B692 /* Build configuration list for PBXNativeTarget "ShieldAction" */;
			buildPhases = (
				B8252ECC2A11332100D1B692 /* Sources */,
				B8252ECD2A11332100D1B692 /* Frameworks */,
				B8252ECE2A11332100D1B692 /* Resources */,
			);
			buildRules = (
			);
			dependencies = (
			);
			name = ShieldAction;
			productName = ShieldAction;
			productReference = B8252ED02A11332100D1B692 /* ShieldAction.appex */;
			productType = "com.apple.product-type.app-extension";
		};
/* End PBXNativeTarget section */

/* Begin PBXProject section */
		7F3785222A07AD650055EAB2 /* Project object */ = {
			isa = PBXProject;
			attributes = {
				BuildIndependentTargetsInParallel = 1;
				LastSwiftUpdateCheck = 1430;
				LastUpgradeCheck = 1430;
				TargetAttributes = {
					7F3785292A07AD650055EAB2 = {
						CreatedOnToolsVersion = 14.3;
					};
					7F3785392A07AD660055EAB2 = {
						CreatedOnToolsVersion = 14.3;
						TestTargetID = 7F3785292A07AD650055EAB2;
					};
					7F3785432A07AD660055EAB2 = {
						CreatedOnToolsVersion = 14.3;
						TestTargetID = 7F3785292A07AD650055EAB2;
					};
					B8252EAC2A11329700D1B692 = {
						CreatedOnToolsVersion = 14.3;
					};
					B8252EBD2A11330900D1B692 = {
						CreatedOnToolsVersion = 14.3;
					};
					B8252ECF2A11332100D1B692 = {
						CreatedOnToolsVersion = 14.3;
					};
				};
			};
			buildConfigurationList = 7F3785252A07AD650055EAB2 /* Build configuration list for PBXProject "sunghoyazaza" */;
			compatibilityVersion = "Xcode 14.0";
			developmentRegion = en;
			hasScannedForEncodings = 0;
			knownRegions = (
				en,
				Base,
			);
			mainGroup = 7F3785212A07AD650055EAB2;
			packageReferences = (
				E59D0FEC2A0DECF3005C0B05 /* XCRemoteSwiftPackageReference "lottie-ios" */,
			);
			productRefGroup = 7F37852B2A07AD650055EAB2 /* Products */;
			projectDirPath = "";
			projectRoot = "";
			targets = (
				7F3785292A07AD650055EAB2 /* sunghoyazaza */,
				7F3785392A07AD660055EAB2 /* sunghoyazazaTests */,
				7F3785432A07AD660055EAB2 /* sunghoyazazaUITests */,
				B8252EAC2A11329700D1B692 /* DeviceActivityMonitor */,
				B8252EBD2A11330900D1B692 /* ShieldConfiguration */,
				B8252ECF2A11332100D1B692 /* ShieldAction */,
			);
		};
/* End PBXProject section */

/* Begin PBXResourcesBuildPhase section */
		7F3785282A07AD650055EAB2 /* Resources */ = {
			isa = PBXResourcesBuildPhase;
			buildActionMask = 2147483647;
			files = (
				E5E3B08C2A1124CC006C3A48 /* LottieFile.json in Resources */,
				7FBFF44F2A07C5B90069656E /* Assets.xcassets in Resources */,
				7F3785352A07AD660055EAB2 /* Preview Assets.xcassets in Resources */,
			);
			runOnlyForDeploymentPostprocessing = 0;
		};
		7F3785382A07AD660055EAB2 /* Resources */ = {
			isa = PBXResourcesBuildPhase;
			buildActionMask = 2147483647;
			files = (
			);
			runOnlyForDeploymentPostprocessing = 0;
		};
		7F3785422A07AD660055EAB2 /* Resources */ = {
			isa = PBXResourcesBuildPhase;
			buildActionMask = 2147483647;
			files = (
			);
			runOnlyForDeploymentPostprocessing = 0;
		};
		B8252EAB2A11329700D1B692 /* Resources */ = {
			isa = PBXResourcesBuildPhase;
			buildActionMask = 2147483647;
			files = (
			);
			runOnlyForDeploymentPostprocessing = 0;
		};
		B8252EBC2A11330900D1B692 /* Resources */ = {
			isa = PBXResourcesBuildPhase;
			buildActionMask = 2147483647;
			files = (
				A94AF2CD2A11CA3400FDFEA6 /* mustsleep_80.png in Resources */,
			);
			runOnlyForDeploymentPostprocessing = 0;
		};
		B8252ECE2A11332100D1B692 /* Resources */ = {
			isa = PBXResourcesBuildPhase;
			buildActionMask = 2147483647;
			files = (
			);
			runOnlyForDeploymentPostprocessing = 0;
		};
/* End PBXResourcesBuildPhase section */

/* Begin PBXSourcesBuildPhase section */
		7F3785262A07AD650055EAB2 /* Sources */ = {
			isa = PBXSourcesBuildPhase;
			buildActionMask = 2147483647;
			files = (
				7F37852E2A07AD650055EAB2 /* sunghoyazazaApp.swift in Sources */,
				A94AF2CA2A11A0C800FDFEA6 /* initView.swift in Sources */,
				7FBFF4542A07C5B90069656E /* SleepPlanBottomView.swift in Sources */,
				7FBFF4522A07C5B90069656E /* StartPermissionView.swift in Sources */,
				766572142A1115DE00780CA5 /* Array.swift in Sources */,
				A9F0ED982A08CABD006E02B6 /* AppStorageKeyManager.swift in Sources */,
				B813F33F2A0D36D7003E7590 /* ShieldContent.swift in Sources */,
				7FBFF4502A07C5B90069656E /* Font+Extension.swift in Sources */,
				7FEA9E5B2A09D5C80050AA4B /* Onboarding2View.swift in Sources */,
				A94A97DF2A0F7EC40012E8A9 /* Onboarding0VM.swift in Sources */,
				7FBFF4552A07C5B90069656E /* MiddlePermissionView.swift in Sources */,
				7FEA9E572A09D55B0050AA4B /* OnboardingView.swift in Sources */,
				7FBFF4512A07C5B90069656E /* Color+Extension.swift in Sources */,
				7FBFF4572A07C5B90069656E /* CalendarView.swift in Sources */,
				7FBFF4532A07C5B90069656E /* AlertView.swift in Sources */,
				A92CA03D2A0CC2DD0061EEE2 /* CGFloat+Extension.swift in Sources */,
				7F37852E2A07AD650055EAB2 /* sunghoyazazaApp.swift in Sources */,
				7FBFF44D2A07C5B90069656E /* MainVM.swift in Sources */,
				7FBFF4592A07C5EA0069656E /* MainView.swift in Sources */,
				12C3B77E2A0C838A001CF237 /* Onboarding0View.swift in Sources */,
				E59D0FF02A0DED37005C0B05 /* LottieView.swift in Sources */,
				7FBFF44B2A07C5B90069656E /* DateModel.swift in Sources */,
				7FBFF44A2A07C5B90069656E /* BlockApplicationModel.swift in Sources */,
				76CA10BC2A0C1D9400689C42 /* String.swift in Sources */,
				7FBFF44E2A07C5B90069656E /* DateVM.swift in Sources */,
				76CA10BA2A0C1C9F00689C42 /* Date.swift in Sources */,
				A94A97DA2A0F76B40012E8A9 /* ScreenTimeVM.swift in Sources */,
				B8C078FB2A100A8F00E7156F /* DetailView.swift in Sources */,
				A9F0ED5B2A08C209006E02B6 /* NotificationManager.swift in Sources */,
				7FBFF44C2A07C5B90069656E /* MainModel.swift in Sources */,
				12C3B7802A0D0A19001CF237 /* PermissionView.swift in Sources */,
				A9D5C5772A0E6ECC002723F0 /* PermissionViewModel.swift in Sources */,
				7FBFF4492A07C5B90069656E /* DateValue.swift in Sources */,
				766572122A11144200780CA5 /* StringArray.swift in Sources */,
				7FBFF4562A07C5B90069656E /* SleepPlanTopView.swift in Sources */,
			);
			runOnlyForDeploymentPostprocessing = 0;
		};
		7F3785362A07AD660055EAB2 /* Sources */ = {
			isa = PBXSourcesBuildPhase;
			buildActionMask = 2147483647;
			files = (
				7F37853F2A07AD660055EAB2 /* sunghoyazazaTests.swift in Sources */,
				B8252E182A111A4C00D1B692 /* ScreenTimeVM.swift in Sources */,
			);
			runOnlyForDeploymentPostprocessing = 0;
		};
		7F3785402A07AD660055EAB2 /* Sources */ = {
			isa = PBXSourcesBuildPhase;
			buildActionMask = 2147483647;
			files = (
				7F37854B2A07AD660055EAB2 /* sunghoyazazaUITestsLaunchTests.swift in Sources */,
				7F3785492A07AD660055EAB2 /* sunghoyazazaUITests.swift in Sources */,
				B8252E192A111A4C00D1B692 /* ScreenTimeVM.swift in Sources */,
			);
			runOnlyForDeploymentPostprocessing = 0;
		};
		B8252EA92A11329700D1B692 /* Sources */ = {
			isa = PBXSourcesBuildPhase;
			buildActionMask = 2147483647;
			files = (
				B8252EE22A11338000D1B692 /* DateVM.swift in Sources */,
				B8252EE82A11339500D1B692 /* Color+Extension.swift in Sources */,
				B8252F022A1133D900D1B692 /* ShieldContent.swift in Sources */,
				B8252EEB2A11339B00D1B692 /* Date.swift in Sources */,
				B8252EFF2A1133D100D1B692 /* AppStorageKeyManager.swift in Sources */,
				B8252EE52A11338D00D1B692 /* Font+Extension.swift in Sources */,
				B8252EF42A1133AC00D1B692 /* StringArray.swift in Sources */,
				B8252EFA2A1133C200D1B692 /* DateModel.swift in Sources */,
				B8252EFD2A1133CB00D1B692 /* NotificationManager.swift in Sources */,
				B8252EDE2A11337000D1B692 /* ShieldActionExtension.swift in Sources */,
				B8252EF72A1133B200D1B692 /* Array.swift in Sources */,
				B8252EF12A1133A700D1B692 /* CGFloat+Extension.swift in Sources */,
				B8252EB12A11329700D1B692 /* DeviceActivityMonitorExtension.swift in Sources */,
				B8252EEE2A1133A100D1B692 /* String.swift in Sources */,
				B8252EDF2A11337700D1B692 /* ScreenTimeVM.swift in Sources */,
			);
			runOnlyForDeploymentPostprocessing = 0;
		};
		B8252EBA2A11330900D1B692 /* Sources */ = {
			isa = PBXSourcesBuildPhase;
			buildActionMask = 2147483647;
			files = (
				B8252EF62A1133AE00D1B692 /* StringArray.swift in Sources */,
				B8252EF82A1133B300D1B692 /* Array.swift in Sources */,
				B8252EE32A11338000D1B692 /* DateVM.swift in Sources */,
				B8252F002A1133D200D1B692 /* AppStorageKeyManager.swift in Sources */,
				B8252F032A1133DA00D1B692 /* ShieldContent.swift in Sources */,
				B8252EEC2A11339B00D1B692 /* Date.swift in Sources */,
				B8252EF32A1133A700D1B692 /* CGFloat+Extension.swift in Sources */,
				B8252EE92A11339600D1B692 /* Color+Extension.swift in Sources */,
				B8252EC32A11330900D1B692 /* ShieldConfigurationExtension.swift in Sources */,
				B8252EFB2A1133C200D1B692 /* DateModel.swift in Sources */,
				B8252EF02A1133A200D1B692 /* String.swift in Sources */,
				B8252EE62A11338E00D1B692 /* Font+Extension.swift in Sources */,
				B8252EE02A11337800D1B692 /* ScreenTimeVM.swift in Sources */,
			);
			runOnlyForDeploymentPostprocessing = 0;
		};
		B8252ECC2A11332100D1B692 /* Sources */ = {
			isa = PBXSourcesBuildPhase;
			buildActionMask = 2147483647;
			files = (
				B8252EE42A11338000D1B692 /* DateVM.swift in Sources */,
				B8252EEA2A11339600D1B692 /* Color+Extension.swift in Sources */,
				B8252F042A1133DA00D1B692 /* ShieldContent.swift in Sources */,
				B8252EED2A11339C00D1B692 /* Date.swift in Sources */,
				B8252F012A1133D200D1B692 /* AppStorageKeyManager.swift in Sources */,
				B8252EE72A11338E00D1B692 /* Font+Extension.swift in Sources */,
				B8252EF52A1133AC00D1B692 /* StringArray.swift in Sources */,
				B8252EFC2A1133C300D1B692 /* DateModel.swift in Sources */,
				B8252EFE2A1133CC00D1B692 /* NotificationManager.swift in Sources */,
				B8252ED42A11332100D1B692 /* ShieldActionExtension.swift in Sources */,
				B8252EF92A1133B300D1B692 /* Array.swift in Sources */,
				B8252EF22A1133A700D1B692 /* CGFloat+Extension.swift in Sources */,
				B8252EDD2A11336300D1B692 /* DeviceActivityMonitorExtension.swift in Sources */,
				B8252EEF2A1133A200D1B692 /* String.swift in Sources */,
				B8252EE12A11337900D1B692 /* ScreenTimeVM.swift in Sources */,
			);
			runOnlyForDeploymentPostprocessing = 0;
		};
/* End PBXSourcesBuildPhase section */

/* Begin PBXTargetDependency section */
		7F37853C2A07AD660055EAB2 /* PBXTargetDependency */ = {
			isa = PBXTargetDependency;
			target = 7F3785292A07AD650055EAB2 /* sunghoyazaza */;
			targetProxy = 7F37853B2A07AD660055EAB2 /* PBXContainerItemProxy */;
		};
		7F3785462A07AD660055EAB2 /* PBXTargetDependency */ = {
			isa = PBXTargetDependency;
			target = 7F3785292A07AD650055EAB2 /* sunghoyazaza */;
			targetProxy = 7F3785452A07AD660055EAB2 /* PBXContainerItemProxy */;
		};
		B8252EB52A11329700D1B692 /* PBXTargetDependency */ = {
			isa = PBXTargetDependency;
			target = B8252EAC2A11329700D1B692 /* DeviceActivityMonitor */;
			targetProxy = B8252EB42A11329700D1B692 /* PBXContainerItemProxy */;
		};
		B8252EC72A11330900D1B692 /* PBXTargetDependency */ = {
			isa = PBXTargetDependency;
			target = B8252EBD2A11330900D1B692 /* ShieldConfiguration */;
			targetProxy = B8252EC62A11330900D1B692 /* PBXContainerItemProxy */;
		};
		B8252ED82A11332100D1B692 /* PBXTargetDependency */ = {
			isa = PBXTargetDependency;
			target = B8252ECF2A11332100D1B692 /* ShieldAction */;
			targetProxy = B8252ED72A11332100D1B692 /* PBXContainerItemProxy */;
		};
/* End PBXTargetDependency section */

/* Begin XCBuildConfiguration section */
		7F37854C2A07AD660055EAB2 /* Debug */ = {
			isa = XCBuildConfiguration;
			buildSettings = {
				ALWAYS_SEARCH_USER_PATHS = NO;
				CLANG_ANALYZER_NONNULL = YES;
				CLANG_ANALYZER_NUMBER_OBJECT_CONVERSION = YES_AGGRESSIVE;
				CLANG_CXX_LANGUAGE_STANDARD = "gnu++20";
				CLANG_ENABLE_MODULES = YES;
				CLANG_ENABLE_OBJC_ARC = YES;
				CLANG_ENABLE_OBJC_WEAK = YES;
				CLANG_WARN_BLOCK_CAPTURE_AUTORELEASING = YES;
				CLANG_WARN_BOOL_CONVERSION = YES;
				CLANG_WARN_COMMA = YES;
				CLANG_WARN_CONSTANT_CONVERSION = YES;
				CLANG_WARN_DEPRECATED_OBJC_IMPLEMENTATIONS = YES;
				CLANG_WARN_DIRECT_OBJC_ISA_USAGE = YES_ERROR;
				CLANG_WARN_DOCUMENTATION_COMMENTS = YES;
				CLANG_WARN_EMPTY_BODY = YES;
				CLANG_WARN_ENUM_CONVERSION = YES;
				CLANG_WARN_INFINITE_RECURSION = YES;
				CLANG_WARN_INT_CONVERSION = YES;
				CLANG_WARN_NON_LITERAL_NULL_CONVERSION = YES;
				CLANG_WARN_OBJC_IMPLICIT_RETAIN_SELF = YES;
				CLANG_WARN_OBJC_LITERAL_CONVERSION = YES;
				CLANG_WARN_OBJC_ROOT_CLASS = YES_ERROR;
				CLANG_WARN_QUOTED_INCLUDE_IN_FRAMEWORK_HEADER = YES;
				CLANG_WARN_RANGE_LOOP_ANALYSIS = YES;
				CLANG_WARN_STRICT_PROTOTYPES = YES;
				CLANG_WARN_SUSPICIOUS_MOVE = YES;
				CLANG_WARN_UNGUARDED_AVAILABILITY = YES_AGGRESSIVE;
				CLANG_WARN_UNREACHABLE_CODE = YES;
				CLANG_WARN__DUPLICATE_METHOD_MATCH = YES;
				COPY_PHASE_STRIP = NO;
				DEBUG_INFORMATION_FORMAT = dwarf;
				ENABLE_STRICT_OBJC_MSGSEND = YES;
				ENABLE_TESTABILITY = YES;
				GCC_C_LANGUAGE_STANDARD = gnu11;
				GCC_DYNAMIC_NO_PIC = NO;
				GCC_NO_COMMON_BLOCKS = YES;
				GCC_OPTIMIZATION_LEVEL = 0;
				GCC_PREPROCESSOR_DEFINITIONS = (
					"DEBUG=1",
					"$(inherited)",
				);
				GCC_WARN_64_TO_32_BIT_CONVERSION = YES;
				GCC_WARN_ABOUT_RETURN_TYPE = YES_ERROR;
				GCC_WARN_UNDECLARED_SELECTOR = YES;
				GCC_WARN_UNINITIALIZED_AUTOS = YES_AGGRESSIVE;
				GCC_WARN_UNUSED_FUNCTION = YES;
				GCC_WARN_UNUSED_VARIABLE = YES;
				IPHONEOS_DEPLOYMENT_TARGET = 16.0;
				MTL_ENABLE_DEBUG_INFO = INCLUDE_SOURCE;
				MTL_FAST_MATH = YES;
				ONLY_ACTIVE_ARCH = YES;
				SDKROOT = iphoneos;
				SWIFT_ACTIVE_COMPILATION_CONDITIONS = DEBUG;
				SWIFT_OPTIMIZATION_LEVEL = "-Onone";
			};
			name = Debug;
		};
		7F37854D2A07AD660055EAB2 /* Release */ = {
			isa = XCBuildConfiguration;
			buildSettings = {
				ALWAYS_SEARCH_USER_PATHS = NO;
				CLANG_ANALYZER_NONNULL = YES;
				CLANG_ANALYZER_NUMBER_OBJECT_CONVERSION = YES_AGGRESSIVE;
				CLANG_CXX_LANGUAGE_STANDARD = "gnu++20";
				CLANG_ENABLE_MODULES = YES;
				CLANG_ENABLE_OBJC_ARC = YES;
				CLANG_ENABLE_OBJC_WEAK = YES;
				CLANG_WARN_BLOCK_CAPTURE_AUTORELEASING = YES;
				CLANG_WARN_BOOL_CONVERSION = YES;
				CLANG_WARN_COMMA = YES;
				CLANG_WARN_CONSTANT_CONVERSION = YES;
				CLANG_WARN_DEPRECATED_OBJC_IMPLEMENTATIONS = YES;
				CLANG_WARN_DIRECT_OBJC_ISA_USAGE = YES_ERROR;
				CLANG_WARN_DOCUMENTATION_COMMENTS = YES;
				CLANG_WARN_EMPTY_BODY = YES;
				CLANG_WARN_ENUM_CONVERSION = YES;
				CLANG_WARN_INFINITE_RECURSION = YES;
				CLANG_WARN_INT_CONVERSION = YES;
				CLANG_WARN_NON_LITERAL_NULL_CONVERSION = YES;
				CLANG_WARN_OBJC_IMPLICIT_RETAIN_SELF = YES;
				CLANG_WARN_OBJC_LITERAL_CONVERSION = YES;
				CLANG_WARN_OBJC_ROOT_CLASS = YES_ERROR;
				CLANG_WARN_QUOTED_INCLUDE_IN_FRAMEWORK_HEADER = YES;
				CLANG_WARN_RANGE_LOOP_ANALYSIS = YES;
				CLANG_WARN_STRICT_PROTOTYPES = YES;
				CLANG_WARN_SUSPICIOUS_MOVE = YES;
				CLANG_WARN_UNGUARDED_AVAILABILITY = YES_AGGRESSIVE;
				CLANG_WARN_UNREACHABLE_CODE = YES;
				CLANG_WARN__DUPLICATE_METHOD_MATCH = YES;
				COPY_PHASE_STRIP = NO;
				DEBUG_INFORMATION_FORMAT = "dwarf-with-dsym";
				ENABLE_NS_ASSERTIONS = NO;
				ENABLE_STRICT_OBJC_MSGSEND = YES;
				GCC_C_LANGUAGE_STANDARD = gnu11;
				GCC_NO_COMMON_BLOCKS = YES;
				GCC_WARN_64_TO_32_BIT_CONVERSION = YES;
				GCC_WARN_ABOUT_RETURN_TYPE = YES_ERROR;
				GCC_WARN_UNDECLARED_SELECTOR = YES;
				GCC_WARN_UNINITIALIZED_AUTOS = YES_AGGRESSIVE;
				GCC_WARN_UNUSED_FUNCTION = YES;
				GCC_WARN_UNUSED_VARIABLE = YES;
				IPHONEOS_DEPLOYMENT_TARGET = 16.0;
				MTL_ENABLE_DEBUG_INFO = NO;
				MTL_FAST_MATH = YES;
				SDKROOT = iphoneos;
				SWIFT_COMPILATION_MODE = wholemodule;
				SWIFT_OPTIMIZATION_LEVEL = "-O";
				VALIDATE_PRODUCT = YES;
			};
			name = Release;
		};
		7F37854F2A07AD660055EAB2 /* Debug */ = {
			isa = XCBuildConfiguration;
			buildSettings = {
				ALWAYS_EMBED_SWIFT_STANDARD_LIBRARIES = YES;
				ASSETCATALOG_COMPILER_APPICON_NAME = AppIcon;
				ASSETCATALOG_COMPILER_GLOBAL_ACCENT_COLOR_NAME = AccentColor;
				CODE_SIGN_ENTITLEMENTS = sunghoyazaza/sunghoyazazaDebug.entitlements;
				CODE_SIGN_STYLE = Automatic;
				CURRENT_PROJECT_VERSION = 1;
				DEVELOPMENT_ASSET_PATHS = "\"sunghoyazaza/Preview Content\"";
				DEVELOPMENT_TEAM = V7Y39HNV38;
				ENABLE_PREVIEWS = YES;
				GENERATE_INFOPLIST_FILE = YES;
				INFOPLIST_FILE = sunghoyazaza/Info.plist;
				INFOPLIST_KEY_CFBundleDisplayName = "머스트슬립";
				INFOPLIST_KEY_LSApplicationCategoryType = "public.app-category.lifestyle";
				INFOPLIST_KEY_UIApplicationSceneManifest_Generation = YES;
				INFOPLIST_KEY_UIApplicationSupportsIndirectInputEvents = YES;
				INFOPLIST_KEY_UISupportedInterfaceOrientations = UIInterfaceOrientationPortrait;
				IPHONEOS_DEPLOYMENT_TARGET = 16.0;
				LD_RUNPATH_SEARCH_PATHS = (
					"$(inherited)",
					"@executable_path/Frameworks",
				);
				MARKETING_VERSION = 1.0;
				PRODUCT_BUNDLE_IDENTIFIER = coffee.com.sunghoyazaza;
				PRODUCT_NAME = "$(TARGET_NAME)";
				SWIFT_EMIT_LOC_STRINGS = YES;
				SWIFT_VERSION = 5.0;
				TARGETED_DEVICE_FAMILY = "1,2";
			};
			name = Debug;
		};
		7F3785502A07AD660055EAB2 /* Release */ = {
			isa = XCBuildConfiguration;
			buildSettings = {
				ALWAYS_EMBED_SWIFT_STANDARD_LIBRARIES = YES;
				ASSETCATALOG_COMPILER_APPICON_NAME = AppIcon;
				ASSETCATALOG_COMPILER_GLOBAL_ACCENT_COLOR_NAME = AccentColor;
				CODE_SIGN_ENTITLEMENTS = sunghoyazaza/sunghoyazaza.entitlements;
				CODE_SIGN_STYLE = Automatic;
				CURRENT_PROJECT_VERSION = 1;
				DEVELOPMENT_ASSET_PATHS = "\"sunghoyazaza/Preview Content\"";
				DEVELOPMENT_TEAM = V7Y39HNV38;
				ENABLE_PREVIEWS = YES;
				GENERATE_INFOPLIST_FILE = YES;
				INFOPLIST_FILE = sunghoyazaza/Info.plist;
				INFOPLIST_KEY_CFBundleDisplayName = "머스트슬립";
				INFOPLIST_KEY_LSApplicationCategoryType = "public.app-category.lifestyle";
				INFOPLIST_KEY_UIApplicationSceneManifest_Generation = YES;
				INFOPLIST_KEY_UIApplicationSupportsIndirectInputEvents = YES;
				INFOPLIST_KEY_UISupportedInterfaceOrientations = UIInterfaceOrientationPortrait;
				IPHONEOS_DEPLOYMENT_TARGET = 16.0;
				LD_RUNPATH_SEARCH_PATHS = (
					"$(inherited)",
					"@executable_path/Frameworks",
				);
				MARKETING_VERSION = 1.0;
				PRODUCT_BUNDLE_IDENTIFIER = coffee.com.sunghoyazaza;
				PRODUCT_NAME = "$(TARGET_NAME)";
				SWIFT_EMIT_LOC_STRINGS = YES;
				SWIFT_VERSION = 5.0;
				TARGETED_DEVICE_FAMILY = "1,2";
			};
			name = Release;
		};
		7F3785522A07AD660055EAB2 /* Debug */ = {
			isa = XCBuildConfiguration;
			buildSettings = {
				ALWAYS_EMBED_SWIFT_STANDARD_LIBRARIES = YES;
				BUNDLE_LOADER = "$(TEST_HOST)";
				CODE_SIGN_STYLE = Automatic;
				CURRENT_PROJECT_VERSION = 1;
				DEVELOPMENT_TEAM = V7Y39HNV38;
				GENERATE_INFOPLIST_FILE = YES;
				IPHONEOS_DEPLOYMENT_TARGET = 16.4;
				MARKETING_VERSION = 1.0;
				PRODUCT_BUNDLE_IDENTIFIER = coffee.com.sunghoyazazaTest;
				PRODUCT_NAME = "$(TARGET_NAME)";
				SWIFT_EMIT_LOC_STRINGS = NO;
				SWIFT_VERSION = 5.0;
				TARGETED_DEVICE_FAMILY = "1,2";
				TEST_HOST = "$(BUILT_PRODUCTS_DIR)/sunghoyazaza.app/$(BUNDLE_EXECUTABLE_FOLDER_PATH)/sunghoyazaza";
			};
			name = Debug;
		};
		7F3785532A07AD660055EAB2 /* Release */ = {
			isa = XCBuildConfiguration;
			buildSettings = {
				ALWAYS_EMBED_SWIFT_STANDARD_LIBRARIES = YES;
				BUNDLE_LOADER = "$(TEST_HOST)";
				CODE_SIGN_STYLE = Automatic;
				CURRENT_PROJECT_VERSION = 1;
				DEVELOPMENT_TEAM = V7Y39HNV38;
				GENERATE_INFOPLIST_FILE = YES;
				IPHONEOS_DEPLOYMENT_TARGET = 16.4;
				MARKETING_VERSION = 1.0;
				PRODUCT_BUNDLE_IDENTIFIER = coffee.com.sunghoyazazaTest;
				PRODUCT_NAME = "$(TARGET_NAME)";
				SWIFT_EMIT_LOC_STRINGS = NO;
				SWIFT_VERSION = 5.0;
				TARGETED_DEVICE_FAMILY = "1,2";
				TEST_HOST = "$(BUILT_PRODUCTS_DIR)/sunghoyazaza.app/$(BUNDLE_EXECUTABLE_FOLDER_PATH)/sunghoyazaza";
			};
			name = Release;
		};
		7F3785552A07AD660055EAB2 /* Debug */ = {
			isa = XCBuildConfiguration;
			buildSettings = {
				ALWAYS_EMBED_SWIFT_STANDARD_LIBRARIES = YES;
				CODE_SIGN_STYLE = Automatic;
				CURRENT_PROJECT_VERSION = 1;
				DEVELOPMENT_TEAM = V7Y39HNV38;
				GENERATE_INFOPLIST_FILE = YES;
				MARKETING_VERSION = 1.0;
				PRODUCT_BUNDLE_IDENTIFIER = coffee.com.sunghoyazazaUITest;
				PRODUCT_NAME = "$(TARGET_NAME)";
				SWIFT_EMIT_LOC_STRINGS = NO;
				SWIFT_VERSION = 5.0;
				TARGETED_DEVICE_FAMILY = "1,2";
				TEST_TARGET_NAME = sunghoyazaza;
			};
			name = Debug;
		};
		7F3785562A07AD660055EAB2 /* Release */ = {
			isa = XCBuildConfiguration;
			buildSettings = {
				ALWAYS_EMBED_SWIFT_STANDARD_LIBRARIES = YES;
				CODE_SIGN_STYLE = Automatic;
				CURRENT_PROJECT_VERSION = 1;
				DEVELOPMENT_TEAM = V7Y39HNV38;
				GENERATE_INFOPLIST_FILE = YES;
				MARKETING_VERSION = 1.0;
				PRODUCT_BUNDLE_IDENTIFIER = coffee.com.sunghoyazazaUITest;
				PRODUCT_NAME = "$(TARGET_NAME)";
				SWIFT_EMIT_LOC_STRINGS = NO;
				SWIFT_VERSION = 5.0;
				TARGETED_DEVICE_FAMILY = "1,2";
				TEST_TARGET_NAME = sunghoyazaza;
			};
			name = Release;
		};
		B8252EB82A11329700D1B692 /* Debug */ = {
			isa = XCBuildConfiguration;
			buildSettings = {
				CODE_SIGN_ENTITLEMENTS = DeviceActivityMonitor/DeviceActivityMonitorDebug.entitlements;
				CODE_SIGN_STYLE = Automatic;
				CURRENT_PROJECT_VERSION = 1;
				DEVELOPMENT_TEAM = V7Y39HNV38;
				GENERATE_INFOPLIST_FILE = YES;
				INFOPLIST_FILE = DeviceActivityMonitor/Info.plist;
				INFOPLIST_KEY_CFBundleDisplayName = DeviceActivityMonitor;
				INFOPLIST_KEY_NSHumanReadableCopyright = "";
				IPHONEOS_DEPLOYMENT_TARGET = 16.4;
				LD_RUNPATH_SEARCH_PATHS = (
					"$(inherited)",
					"@executable_path/Frameworks",
					"@executable_path/../../Frameworks",
				);
				MARKETING_VERSION = 1.0;
				PRODUCT_BUNDLE_IDENTIFIER = coffee.com.sunghoyazaza.DeviceActivityMonitor;
				PRODUCT_NAME = "$(TARGET_NAME)";
				SKIP_INSTALL = YES;
				SWIFT_EMIT_LOC_STRINGS = YES;
				SWIFT_VERSION = 5.0;
				TARGETED_DEVICE_FAMILY = "1,2";
			};
			name = Debug;
		};
		B8252EB92A11329700D1B692 /* Release */ = {
			isa = XCBuildConfiguration;
			buildSettings = {
				CODE_SIGN_ENTITLEMENTS = DeviceActivityMonitor/DeviceActivityMonitor.entitlements;
				CODE_SIGN_STYLE = Automatic;
				CURRENT_PROJECT_VERSION = 1;
				DEVELOPMENT_TEAM = V7Y39HNV38;
				GENERATE_INFOPLIST_FILE = YES;
				INFOPLIST_FILE = DeviceActivityMonitor/Info.plist;
				INFOPLIST_KEY_CFBundleDisplayName = DeviceActivityMonitor;
				INFOPLIST_KEY_NSHumanReadableCopyright = "";
				IPHONEOS_DEPLOYMENT_TARGET = 16.4;
				LD_RUNPATH_SEARCH_PATHS = (
					"$(inherited)",
					"@executable_path/Frameworks",
					"@executable_path/../../Frameworks",
				);
				MARKETING_VERSION = 1.0;
				PRODUCT_BUNDLE_IDENTIFIER = coffee.com.sunghoyazaza.DeviceActivityMonitor;
				PRODUCT_NAME = "$(TARGET_NAME)";
				SKIP_INSTALL = YES;
				SWIFT_EMIT_LOC_STRINGS = YES;
				SWIFT_VERSION = 5.0;
				TARGETED_DEVICE_FAMILY = "1,2";
			};
			name = Release;
		};
		B8252ECA2A11330900D1B692 /* Debug */ = {
			isa = XCBuildConfiguration;
			buildSettings = {
				CODE_SIGN_ENTITLEMENTS = ShieldConfiguration/ShieldConfigurationDebug.entitlements;
				CODE_SIGN_STYLE = Automatic;
				CURRENT_PROJECT_VERSION = 1;
				DEVELOPMENT_TEAM = V7Y39HNV38;
				GENERATE_INFOPLIST_FILE = YES;
				INFOPLIST_FILE = ShieldConfiguration/Info.plist;
				INFOPLIST_KEY_CFBundleDisplayName = ShieldConfiguration;
				INFOPLIST_KEY_NSHumanReadableCopyright = "";
				IPHONEOS_DEPLOYMENT_TARGET = 16.4;
				LD_RUNPATH_SEARCH_PATHS = (
					"$(inherited)",
					"@executable_path/Frameworks",
					"@executable_path/../../Frameworks",
				);
				MARKETING_VERSION = 1.0;
				PRODUCT_BUNDLE_IDENTIFIER = coffee.com.sunghoyazaza.ShieldConfiguration;
				PRODUCT_NAME = "$(TARGET_NAME)";
				SKIP_INSTALL = YES;
				SWIFT_EMIT_LOC_STRINGS = YES;
				SWIFT_VERSION = 5.0;
				TARGETED_DEVICE_FAMILY = "1,2";
			};
			name = Debug;
		};
		B8252ECB2A11330900D1B692 /* Release */ = {
			isa = XCBuildConfiguration;
			buildSettings = {
				CODE_SIGN_ENTITLEMENTS = ShieldConfiguration/ShieldConfiguration.entitlements;
				CODE_SIGN_STYLE = Automatic;
				CURRENT_PROJECT_VERSION = 1;
				DEVELOPMENT_TEAM = V7Y39HNV38;
				GENERATE_INFOPLIST_FILE = YES;
				INFOPLIST_FILE = ShieldConfiguration/Info.plist;
				INFOPLIST_KEY_CFBundleDisplayName = ShieldConfiguration;
				INFOPLIST_KEY_NSHumanReadableCopyright = "";
				IPHONEOS_DEPLOYMENT_TARGET = 16.4;
				LD_RUNPATH_SEARCH_PATHS = (
					"$(inherited)",
					"@executable_path/Frameworks",
					"@executable_path/../../Frameworks",
				);
				MARKETING_VERSION = 1.0;
				PRODUCT_BUNDLE_IDENTIFIER = coffee.com.sunghoyazaza.ShieldConfiguration;
				PRODUCT_NAME = "$(TARGET_NAME)";
				SKIP_INSTALL = YES;
				SWIFT_EMIT_LOC_STRINGS = YES;
				SWIFT_VERSION = 5.0;
				TARGETED_DEVICE_FAMILY = "1,2";
			};
			name = Release;
		};
		B8252EDB2A11332100D1B692 /* Debug */ = {
			isa = XCBuildConfiguration;
			buildSettings = {
				CODE_SIGN_ENTITLEMENTS = ShieldAction/ShieldActionDebug.entitlements;
				CODE_SIGN_STYLE = Automatic;
				CURRENT_PROJECT_VERSION = 1;
				DEVELOPMENT_TEAM = V7Y39HNV38;
				GENERATE_INFOPLIST_FILE = YES;
				INFOPLIST_FILE = ShieldAction/Info.plist;
				INFOPLIST_KEY_CFBundleDisplayName = ShieldAction;
				INFOPLIST_KEY_NSHumanReadableCopyright = "";
				IPHONEOS_DEPLOYMENT_TARGET = 16.4;
				LD_RUNPATH_SEARCH_PATHS = (
					"$(inherited)",
					"@executable_path/Frameworks",
					"@executable_path/../../Frameworks",
				);
				MARKETING_VERSION = 1.0;
				PRODUCT_BUNDLE_IDENTIFIER = coffee.com.sunghoyazaza.ShieldAction;
				PRODUCT_NAME = "$(TARGET_NAME)";
				SKIP_INSTALL = YES;
				SWIFT_EMIT_LOC_STRINGS = YES;
				SWIFT_VERSION = 5.0;
				TARGETED_DEVICE_FAMILY = "1,2";
			};
			name = Debug;
		};
		B8252EDC2A11332100D1B692 /* Release */ = {
			isa = XCBuildConfiguration;
			buildSettings = {
				CODE_SIGN_ENTITLEMENTS = ShieldAction/ShieldAction.entitlements;
				CODE_SIGN_STYLE = Automatic;
				CURRENT_PROJECT_VERSION = 1;
				DEVELOPMENT_TEAM = V7Y39HNV38;
				GENERATE_INFOPLIST_FILE = YES;
				INFOPLIST_FILE = ShieldAction/Info.plist;
				INFOPLIST_KEY_CFBundleDisplayName = ShieldAction;
				INFOPLIST_KEY_NSHumanReadableCopyright = "";
				IPHONEOS_DEPLOYMENT_TARGET = 16.4;
				LD_RUNPATH_SEARCH_PATHS = (
					"$(inherited)",
					"@executable_path/Frameworks",
					"@executable_path/../../Frameworks",
				);
				MARKETING_VERSION = 1.0;
				PRODUCT_BUNDLE_IDENTIFIER = coffee.com.sunghoyazaza.ShieldAction;
				PRODUCT_NAME = "$(TARGET_NAME)";
				SKIP_INSTALL = YES;
				SWIFT_EMIT_LOC_STRINGS = YES;
				SWIFT_VERSION = 5.0;
				TARGETED_DEVICE_FAMILY = "1,2";
			};
			name = Release;
		};
/* End XCBuildConfiguration section */

/* Begin XCConfigurationList section */
		7F3785252A07AD650055EAB2 /* Build configuration list for PBXProject "sunghoyazaza" */ = {
			isa = XCConfigurationList;
			buildConfigurations = (
				7F37854C2A07AD660055EAB2 /* Debug */,
				7F37854D2A07AD660055EAB2 /* Release */,
			);
			defaultConfigurationIsVisible = 0;
			defaultConfigurationName = Release;
		};
		7F37854E2A07AD660055EAB2 /* Build configuration list for PBXNativeTarget "sunghoyazaza" */ = {
			isa = XCConfigurationList;
			buildConfigurations = (
				7F37854F2A07AD660055EAB2 /* Debug */,
				7F3785502A07AD660055EAB2 /* Release */,
			);
			defaultConfigurationIsVisible = 0;
			defaultConfigurationName = Release;
		};
		7F3785512A07AD660055EAB2 /* Build configuration list for PBXNativeTarget "sunghoyazazaTests" */ = {
			isa = XCConfigurationList;
			buildConfigurations = (
				7F3785522A07AD660055EAB2 /* Debug */,
				7F3785532A07AD660055EAB2 /* Release */,
			);
			defaultConfigurationIsVisible = 0;
			defaultConfigurationName = Release;
		};
		7F3785542A07AD660055EAB2 /* Build configuration list for PBXNativeTarget "sunghoyazazaUITests" */ = {
			isa = XCConfigurationList;
			buildConfigurations = (
				7F3785552A07AD660055EAB2 /* Debug */,
				7F3785562A07AD660055EAB2 /* Release */,
			);
			defaultConfigurationIsVisible = 0;
			defaultConfigurationName = Release;
		};
		B8252EB72A11329700D1B692 /* Build configuration list for PBXNativeTarget "DeviceActivityMonitor" */ = {
			isa = XCConfigurationList;
			buildConfigurations = (
				B8252EB82A11329700D1B692 /* Debug */,
				B8252EB92A11329700D1B692 /* Release */,
			);
			defaultConfigurationIsVisible = 0;
			defaultConfigurationName = Release;
		};
		B8252EC92A11330900D1B692 /* Build configuration list for PBXNativeTarget "ShieldConfiguration" */ = {
			isa = XCConfigurationList;
			buildConfigurations = (
				B8252ECA2A11330900D1B692 /* Debug */,
				B8252ECB2A11330900D1B692 /* Release */,
			);
			defaultConfigurationIsVisible = 0;
			defaultConfigurationName = Release;
		};
		B8252EDA2A11332100D1B692 /* Build configuration list for PBXNativeTarget "ShieldAction" */ = {
			isa = XCConfigurationList;
			buildConfigurations = (
				B8252EDB2A11332100D1B692 /* Debug */,
				B8252EDC2A11332100D1B692 /* Release */,
			);
			defaultConfigurationIsVisible = 0;
			defaultConfigurationName = Release;
		};
/* End XCConfigurationList section */

/* Begin XCRemoteSwiftPackageReference section */
		E59D0FEC2A0DECF3005C0B05 /* XCRemoteSwiftPackageReference "lottie-ios" */ = {
			isa = XCRemoteSwiftPackageReference;
			repositoryURL = "https://github.com/airbnb/lottie-ios.git";
			requirement = {
				kind = upToNextMajorVersion;
				minimumVersion = 4.0.0;
			};
		};
/* End XCRemoteSwiftPackageReference section */

/* Begin XCSwiftPackageProductDependency section */
		E59D0FED2A0DECF3005C0B05 /* Lottie */ = {
			isa = XCSwiftPackageProductDependency;
			package = E59D0FEC2A0DECF3005C0B05 /* XCRemoteSwiftPackageReference "lottie-ios" */;
			productName = Lottie;
		};
/* End XCSwiftPackageProductDependency section */
	};
	rootObject = 7F3785222A07AD650055EAB2 /* Project object */;
}
