// !$*UTF8*$!
{
	archiveVersion = 1;
	classes = {
	};
	objectVersion = 56;
	objects = {

/* Begin PBXBuildFile section */
		12C3B77E2A0C838A001CF237 /* Onboarding0View.swift in Sources */ = {isa = PBXBuildFile; fileRef = 12C3B77D2A0C838A001CF237 /* Onboarding0View.swift */; };
		12C3B7802A0D0A19001CF237 /* PermissionView.swift in Sources */ = {isa = PBXBuildFile; fileRef = 12C3B77F2A0D0A19001CF237 /* PermissionView.swift */; };
		76CA10BA2A0C1C9F00689C42 /* Date.swift in Sources */ = {isa = PBXBuildFile; fileRef = 76CA10B92A0C1C9F00689C42 /* Date.swift */; };
		76CA10BC2A0C1D9400689C42 /* String.swift in Sources */ = {isa = PBXBuildFile; fileRef = 76CA10BB2A0C1D9400689C42 /* String.swift */; };
		76CA10BD2A0E774700689C42 /* DateVM.swift in Sources */ = {isa = PBXBuildFile; fileRef = 7FBFF43D2A07C5B90069656E /* DateVM.swift */; };
		76CA10BE2A0E776D00689C42 /* DateVM.swift in Sources */ = {isa = PBXBuildFile; fileRef = 7FBFF43D2A07C5B90069656E /* DateVM.swift */; };
		76CA10BF2A0E776E00689C42 /* DateVM.swift in Sources */ = {isa = PBXBuildFile; fileRef = 7FBFF43D2A07C5B90069656E /* DateVM.swift */; };
		76CA10C12A0E77AE00689C42 /* DateModel.swift in Sources */ = {isa = PBXBuildFile; fileRef = 7FBFF4392A07C5B90069656E /* DateModel.swift */; };
		76CA10C22A0E77BE00689C42 /* String.swift in Sources */ = {isa = PBXBuildFile; fileRef = 76CA10BB2A0C1D9400689C42 /* String.swift */; };
		76CA10C32A0E77C200689C42 /* Date.swift in Sources */ = {isa = PBXBuildFile; fileRef = 76CA10B92A0C1C9F00689C42 /* Date.swift */; };
		76CA10C62A0E787500689C42 /* String.swift in Sources */ = {isa = PBXBuildFile; fileRef = 76CA10BB2A0C1D9400689C42 /* String.swift */; };
		76CA10C72A0E787600689C42 /* String.swift in Sources */ = {isa = PBXBuildFile; fileRef = 76CA10BB2A0C1D9400689C42 /* String.swift */; };
		7F37852E2A07AD650055EAB2 /* sunghoyazazaApp.swift in Sources */ = {isa = PBXBuildFile; fileRef = 7F37852D2A07AD650055EAB2 /* sunghoyazazaApp.swift */; };
		7F3785352A07AD660055EAB2 /* Preview Assets.xcassets in Resources */ = {isa = PBXBuildFile; fileRef = 7F3785342A07AD660055EAB2 /* Preview Assets.xcassets */; };
		7F37853F2A07AD660055EAB2 /* sunghoyazazaTests.swift in Sources */ = {isa = PBXBuildFile; fileRef = 7F37853E2A07AD660055EAB2 /* sunghoyazazaTests.swift */; };
		7F3785492A07AD660055EAB2 /* sunghoyazazaUITests.swift in Sources */ = {isa = PBXBuildFile; fileRef = 7F3785482A07AD660055EAB2 /* sunghoyazazaUITests.swift */; };
		7F37854B2A07AD660055EAB2 /* sunghoyazazaUITestsLaunchTests.swift in Sources */ = {isa = PBXBuildFile; fileRef = 7F37854A2A07AD660055EAB2 /* sunghoyazazaUITestsLaunchTests.swift */; };
		7FBFF4492A07C5B90069656E /* DateValue.swift in Sources */ = {isa = PBXBuildFile; fileRef = 7FBFF4372A07C5B90069656E /* DateValue.swift */; };
		7FBFF44A2A07C5B90069656E /* BlockApplicationModel.swift in Sources */ = {isa = PBXBuildFile; fileRef = 7FBFF4382A07C5B90069656E /* BlockApplicationModel.swift */; };
		7FBFF44B2A07C5B90069656E /* DateModel.swift in Sources */ = {isa = PBXBuildFile; fileRef = 7FBFF4392A07C5B90069656E /* DateModel.swift */; };
		7FBFF44C2A07C5B90069656E /* MainModel.swift in Sources */ = {isa = PBXBuildFile; fileRef = 7FBFF43A2A07C5B90069656E /* MainModel.swift */; };
		7FBFF44D2A07C5B90069656E /* MainVM.swift in Sources */ = {isa = PBXBuildFile; fileRef = 7FBFF43C2A07C5B90069656E /* MainVM.swift */; };
		7FBFF44E2A07C5B90069656E /* DateVM.swift in Sources */ = {isa = PBXBuildFile; fileRef = 7FBFF43D2A07C5B90069656E /* DateVM.swift */; };
		7FBFF44F2A07C5B90069656E /* Assets.xcassets in Resources */ = {isa = PBXBuildFile; fileRef = 7FBFF43F2A07C5B90069656E /* Assets.xcassets */; };
		7FBFF4502A07C5B90069656E /* Font+Extension.swift in Sources */ = {isa = PBXBuildFile; fileRef = 7FBFF4402A07C5B90069656E /* Font+Extension.swift */; };
		7FBFF4512A07C5B90069656E /* Color+Extension.swift in Sources */ = {isa = PBXBuildFile; fileRef = 7FBFF4412A07C5B90069656E /* Color+Extension.swift */; };
		7FBFF4522A07C5B90069656E /* StartPermissionView.swift in Sources */ = {isa = PBXBuildFile; fileRef = 7FBFF4432A07C5B90069656E /* StartPermissionView.swift */; };
		7FBFF4532A07C5B90069656E /* AlertView.swift in Sources */ = {isa = PBXBuildFile; fileRef = 7FBFF4442A07C5B90069656E /* AlertView.swift */; };
		7FBFF4542A07C5B90069656E /* SleepPlanBottomView.swift in Sources */ = {isa = PBXBuildFile; fileRef = 7FBFF4452A07C5B90069656E /* SleepPlanBottomView.swift */; };
		7FBFF4552A07C5B90069656E /* MiddlePermissionView.swift in Sources */ = {isa = PBXBuildFile; fileRef = 7FBFF4462A07C5B90069656E /* MiddlePermissionView.swift */; };
		7FBFF4562A07C5B90069656E /* SleepPlanTopView.swift in Sources */ = {isa = PBXBuildFile; fileRef = 7FBFF4472A07C5B90069656E /* SleepPlanTopView.swift */; };
		7FBFF4572A07C5B90069656E /* CalendarView.swift in Sources */ = {isa = PBXBuildFile; fileRef = 7FBFF4482A07C5B90069656E /* CalendarView.swift */; };
		7FBFF4592A07C5EA0069656E /* MainView.swift in Sources */ = {isa = PBXBuildFile; fileRef = 7FBFF4582A07C5EA0069656E /* MainView.swift */; };
		7FEA9E572A09D55B0050AA4B /* OnboardingView.swift in Sources */ = {isa = PBXBuildFile; fileRef = 7FEA9E562A09D55B0050AA4B /* OnboardingView.swift */; };
		7FEA9E5B2A09D5C80050AA4B /* Onboarding2View.swift in Sources */ = {isa = PBXBuildFile; fileRef = 7FEA9E5A2A09D5C80050AA4B /* Onboarding2View.swift */; };
		7FEA9E5D2A09E0610050AA4B /* DetailView.swift in Sources */ = {isa = PBXBuildFile; fileRef = 7FEA9E5C2A09E0610050AA4B /* DetailView.swift */; };
		A92CA03D2A0CC2DD0061EEE2 /* CGFloat+Extension.swift in Sources */ = {isa = PBXBuildFile; fileRef = A92CA03C2A0CC2DD0061EEE2 /* CGFloat+Extension.swift */; };
		A92CA03E2A0CC8FE0061EEE2 /* Font+Extension.swift in Sources */ = {isa = PBXBuildFile; fileRef = 7FBFF4402A07C5B90069656E /* Font+Extension.swift */; };
		A92CA03F2A0CC8FF0061EEE2 /* Font+Extension.swift in Sources */ = {isa = PBXBuildFile; fileRef = 7FBFF4402A07C5B90069656E /* Font+Extension.swift */; };
		A92CA0402A0CC8FF0061EEE2 /* Font+Extension.swift in Sources */ = {isa = PBXBuildFile; fileRef = 7FBFF4402A07C5B90069656E /* Font+Extension.swift */; };
		A92CA0412A0CC9020061EEE2 /* Color+Extension.swift in Sources */ = {isa = PBXBuildFile; fileRef = 7FBFF4412A07C5B90069656E /* Color+Extension.swift */; };
		A92CA0422A0CC9030061EEE2 /* Color+Extension.swift in Sources */ = {isa = PBXBuildFile; fileRef = 7FBFF4412A07C5B90069656E /* Color+Extension.swift */; };
		A92CA0432A0CC9030061EEE2 /* Color+Extension.swift in Sources */ = {isa = PBXBuildFile; fileRef = 7FBFF4412A07C5B90069656E /* Color+Extension.swift */; };
		A92CA0442A0CC9060061EEE2 /* CGFloat+Extension.swift in Sources */ = {isa = PBXBuildFile; fileRef = A92CA03C2A0CC2DD0061EEE2 /* CGFloat+Extension.swift */; };
		A92CA0452A0CC9070061EEE2 /* CGFloat+Extension.swift in Sources */ = {isa = PBXBuildFile; fileRef = A92CA03C2A0CC2DD0061EEE2 /* CGFloat+Extension.swift */; };
		A92CA0462A0CC9080061EEE2 /* CGFloat+Extension.swift in Sources */ = {isa = PBXBuildFile; fileRef = A92CA03C2A0CC2DD0061EEE2 /* CGFloat+Extension.swift */; };
		A94A97DA2A0F76B40012E8A9 /* ScreenTimeVM.swift in Sources */ = {isa = PBXBuildFile; fileRef = A94A97D92A0F76B40012E8A9 /* ScreenTimeVM.swift */; };
		A94A97DB2A0F76FA0012E8A9 /* ScreenTimeVM.swift in Sources */ = {isa = PBXBuildFile; fileRef = A94A97D92A0F76B40012E8A9 /* ScreenTimeVM.swift */; };
		A94A97DC2A0F76FB0012E8A9 /* ScreenTimeVM.swift in Sources */ = {isa = PBXBuildFile; fileRef = A94A97D92A0F76B40012E8A9 /* ScreenTimeVM.swift */; };
		A94A97DD2A0F76FB0012E8A9 /* ScreenTimeVM.swift in Sources */ = {isa = PBXBuildFile; fileRef = A94A97D92A0F76B40012E8A9 /* ScreenTimeVM.swift */; };
		A94A97DF2A0F7EC40012E8A9 /* Onboarding0VM.swift in Sources */ = {isa = PBXBuildFile; fileRef = A94A97DE2A0F7EC40012E8A9 /* Onboarding0VM.swift */; };
		A9D5C5732A0DD2DD002723F0 /* ShieldContent.swift in Sources */ = {isa = PBXBuildFile; fileRef = B813F33E2A0D36D7003E7590 /* ShieldContent.swift */; };
		A9D5C5742A0DD2DE002723F0 /* ShieldContent.swift in Sources */ = {isa = PBXBuildFile; fileRef = B813F33E2A0D36D7003E7590 /* ShieldContent.swift */; };
		A9D5C5752A0DD2DF002723F0 /* ShieldContent.swift in Sources */ = {isa = PBXBuildFile; fileRef = B813F33E2A0D36D7003E7590 /* ShieldContent.swift */; };
		A9D5C5772A0E6ECC002723F0 /* PermissionViewModel.swift in Sources */ = {isa = PBXBuildFile; fileRef = A9D5C5762A0E6ECC002723F0 /* PermissionViewModel.swift */; };
		A9F0ED5B2A08C209006E02B6 /* NotificationManager.swift in Sources */ = {isa = PBXBuildFile; fileRef = A9F0ED5A2A08C209006E02B6 /* NotificationManager.swift */; };
		A9F0ED632A08C2CD006E02B6 /* DeviceActivity.framework in Frameworks */ = {isa = PBXBuildFile; fileRef = A9F0ED622A08C2CD006E02B6 /* DeviceActivity.framework */; };
		A9F0ED662A08C2CD006E02B6 /* DeviceActivityMonitorExtension.swift in Sources */ = {isa = PBXBuildFile; fileRef = A9F0ED652A08C2CD006E02B6 /* DeviceActivityMonitorExtension.swift */; };
		A9F0ED6B2A08C2CD006E02B6 /* DeviceActivityMonitor.appex in Embed Foundation Extensions */ = {isa = PBXBuildFile; fileRef = A9F0ED602A08C2CD006E02B6 /* DeviceActivityMonitor.appex */; settings = {ATTRIBUTES = (RemoveHeadersOnCopy, ); }; };
		A9F0ED762A08C48E006E02B6 /* ManagedSettings.framework in Frameworks */ = {isa = PBXBuildFile; fileRef = A9F0ED752A08C48E006E02B6 /* ManagedSettings.framework */; };
		A9F0ED782A08C48E006E02B6 /* ManagedSettingsUI.framework in Frameworks */ = {isa = PBXBuildFile; fileRef = A9F0ED772A08C48E006E02B6 /* ManagedSettingsUI.framework */; };
		A9F0ED7B2A08C48E006E02B6 /* ShieldConfigurationExtension.swift in Sources */ = {isa = PBXBuildFile; fileRef = A9F0ED7A2A08C48E006E02B6 /* ShieldConfigurationExtension.swift */; };
		A9F0ED802A08C48E006E02B6 /* ShieldConfiguration.appex in Embed Foundation Extensions */ = {isa = PBXBuildFile; fileRef = A9F0ED742A08C48E006E02B6 /* ShieldConfiguration.appex */; settings = {ATTRIBUTES = (RemoveHeadersOnCopy, ); }; };
		A9F0ED892A08C49E006E02B6 /* ManagedSettings.framework in Frameworks */ = {isa = PBXBuildFile; fileRef = A9F0ED752A08C48E006E02B6 /* ManagedSettings.framework */; };
		A9F0ED8C2A08C49E006E02B6 /* ShieldActionExtension.swift in Sources */ = {isa = PBXBuildFile; fileRef = A9F0ED8B2A08C49E006E02B6 /* ShieldActionExtension.swift */; };
		A9F0ED912A08C49E006E02B6 /* ShieldAction.appex in Embed Foundation Extensions */ = {isa = PBXBuildFile; fileRef = A9F0ED882A08C49E006E02B6 /* ShieldAction.appex */; settings = {ATTRIBUTES = (RemoveHeadersOnCopy, ); }; };
		A9F0ED962A08C9E6006E02B6 /* NotificationManager.swift in Sources */ = {isa = PBXBuildFile; fileRef = A9F0ED5A2A08C209006E02B6 /* NotificationManager.swift */; };
		A9F0ED982A08CABD006E02B6 /* AppStorageKeyManager.swift in Sources */ = {isa = PBXBuildFile; fileRef = A9F0ED972A08CABD006E02B6 /* AppStorageKeyManager.swift */; };
		A9F0ED992A08CB9B006E02B6 /* AppStorageKeyManager.swift in Sources */ = {isa = PBXBuildFile; fileRef = A9F0ED972A08CABD006E02B6 /* AppStorageKeyManager.swift */; };
		A9F0ED9A2A08DE0D006E02B6 /* AppStorageKeyManager.swift in Sources */ = {isa = PBXBuildFile; fileRef = A9F0ED972A08CABD006E02B6 /* AppStorageKeyManager.swift */; };
		A9F0ED9B2A08DE0E006E02B6 /* AppStorageKeyManager.swift in Sources */ = {isa = PBXBuildFile; fileRef = A9F0ED972A08CABD006E02B6 /* AppStorageKeyManager.swift */; };
		B813F33F2A0D36D7003E7590 /* ShieldContent.swift in Sources */ = {isa = PBXBuildFile; fileRef = B813F33E2A0D36D7003E7590 /* ShieldContent.swift */; };
		E59D0FEE2A0DECF3005C0B05 /* Lottie in Frameworks */ = {isa = PBXBuildFile; productRef = E59D0FED2A0DECF3005C0B05 /* Lottie */; };
		E59D0FF02A0DED37005C0B05 /* LottieView.swift in Sources */ = {isa = PBXBuildFile; fileRef = E59D0FEF2A0DED37005C0B05 /* LottieView.swift */; };
/* End PBXBuildFile section */

/* Begin PBXContainerItemProxy section */
		7F37853B2A07AD660055EAB2 /* PBXContainerItemProxy */ = {
			isa = PBXContainerItemProxy;
			containerPortal = 7F3785222A07AD650055EAB2 /* Project object */;
			proxyType = 1;
			remoteGlobalIDString = 7F3785292A07AD650055EAB2;
			remoteInfo = sunghoyazaza;
		};
		7F3785452A07AD660055EAB2 /* PBXContainerItemProxy */ = {
			isa = PBXContainerItemProxy;
			containerPortal = 7F3785222A07AD650055EAB2 /* Project object */;
			proxyType = 1;
			remoteGlobalIDString = 7F3785292A07AD650055EAB2;
			remoteInfo = sunghoyazaza;
		};
		A9F0ED692A08C2CD006E02B6 /* PBXContainerItemProxy */ = {
			isa = PBXContainerItemProxy;
			containerPortal = 7F3785222A07AD650055EAB2 /* Project object */;
			proxyType = 1;
			remoteGlobalIDString = A9F0ED5F2A08C2CD006E02B6;
			remoteInfo = DeviceActivityMonitor;
		};
		A9F0ED7E2A08C48E006E02B6 /* PBXContainerItemProxy */ = {
			isa = PBXContainerItemProxy;
			containerPortal = 7F3785222A07AD650055EAB2 /* Project object */;
			proxyType = 1;
			remoteGlobalIDString = A9F0ED732A08C48E006E02B6;
			remoteInfo = ShieldConfiguration;
		};
		A9F0ED8F2A08C49E006E02B6 /* PBXContainerItemProxy */ = {
			isa = PBXContainerItemProxy;
			containerPortal = 7F3785222A07AD650055EAB2 /* Project object */;
			proxyType = 1;
			remoteGlobalIDString = A9F0ED872A08C49E006E02B6;
			remoteInfo = ShieldAction;
		};
/* End PBXContainerItemProxy section */

/* Begin PBXCopyFilesBuildPhase section */
		A9F0ED6F2A08C2CD006E02B6 /* Embed Foundation Extensions */ = {
			isa = PBXCopyFilesBuildPhase;
			buildActionMask = 8;
			dstPath = "";
			dstSubfolderSpec = 13;
			files = (
				A9F0ED912A08C49E006E02B6 /* ShieldAction.appex in Embed Foundation Extensions */,
				A9F0ED802A08C48E006E02B6 /* ShieldConfiguration.appex in Embed Foundation Extensions */,
				A9F0ED6B2A08C2CD006E02B6 /* DeviceActivityMonitor.appex in Embed Foundation Extensions */,
			);
			name = "Embed Foundation Extensions";
			runOnlyForDeploymentPostprocessing = 1;
		};
/* End PBXCopyFilesBuildPhase section */

/* Begin PBXFileReference section */
		12C3B77D2A0C838A001CF237 /* Onboarding0View.swift */ = {isa = PBXFileReference; lastKnownFileType = sourcecode.swift; path = Onboarding0View.swift; sourceTree = "<group>"; };
		12C3B77F2A0D0A19001CF237 /* PermissionView.swift */ = {isa = PBXFileReference; lastKnownFileType = sourcecode.swift; path = PermissionView.swift; sourceTree = "<group>"; };
		76CA10B92A0C1C9F00689C42 /* Date.swift */ = {isa = PBXFileReference; lastKnownFileType = sourcecode.swift; path = Date.swift; sourceTree = "<group>"; };
		76CA10BB2A0C1D9400689C42 /* String.swift */ = {isa = PBXFileReference; lastKnownFileType = sourcecode.swift; path = String.swift; sourceTree = "<group>"; };
		7F37852A2A07AD650055EAB2 /* sunghoyazaza.app */ = {isa = PBXFileReference; explicitFileType = wrapper.application; includeInIndex = 0; path = sunghoyazaza.app; sourceTree = BUILT_PRODUCTS_DIR; };
		7F37852D2A07AD650055EAB2 /* sunghoyazazaApp.swift */ = {isa = PBXFileReference; lastKnownFileType = sourcecode.swift; path = sunghoyazazaApp.swift; sourceTree = "<group>"; };
		7F3785342A07AD660055EAB2 /* Preview Assets.xcassets */ = {isa = PBXFileReference; lastKnownFileType = folder.assetcatalog; path = "Preview Assets.xcassets"; sourceTree = "<group>"; };
		7F37853A2A07AD660055EAB2 /* sunghoyazazaTests.xctest */ = {isa = PBXFileReference; explicitFileType = wrapper.cfbundle; includeInIndex = 0; path = sunghoyazazaTests.xctest; sourceTree = BUILT_PRODUCTS_DIR; };
		7F37853E2A07AD660055EAB2 /* sunghoyazazaTests.swift */ = {isa = PBXFileReference; lastKnownFileType = sourcecode.swift; path = sunghoyazazaTests.swift; sourceTree = "<group>"; };
		7F3785442A07AD660055EAB2 /* sunghoyazazaUITests.xctest */ = {isa = PBXFileReference; explicitFileType = wrapper.cfbundle; includeInIndex = 0; path = sunghoyazazaUITests.xctest; sourceTree = BUILT_PRODUCTS_DIR; };
		7F3785482A07AD660055EAB2 /* sunghoyazazaUITests.swift */ = {isa = PBXFileReference; lastKnownFileType = sourcecode.swift; path = sunghoyazazaUITests.swift; sourceTree = "<group>"; };
		7F37854A2A07AD660055EAB2 /* sunghoyazazaUITestsLaunchTests.swift */ = {isa = PBXFileReference; lastKnownFileType = sourcecode.swift; path = sunghoyazazaUITestsLaunchTests.swift; sourceTree = "<group>"; };
		7FBFF4372A07C5B90069656E /* DateValue.swift */ = {isa = PBXFileReference; fileEncoding = 4; lastKnownFileType = sourcecode.swift; path = DateValue.swift; sourceTree = "<group>"; };
		7FBFF4382A07C5B90069656E /* BlockApplicationModel.swift */ = {isa = PBXFileReference; fileEncoding = 4; lastKnownFileType = sourcecode.swift; path = BlockApplicationModel.swift; sourceTree = "<group>"; };
		7FBFF4392A07C5B90069656E /* DateModel.swift */ = {isa = PBXFileReference; fileEncoding = 4; lastKnownFileType = sourcecode.swift; path = DateModel.swift; sourceTree = "<group>"; };
		7FBFF43A2A07C5B90069656E /* MainModel.swift */ = {isa = PBXFileReference; fileEncoding = 4; lastKnownFileType = sourcecode.swift; path = MainModel.swift; sourceTree = "<group>"; };
		7FBFF43C2A07C5B90069656E /* MainVM.swift */ = {isa = PBXFileReference; fileEncoding = 4; lastKnownFileType = sourcecode.swift; path = MainVM.swift; sourceTree = "<group>"; };
		7FBFF43D2A07C5B90069656E /* DateVM.swift */ = {isa = PBXFileReference; fileEncoding = 4; lastKnownFileType = sourcecode.swift; path = DateVM.swift; sourceTree = "<group>"; };
		7FBFF43F2A07C5B90069656E /* Assets.xcassets */ = {isa = PBXFileReference; lastKnownFileType = folder.assetcatalog; path = Assets.xcassets; sourceTree = "<group>"; };
		7FBFF4402A07C5B90069656E /* Font+Extension.swift */ = {isa = PBXFileReference; fileEncoding = 4; lastKnownFileType = sourcecode.swift; path = "Font+Extension.swift"; sourceTree = "<group>"; };
		7FBFF4412A07C5B90069656E /* Color+Extension.swift */ = {isa = PBXFileReference; fileEncoding = 4; lastKnownFileType = sourcecode.swift; path = "Color+Extension.swift"; sourceTree = "<group>"; };
		7FBFF4432A07C5B90069656E /* StartPermissionView.swift */ = {isa = PBXFileReference; fileEncoding = 4; lastKnownFileType = sourcecode.swift; path = StartPermissionView.swift; sourceTree = "<group>"; };
		7FBFF4442A07C5B90069656E /* AlertView.swift */ = {isa = PBXFileReference; fileEncoding = 4; lastKnownFileType = sourcecode.swift; path = AlertView.swift; sourceTree = "<group>"; };
		7FBFF4452A07C5B90069656E /* SleepPlanBottomView.swift */ = {isa = PBXFileReference; fileEncoding = 4; lastKnownFileType = sourcecode.swift; path = SleepPlanBottomView.swift; sourceTree = "<group>"; };
		7FBFF4462A07C5B90069656E /* MiddlePermissionView.swift */ = {isa = PBXFileReference; fileEncoding = 4; lastKnownFileType = sourcecode.swift; path = MiddlePermissionView.swift; sourceTree = "<group>"; };
		7FBFF4472A07C5B90069656E /* SleepPlanTopView.swift */ = {isa = PBXFileReference; fileEncoding = 4; lastKnownFileType = sourcecode.swift; path = SleepPlanTopView.swift; sourceTree = "<group>"; };
		7FBFF4482A07C5B90069656E /* CalendarView.swift */ = {isa = PBXFileReference; fileEncoding = 4; lastKnownFileType = sourcecode.swift; path = CalendarView.swift; sourceTree = "<group>"; };
		7FBFF4582A07C5EA0069656E /* MainView.swift */ = {isa = PBXFileReference; fileEncoding = 4; lastKnownFileType = sourcecode.swift; path = MainView.swift; sourceTree = "<group>"; };
		7FEA9E562A09D55B0050AA4B /* OnboardingView.swift */ = {isa = PBXFileReference; lastKnownFileType = sourcecode.swift; path = OnboardingView.swift; sourceTree = "<group>"; };
		7FEA9E5A2A09D5C80050AA4B /* Onboarding2View.swift */ = {isa = PBXFileReference; lastKnownFileType = sourcecode.swift; path = Onboarding2View.swift; sourceTree = "<group>"; };
		7FEA9E5C2A09E0610050AA4B /* DetailView.swift */ = {isa = PBXFileReference; lastKnownFileType = sourcecode.swift; path = DetailView.swift; sourceTree = "<group>"; };
		A92CA03C2A0CC2DD0061EEE2 /* CGFloat+Extension.swift */ = {isa = PBXFileReference; lastKnownFileType = sourcecode.swift; path = "CGFloat+Extension.swift"; sourceTree = "<group>"; };
		A94A97D92A0F76B40012E8A9 /* ScreenTimeVM.swift */ = {isa = PBXFileReference; lastKnownFileType = sourcecode.swift; path = ScreenTimeVM.swift; sourceTree = "<group>"; };
		A94A97DE2A0F7EC40012E8A9 /* Onboarding0VM.swift */ = {isa = PBXFileReference; lastKnownFileType = sourcecode.swift; path = Onboarding0VM.swift; sourceTree = "<group>"; };
		A9D5C5762A0E6ECC002723F0 /* PermissionViewModel.swift */ = {isa = PBXFileReference; lastKnownFileType = sourcecode.swift; path = PermissionViewModel.swift; sourceTree = "<group>"; };
		A9F0ED5A2A08C209006E02B6 /* NotificationManager.swift */ = {isa = PBXFileReference; lastKnownFileType = sourcecode.swift; path = NotificationManager.swift; sourceTree = "<group>"; };
		A9F0ED602A08C2CD006E02B6 /* DeviceActivityMonitor.appex */ = {isa = PBXFileReference; explicitFileType = "wrapper.app-extension"; includeInIndex = 0; path = DeviceActivityMonitor.appex; sourceTree = BUILT_PRODUCTS_DIR; };
		A9F0ED622A08C2CD006E02B6 /* DeviceActivity.framework */ = {isa = PBXFileReference; lastKnownFileType = wrapper.framework; name = DeviceActivity.framework; path = System/Library/Frameworks/DeviceActivity.framework; sourceTree = SDKROOT; };
		A9F0ED652A08C2CD006E02B6 /* DeviceActivityMonitorExtension.swift */ = {isa = PBXFileReference; lastKnownFileType = sourcecode.swift; path = DeviceActivityMonitorExtension.swift; sourceTree = "<group>"; };
		A9F0ED672A08C2CD006E02B6 /* Info.plist */ = {isa = PBXFileReference; lastKnownFileType = text.plist.xml; path = Info.plist; sourceTree = "<group>"; };
		A9F0ED682A08C2CD006E02B6 /* DeviceActivityMonitor.entitlements */ = {isa = PBXFileReference; lastKnownFileType = text.plist.entitlements; path = DeviceActivityMonitor.entitlements; sourceTree = "<group>"; };
		A9F0ED742A08C48E006E02B6 /* ShieldConfiguration.appex */ = {isa = PBXFileReference; explicitFileType = "wrapper.app-extension"; includeInIndex = 0; path = ShieldConfiguration.appex; sourceTree = BUILT_PRODUCTS_DIR; };
		A9F0ED752A08C48E006E02B6 /* ManagedSettings.framework */ = {isa = PBXFileReference; lastKnownFileType = wrapper.framework; name = ManagedSettings.framework; path = System/Library/Frameworks/ManagedSettings.framework; sourceTree = SDKROOT; };
		A9F0ED772A08C48E006E02B6 /* ManagedSettingsUI.framework */ = {isa = PBXFileReference; lastKnownFileType = wrapper.framework; name = ManagedSettingsUI.framework; path = System/Library/Frameworks/ManagedSettingsUI.framework; sourceTree = SDKROOT; };
		A9F0ED7A2A08C48E006E02B6 /* ShieldConfigurationExtension.swift */ = {isa = PBXFileReference; lastKnownFileType = sourcecode.swift; path = ShieldConfigurationExtension.swift; sourceTree = "<group>"; };
		A9F0ED7C2A08C48E006E02B6 /* Info.plist */ = {isa = PBXFileReference; lastKnownFileType = text.plist.xml; path = Info.plist; sourceTree = "<group>"; };
		A9F0ED7D2A08C48E006E02B6 /* ShieldConfiguration.entitlements */ = {isa = PBXFileReference; lastKnownFileType = text.plist.entitlements; path = ShieldConfiguration.entitlements; sourceTree = "<group>"; };
		A9F0ED882A08C49E006E02B6 /* ShieldAction.appex */ = {isa = PBXFileReference; explicitFileType = "wrapper.app-extension"; includeInIndex = 0; path = ShieldAction.appex; sourceTree = BUILT_PRODUCTS_DIR; };
		A9F0ED8B2A08C49E006E02B6 /* ShieldActionExtension.swift */ = {isa = PBXFileReference; lastKnownFileType = sourcecode.swift; path = ShieldActionExtension.swift; sourceTree = "<group>"; };
		A9F0ED8D2A08C49E006E02B6 /* Info.plist */ = {isa = PBXFileReference; lastKnownFileType = text.plist.xml; path = Info.plist; sourceTree = "<group>"; };
		A9F0ED8E2A08C49E006E02B6 /* ShieldAction.entitlements */ = {isa = PBXFileReference; lastKnownFileType = text.plist.entitlements; path = ShieldAction.entitlements; sourceTree = "<group>"; };
		A9F0ED952A08C4F3006E02B6 /* sunghoyazaza.entitlements */ = {isa = PBXFileReference; lastKnownFileType = text.plist.entitlements; path = sunghoyazaza.entitlements; sourceTree = "<group>"; };
		A9F0ED972A08CABD006E02B6 /* AppStorageKeyManager.swift */ = {isa = PBXFileReference; lastKnownFileType = sourcecode.swift; path = AppStorageKeyManager.swift; sourceTree = "<group>"; };
		B813F33E2A0D36D7003E7590 /* ShieldContent.swift */ = {isa = PBXFileReference; lastKnownFileType = sourcecode.swift; path = ShieldContent.swift; sourceTree = "<group>"; };
		E59D0FEF2A0DED37005C0B05 /* LottieView.swift */ = {isa = PBXFileReference; lastKnownFileType = sourcecode.swift; path = LottieView.swift; sourceTree = "<group>"; };
/* End PBXFileReference section */

/* Begin PBXFrameworksBuildPhase section */
		7F3785272A07AD650055EAB2 /* Frameworks */ = {
			isa = PBXFrameworksBuildPhase;
			buildActionMask = 2147483647;
			files = (
				E59D0FEE2A0DECF3005C0B05 /* Lottie in Frameworks */,
			);
			runOnlyForDeploymentPostprocessing = 0;
		};
		7F3785372A07AD660055EAB2 /* Frameworks */ = {
			isa = PBXFrameworksBuildPhase;
			buildActionMask = 2147483647;
			files = (
			);
			runOnlyForDeploymentPostprocessing = 0;
		};
		7F3785412A07AD660055EAB2 /* Frameworks */ = {
			isa = PBXFrameworksBuildPhase;
			buildActionMask = 2147483647;
			files = (
			);
			runOnlyForDeploymentPostprocessing = 0;
		};
		A9F0ED5D2A08C2CD006E02B6 /* Frameworks */ = {
			isa = PBXFrameworksBuildPhase;
			buildActionMask = 2147483647;
			files = (
				A9F0ED632A08C2CD006E02B6 /* DeviceActivity.framework in Frameworks */,
			);
			runOnlyForDeploymentPostprocessing = 0;
		};
		A9F0ED712A08C48E006E02B6 /* Frameworks */ = {
			isa = PBXFrameworksBuildPhase;
			buildActionMask = 2147483647;
			files = (
				A9F0ED762A08C48E006E02B6 /* ManagedSettings.framework in Frameworks */,
				A9F0ED782A08C48E006E02B6 /* ManagedSettingsUI.framework in Frameworks */,
			);
			runOnlyForDeploymentPostprocessing = 0;
		};
		A9F0ED852A08C49E006E02B6 /* Frameworks */ = {
			isa = PBXFrameworksBuildPhase;
			buildActionMask = 2147483647;
			files = (
				A9F0ED892A08C49E006E02B6 /* ManagedSettings.framework in Frameworks */,
			);
			runOnlyForDeploymentPostprocessing = 0;
		};
/* End PBXFrameworksBuildPhase section */

/* Begin PBXGroup section */
		7F3785212A07AD650055EAB2 = {
			isa = PBXGroup;
			children = (
				7F37852C2A07AD650055EAB2 /* sunghoyazaza */,
				7F37853D2A07AD660055EAB2 /* sunghoyazazaTests */,
				7F3785472A07AD660055EAB2 /* sunghoyazazaUITests */,
				A9F0ED642A08C2CD006E02B6 /* DeviceActivityMonitor */,
				A9F0ED792A08C48E006E02B6 /* ShieldConfiguration */,
				A9F0ED8A2A08C49E006E02B6 /* ShieldAction */,
				A9F0ED612A08C2CD006E02B6 /* Frameworks */,
				7F37852B2A07AD650055EAB2 /* Products */,
			);
			sourceTree = "<group>";
		};
		7F37852B2A07AD650055EAB2 /* Products */ = {
			isa = PBXGroup;
			children = (
				7F37852A2A07AD650055EAB2 /* sunghoyazaza.app */,
				7F37853A2A07AD660055EAB2 /* sunghoyazazaTests.xctest */,
				7F3785442A07AD660055EAB2 /* sunghoyazazaUITests.xctest */,
				A9F0ED602A08C2CD006E02B6 /* DeviceActivityMonitor.appex */,
				A9F0ED742A08C48E006E02B6 /* ShieldConfiguration.appex */,
				A9F0ED882A08C49E006E02B6 /* ShieldAction.appex */,
			);
			name = Products;
			sourceTree = "<group>";
		};
		7F37852C2A07AD650055EAB2 /* sunghoyazaza */ = {
			isa = PBXGroup;
			children = (
				A9F0ED952A08C4F3006E02B6 /* sunghoyazaza.entitlements */,
				A9F0ED592A08C1DF006E02B6 /* Utils */,
				7FBFF4362A07C5B90069656E /* Models */,
				7FBFF43E2A07C5B90069656E /* Resources */,
				7FBFF43B2A07C5B90069656E /* ViewModels */,
				7FBFF4422A07C5B90069656E /* Views */,
				7F37852D2A07AD650055EAB2 /* sunghoyazazaApp.swift */,
				7F3785332A07AD660055EAB2 /* Preview Content */,
			);
			path = sunghoyazaza;
			sourceTree = "<group>";
		};
		7F3785332A07AD660055EAB2 /* Preview Content */ = {
			isa = PBXGroup;
			children = (
				7F3785342A07AD660055EAB2 /* Preview Assets.xcassets */,
			);
			path = "Preview Content";
			sourceTree = "<group>";
		};
		7F37853D2A07AD660055EAB2 /* sunghoyazazaTests */ = {
			isa = PBXGroup;
			children = (
				7F37853E2A07AD660055EAB2 /* sunghoyazazaTests.swift */,
			);
			path = sunghoyazazaTests;
			sourceTree = "<group>";
		};
		7F3785472A07AD660055EAB2 /* sunghoyazazaUITests */ = {
			isa = PBXGroup;
			children = (
				7F3785482A07AD660055EAB2 /* sunghoyazazaUITests.swift */,
				7F37854A2A07AD660055EAB2 /* sunghoyazazaUITestsLaunchTests.swift */,
			);
			path = sunghoyazazaUITests;
			sourceTree = "<group>";
		};
		7FBFF4362A07C5B90069656E /* Models */ = {
			isa = PBXGroup;
			children = (
				7FBFF4372A07C5B90069656E /* DateValue.swift */,
				7FBFF4382A07C5B90069656E /* BlockApplicationModel.swift */,
				7FBFF4392A07C5B90069656E /* DateModel.swift */,
				7FBFF43A2A07C5B90069656E /* MainModel.swift */,
			);
			path = Models;
			sourceTree = "<group>";
		};
		7FBFF43B2A07C5B90069656E /* ViewModels */ = {
			isa = PBXGroup;
			children = (
				7FBFF43C2A07C5B90069656E /* MainVM.swift */,
				7FBFF43D2A07C5B90069656E /* DateVM.swift */,
				A9D5C5762A0E6ECC002723F0 /* PermissionViewModel.swift */,
				A94A97D92A0F76B40012E8A9 /* ScreenTimeVM.swift */,
				A94A97DE2A0F7EC40012E8A9 /* Onboarding0VM.swift */,
			);
			path = ViewModels;
			sourceTree = "<group>";
		};
		7FBFF43E2A07C5B90069656E /* Resources */ = {
			isa = PBXGroup;
			children = (
				7FBFF43F2A07C5B90069656E /* Assets.xcassets */,
				7FBFF4402A07C5B90069656E /* Font+Extension.swift */,
				7FBFF4412A07C5B90069656E /* Color+Extension.swift */,
				76CA10B92A0C1C9F00689C42 /* Date.swift */,
				76CA10BB2A0C1D9400689C42 /* String.swift */,
				A92CA03C2A0CC2DD0061EEE2 /* CGFloat+Extension.swift */,
			);
			path = Resources;
			sourceTree = "<group>";
		};
		7FBFF4422A07C5B90069656E /* Views */ = {
			isa = PBXGroup;
			children = (
				7FBFF4582A07C5EA0069656E /* MainView.swift */,
				7FBFF4432A07C5B90069656E /* StartPermissionView.swift */,
				7FBFF4442A07C5B90069656E /* AlertView.swift */,
				7FBFF4452A07C5B90069656E /* SleepPlanBottomView.swift */,
				7FBFF4462A07C5B90069656E /* MiddlePermissionView.swift */,
				7FBFF4472A07C5B90069656E /* SleepPlanTopView.swift */,
				7FBFF4482A07C5B90069656E /* CalendarView.swift */,
				7FEA9E5C2A09E0610050AA4B /* DetailView.swift */,
				7FEA9E562A09D55B0050AA4B /* OnboardingView.swift */,
				7FEA9E5A2A09D5C80050AA4B /* Onboarding2View.swift */,
				12C3B77D2A0C838A001CF237 /* Onboarding0View.swift */,
				12C3B77F2A0D0A19001CF237 /* PermissionView.swift */,
				E59D0FEF2A0DED37005C0B05 /* LottieView.swift */,
			);
			path = Views;
			sourceTree = "<group>";
		};
		A9F0ED592A08C1DF006E02B6 /* Utils */ = {
			isa = PBXGroup;
			children = (
				A9F0ED5A2A08C209006E02B6 /* NotificationManager.swift */,
				A9F0ED972A08CABD006E02B6 /* AppStorageKeyManager.swift */,
				B813F33E2A0D36D7003E7590 /* ShieldContent.swift */,
			);
			path = Utils;
			sourceTree = "<group>";
		};
		A9F0ED612A08C2CD006E02B6 /* Frameworks */ = {
			isa = PBXGroup;
			children = (
				A9F0ED622A08C2CD006E02B6 /* DeviceActivity.framework */,
				A9F0ED752A08C48E006E02B6 /* ManagedSettings.framework */,
				A9F0ED772A08C48E006E02B6 /* ManagedSettingsUI.framework */,
			);
			name = Frameworks;
			sourceTree = "<group>";
		};
		A9F0ED642A08C2CD006E02B6 /* DeviceActivityMonitor */ = {
			isa = PBXGroup;
			children = (
				A9F0ED652A08C2CD006E02B6 /* DeviceActivityMonitorExtension.swift */,
				A9F0ED672A08C2CD006E02B6 /* Info.plist */,
				A9F0ED682A08C2CD006E02B6 /* DeviceActivityMonitor.entitlements */,
			);
			path = DeviceActivityMonitor;
			sourceTree = "<group>";
		};
		A9F0ED792A08C48E006E02B6 /* ShieldConfiguration */ = {
			isa = PBXGroup;
			children = (
				A9F0ED7A2A08C48E006E02B6 /* ShieldConfigurationExtension.swift */,
				A9F0ED7C2A08C48E006E02B6 /* Info.plist */,
				A9F0ED7D2A08C48E006E02B6 /* ShieldConfiguration.entitlements */,
			);
			path = ShieldConfiguration;
			sourceTree = "<group>";
		};
		A9F0ED8A2A08C49E006E02B6 /* ShieldAction */ = {
			isa = PBXGroup;
			children = (
				A9F0ED8B2A08C49E006E02B6 /* ShieldActionExtension.swift */,
				A9F0ED8D2A08C49E006E02B6 /* Info.plist */,
				A9F0ED8E2A08C49E006E02B6 /* ShieldAction.entitlements */,
			);
			path = ShieldAction;
			sourceTree = "<group>";
		};
/* End PBXGroup section */

/* Begin PBXNativeTarget section */
		7F3785292A07AD650055EAB2 /* sunghoyazaza */ = {
			isa = PBXNativeTarget;
			buildConfigurationList = 7F37854E2A07AD660055EAB2 /* Build configuration list for PBXNativeTarget "sunghoyazaza" */;
			buildPhases = (
				7F3785262A07AD650055EAB2 /* Sources */,
				7F3785272A07AD650055EAB2 /* Frameworks */,
				7F3785282A07AD650055EAB2 /* Resources */,
				A9F0ED6F2A08C2CD006E02B6 /* Embed Foundation Extensions */,
			);
			buildRules = (
			);
			dependencies = (
				A9F0ED6A2A08C2CD006E02B6 /* PBXTargetDependency */,
				A9F0ED7F2A08C48E006E02B6 /* PBXTargetDependency */,
				A9F0ED902A08C49E006E02B6 /* PBXTargetDependency */,
			);
			name = sunghoyazaza;
			packageProductDependencies = (
				E59D0FED2A0DECF3005C0B05 /* Lottie */,
			);
			productName = sunghoyazaza;
			productReference = 7F37852A2A07AD650055EAB2 /* sunghoyazaza.app */;
			productType = "com.apple.product-type.application";
		};
		7F3785392A07AD660055EAB2 /* sunghoyazazaTests */ = {
			isa = PBXNativeTarget;
			buildConfigurationList = 7F3785512A07AD660055EAB2 /* Build configuration list for PBXNativeTarget "sunghoyazazaTests" */;
			buildPhases = (
				7F3785362A07AD660055EAB2 /* Sources */,
				7F3785372A07AD660055EAB2 /* Frameworks */,
				7F3785382A07AD660055EAB2 /* Resources */,
			);
			buildRules = (
			);
			dependencies = (
				7F37853C2A07AD660055EAB2 /* PBXTargetDependency */,
			);
			name = sunghoyazazaTests;
			productName = sunghoyazazaTests;
			productReference = 7F37853A2A07AD660055EAB2 /* sunghoyazazaTests.xctest */;
			productType = "com.apple.product-type.bundle.unit-test";
		};
		7F3785432A07AD660055EAB2 /* sunghoyazazaUITests */ = {
			isa = PBXNativeTarget;
			buildConfigurationList = 7F3785542A07AD660055EAB2 /* Build configuration list for PBXNativeTarget "sunghoyazazaUITests" */;
			buildPhases = (
				7F3785402A07AD660055EAB2 /* Sources */,
				7F3785412A07AD660055EAB2 /* Frameworks */,
				7F3785422A07AD660055EAB2 /* Resources */,
			);
			buildRules = (
			);
			dependencies = (
				7F3785462A07AD660055EAB2 /* PBXTargetDependency */,
			);
			name = sunghoyazazaUITests;
			productName = sunghoyazazaUITests;
			productReference = 7F3785442A07AD660055EAB2 /* sunghoyazazaUITests.xctest */;
			productType = "com.apple.product-type.bundle.ui-testing";
		};
		A9F0ED5F2A08C2CD006E02B6 /* DeviceActivityMonitor */ = {
			isa = PBXNativeTarget;
			buildConfigurationList = A9F0ED6C2A08C2CD006E02B6 /* Build configuration list for PBXNativeTarget "DeviceActivityMonitor" */;
			buildPhases = (
				A9F0ED5C2A08C2CD006E02B6 /* Sources */,
				A9F0ED5D2A08C2CD006E02B6 /* Frameworks */,
				A9F0ED5E2A08C2CD006E02B6 /* Resources */,
			);
			buildRules = (
			);
			dependencies = (
			);
			name = DeviceActivityMonitor;
			productName = DeviceActivityMonitor;
			productReference = A9F0ED602A08C2CD006E02B6 /* DeviceActivityMonitor.appex */;
			productType = "com.apple.product-type.app-extension";
		};
		A9F0ED732A08C48E006E02B6 /* ShieldConfiguration */ = {
			isa = PBXNativeTarget;
			buildConfigurationList = A9F0ED812A08C48E006E02B6 /* Build configuration list for PBXNativeTarget "ShieldConfiguration" */;
			buildPhases = (
				A9F0ED702A08C48E006E02B6 /* Sources */,
				A9F0ED712A08C48E006E02B6 /* Frameworks */,
				A9F0ED722A08C48E006E02B6 /* Resources */,
			);
			buildRules = (
			);
			dependencies = (
			);
			name = ShieldConfiguration;
			productName = ShieldConfiguration;
			productReference = A9F0ED742A08C48E006E02B6 /* ShieldConfiguration.appex */;
			productType = "com.apple.product-type.app-extension";
		};
		A9F0ED872A08C49E006E02B6 /* ShieldAction */ = {
			isa = PBXNativeTarget;
			buildConfigurationList = A9F0ED922A08C49E006E02B6 /* Build configuration list for PBXNativeTarget "ShieldAction" */;
			buildPhases = (
				A9F0ED842A08C49E006E02B6 /* Sources */,
				A9F0ED852A08C49E006E02B6 /* Frameworks */,
				A9F0ED862A08C49E006E02B6 /* Resources */,
			);
			buildRules = (
			);
			dependencies = (
			);
			name = ShieldAction;
			productName = ShieldAction;
			productReference = A9F0ED882A08C49E006E02B6 /* ShieldAction.appex */;
			productType = "com.apple.product-type.app-extension";
		};
/* End PBXNativeTarget section */

/* Begin PBXProject section */
		7F3785222A07AD650055EAB2 /* Project object */ = {
			isa = PBXProject;
			attributes = {
				BuildIndependentTargetsInParallel = 1;
				LastSwiftUpdateCheck = 1430;
				LastUpgradeCheck = 1430;
				TargetAttributes = {
					7F3785292A07AD650055EAB2 = {
						CreatedOnToolsVersion = 14.3;
					};
					7F3785392A07AD660055EAB2 = {
						CreatedOnToolsVersion = 14.3;
						TestTargetID = 7F3785292A07AD650055EAB2;
					};
					7F3785432A07AD660055EAB2 = {
						CreatedOnToolsVersion = 14.3;
						TestTargetID = 7F3785292A07AD650055EAB2;
					};
					A9F0ED5F2A08C2CD006E02B6 = {
						CreatedOnToolsVersion = 14.3;
					};
					A9F0ED732A08C48E006E02B6 = {
						CreatedOnToolsVersion = 14.3;
					};
					A9F0ED872A08C49E006E02B6 = {
						CreatedOnToolsVersion = 14.3;
					};
				};
			};
			buildConfigurationList = 7F3785252A07AD650055EAB2 /* Build configuration list for PBXProject "sunghoyazaza" */;
			compatibilityVersion = "Xcode 14.0";
			developmentRegion = en;
			hasScannedForEncodings = 0;
			knownRegions = (
				en,
				Base,
			);
			mainGroup = 7F3785212A07AD650055EAB2;
			packageReferences = (
				E59D0FEC2A0DECF3005C0B05 /* XCRemoteSwiftPackageReference "lottie-ios" */,
			);
			productRefGroup = 7F37852B2A07AD650055EAB2 /* Products */;
			projectDirPath = "";
			projectRoot = "";
			targets = (
				7F3785292A07AD650055EAB2 /* sunghoyazaza */,
				7F3785392A07AD660055EAB2 /* sunghoyazazaTests */,
				7F3785432A07AD660055EAB2 /* sunghoyazazaUITests */,
				A9F0ED5F2A08C2CD006E02B6 /* DeviceActivityMonitor */,
				A9F0ED732A08C48E006E02B6 /* ShieldConfiguration */,
				A9F0ED872A08C49E006E02B6 /* ShieldAction */,
			);
		};
/* End PBXProject section */

/* Begin PBXResourcesBuildPhase section */
		7F3785282A07AD650055EAB2 /* Resources */ = {
			isa = PBXResourcesBuildPhase;
			buildActionMask = 2147483647;
			files = (
				7FBFF44F2A07C5B90069656E /* Assets.xcassets in Resources */,
				7F3785352A07AD660055EAB2 /* Preview Assets.xcassets in Resources */,
			);
			runOnlyForDeploymentPostprocessing = 0;
		};
		7F3785382A07AD660055EAB2 /* Resources */ = {
			isa = PBXResourcesBuildPhase;
			buildActionMask = 2147483647;
			files = (
			);
			runOnlyForDeploymentPostprocessing = 0;
		};
		7F3785422A07AD660055EAB2 /* Resources */ = {
			isa = PBXResourcesBuildPhase;
			buildActionMask = 2147483647;
			files = (
			);
			runOnlyForDeploymentPostprocessing = 0;
		};
		A9F0ED5E2A08C2CD006E02B6 /* Resources */ = {
			isa = PBXResourcesBuildPhase;
			buildActionMask = 2147483647;
			files = (
			);
			runOnlyForDeploymentPostprocessing = 0;
		};
		A9F0ED722A08C48E006E02B6 /* Resources */ = {
			isa = PBXResourcesBuildPhase;
			buildActionMask = 2147483647;
			files = (
			);
			runOnlyForDeploymentPostprocessing = 0;
		};
		A9F0ED862A08C49E006E02B6 /* Resources */ = {
			isa = PBXResourcesBuildPhase;
			buildActionMask = 2147483647;
			files = (
			);
			runOnlyForDeploymentPostprocessing = 0;
		};
/* End PBXResourcesBuildPhase section */

/* Begin PBXSourcesBuildPhase section */
		7F3785262A07AD650055EAB2 /* Sources */ = {
			isa = PBXSourcesBuildPhase;
			buildActionMask = 2147483647;
			files = (
				7F37852E2A07AD650055EAB2 /* sunghoyazazaApp.swift in Sources */,
				7FBFF4542A07C5B90069656E /* SleepPlanBottomView.swift in Sources */,
				7FBFF4522A07C5B90069656E /* StartPermissionView.swift in Sources */,
				A9F0ED982A08CABD006E02B6 /* AppStorageKeyManager.swift in Sources */,
				B813F33F2A0D36D7003E7590 /* ShieldContent.swift in Sources */,
				7FBFF4502A07C5B90069656E /* Font+Extension.swift in Sources */,
				7FEA9E5B2A09D5C80050AA4B /* Onboarding2View.swift in Sources */,
				A94A97DF2A0F7EC40012E8A9 /* Onboarding0VM.swift in Sources */,
				7FBFF4552A07C5B90069656E /* MiddlePermissionView.swift in Sources */,
				7FEA9E572A09D55B0050AA4B /* OnboardingView.swift in Sources */,
				7FBFF4512A07C5B90069656E /* Color+Extension.swift in Sources */,
				7FBFF4572A07C5B90069656E /* CalendarView.swift in Sources */,
				7FBFF4532A07C5B90069656E /* AlertView.swift in Sources */,
				A92CA03D2A0CC2DD0061EEE2 /* CGFloat+Extension.swift in Sources */,
				7F37852E2A07AD650055EAB2 /* sunghoyazazaApp.swift in Sources */,
				7FBFF44D2A07C5B90069656E /* MainVM.swift in Sources */,
				7FBFF4592A07C5EA0069656E /* MainView.swift in Sources */,
				12C3B77E2A0C838A001CF237 /* Onboarding0View.swift in Sources */,
				E59D0FF02A0DED37005C0B05 /* LottieView.swift in Sources */,
				7FBFF44B2A07C5B90069656E /* DateModel.swift in Sources */,
				7FBFF44A2A07C5B90069656E /* BlockApplicationModel.swift in Sources */,
				76CA10BC2A0C1D9400689C42 /* String.swift in Sources */,
				7FEA9E5D2A09E0610050AA4B /* DetailView.swift in Sources */,
				7FBFF44E2A07C5B90069656E /* DateVM.swift in Sources */,
				76CA10BA2A0C1C9F00689C42 /* Date.swift in Sources */,
				A94A97DA2A0F76B40012E8A9 /* ScreenTimeVM.swift in Sources */,
				A9F0ED5B2A08C209006E02B6 /* NotificationManager.swift in Sources */,
				7FBFF44C2A07C5B90069656E /* MainModel.swift in Sources */,
				12C3B7802A0D0A19001CF237 /* PermissionView.swift in Sources */,
				A9D5C5772A0E6ECC002723F0 /* PermissionViewModel.swift in Sources */,
				7FBFF4492A07C5B90069656E /* DateValue.swift in Sources */,
				7FBFF4562A07C5B90069656E /* SleepPlanTopView.swift in Sources */,
			);
			runOnlyForDeploymentPostprocessing = 0;
		};
		7F3785362A07AD660055EAB2 /* Sources */ = {
			isa = PBXSourcesBuildPhase;
			buildActionMask = 2147483647;
			files = (
				7F37853F2A07AD660055EAB2 /* sunghoyazazaTests.swift in Sources */,
			);
			runOnlyForDeploymentPostprocessing = 0;
		};
		7F3785402A07AD660055EAB2 /* Sources */ = {
			isa = PBXSourcesBuildPhase;
			buildActionMask = 2147483647;
			files = (
				7F37854B2A07AD660055EAB2 /* sunghoyazazaUITestsLaunchTests.swift in Sources */,
				7F3785492A07AD660055EAB2 /* sunghoyazazaUITests.swift in Sources */,
			);
			runOnlyForDeploymentPostprocessing = 0;
		};
		A9F0ED5C2A08C2CD006E02B6 /* Sources */ = {
			isa = PBXSourcesBuildPhase;
			buildActionMask = 2147483647;
			files = (
				A9F0ED992A08CB9B006E02B6 /* AppStorageKeyManager.swift in Sources */,
				A92CA0412A0CC9020061EEE2 /* Color+Extension.swift in Sources */,
				76CA10C62A0E787500689C42 /* String.swift in Sources */,
				A9D5C5732A0DD2DD002723F0 /* ShieldContent.swift in Sources */,
				76CA10BE2A0E776D00689C42 /* DateVM.swift in Sources */,
				A92CA0442A0CC9060061EEE2 /* CGFloat+Extension.swift in Sources */,
				A9F0ED962A08C9E6006E02B6 /* NotificationManager.swift in Sources */,
				A92CA03E2A0CC8FE0061EEE2 /* Font+Extension.swift in Sources */,
				A9F0ED662A08C2CD006E02B6 /* DeviceActivityMonitorExtension.swift in Sources */,
				A94A97DB2A0F76FA0012E8A9 /* ScreenTimeVM.swift in Sources */,
			);
			runOnlyForDeploymentPostprocessing = 0;
		};
		A9F0ED702A08C48E006E02B6 /* Sources */ = {
			isa = PBXSourcesBuildPhase;
			buildActionMask = 2147483647;
			files = (
				76CA10BD2A0E774700689C42 /* DateVM.swift in Sources */,
				A9F0ED7B2A08C48E006E02B6 /* ShieldConfigurationExtension.swift in Sources */,
				76CA10C22A0E77BE00689C42 /* String.swift in Sources */,
				A9F0ED9A2A08DE0D006E02B6 /* AppStorageKeyManager.swift in Sources */,
				A92CA03F2A0CC8FF0061EEE2 /* Font+Extension.swift in Sources */,
				A92CA0422A0CC9030061EEE2 /* Color+Extension.swift in Sources */,
				76CA10C12A0E77AE00689C42 /* DateModel.swift in Sources */,
				A92CA0452A0CC9070061EEE2 /* CGFloat+Extension.swift in Sources */,
				76CA10C32A0E77C200689C42 /* Date.swift in Sources */,
				A9D5C5742A0DD2DE002723F0 /* ShieldContent.swift in Sources */,
				A94A97DC2A0F76FB0012E8A9 /* ScreenTimeVM.swift in Sources */,
			);
			runOnlyForDeploymentPostprocessing = 0;
		};
		A9F0ED842A08C49E006E02B6 /* Sources */ = {
			isa = PBXSourcesBuildPhase;
			buildActionMask = 2147483647;
			files = (
				76CA10BF2A0E776E00689C42 /* DateVM.swift in Sources */,
				A9F0ED8C2A08C49E006E02B6 /* ShieldActionExtension.swift in Sources */,
				A9F0ED9B2A08DE0E006E02B6 /* AppStorageKeyManager.swift in Sources */,
				76CA10C72A0E787600689C42 /* String.swift in Sources */,
				A92CA0402A0CC8FF0061EEE2 /* Font+Extension.swift in Sources */,
				A92CA0432A0CC9030061EEE2 /* Color+Extension.swift in Sources */,
				A92CA0462A0CC9080061EEE2 /* CGFloat+Extension.swift in Sources */,
				A9D5C5752A0DD2DF002723F0 /* ShieldContent.swift in Sources */,
				A94A97DD2A0F76FB0012E8A9 /* ScreenTimeVM.swift in Sources */,
			);
			runOnlyForDeploymentPostprocessing = 0;
		};
/* End PBXSourcesBuildPhase section */

/* Begin PBXTargetDependency section */
		7F37853C2A07AD660055EAB2 /* PBXTargetDependency */ = {
			isa = PBXTargetDependency;
			target = 7F3785292A07AD650055EAB2 /* sunghoyazaza */;
			targetProxy = 7F37853B2A07AD660055EAB2 /* PBXContainerItemProxy */;
		};
		7F3785462A07AD660055EAB2 /* PBXTargetDependency */ = {
			isa = PBXTargetDependency;
			target = 7F3785292A07AD650055EAB2 /* sunghoyazaza */;
			targetProxy = 7F3785452A07AD660055EAB2 /* PBXContainerItemProxy */;
		};
		A9F0ED6A2A08C2CD006E02B6 /* PBXTargetDependency */ = {
			isa = PBXTargetDependency;
			target = A9F0ED5F2A08C2CD006E02B6 /* DeviceActivityMonitor */;
			targetProxy = A9F0ED692A08C2CD006E02B6 /* PBXContainerItemProxy */;
		};
		A9F0ED7F2A08C48E006E02B6 /* PBXTargetDependency */ = {
			isa = PBXTargetDependency;
			target = A9F0ED732A08C48E006E02B6 /* ShieldConfiguration */;
			targetProxy = A9F0ED7E2A08C48E006E02B6 /* PBXContainerItemProxy */;
		};
		A9F0ED902A08C49E006E02B6 /* PBXTargetDependency */ = {
			isa = PBXTargetDependency;
			target = A9F0ED872A08C49E006E02B6 /* ShieldAction */;
			targetProxy = A9F0ED8F2A08C49E006E02B6 /* PBXContainerItemProxy */;
		};
/* End PBXTargetDependency section */

/* Begin XCBuildConfiguration section */
		7F37854C2A07AD660055EAB2 /* Debug */ = {
			isa = XCBuildConfiguration;
			buildSettings = {
				ALWAYS_SEARCH_USER_PATHS = NO;
				CLANG_ANALYZER_NONNULL = YES;
				CLANG_ANALYZER_NUMBER_OBJECT_CONVERSION = YES_AGGRESSIVE;
				CLANG_CXX_LANGUAGE_STANDARD = "gnu++20";
				CLANG_ENABLE_MODULES = YES;
				CLANG_ENABLE_OBJC_ARC = YES;
				CLANG_ENABLE_OBJC_WEAK = YES;
				CLANG_WARN_BLOCK_CAPTURE_AUTORELEASING = YES;
				CLANG_WARN_BOOL_CONVERSION = YES;
				CLANG_WARN_COMMA = YES;
				CLANG_WARN_CONSTANT_CONVERSION = YES;
				CLANG_WARN_DEPRECATED_OBJC_IMPLEMENTATIONS = YES;
				CLANG_WARN_DIRECT_OBJC_ISA_USAGE = YES_ERROR;
				CLANG_WARN_DOCUMENTATION_COMMENTS = YES;
				CLANG_WARN_EMPTY_BODY = YES;
				CLANG_WARN_ENUM_CONVERSION = YES;
				CLANG_WARN_INFINITE_RECURSION = YES;
				CLANG_WARN_INT_CONVERSION = YES;
				CLANG_WARN_NON_LITERAL_NULL_CONVERSION = YES;
				CLANG_WARN_OBJC_IMPLICIT_RETAIN_SELF = YES;
				CLANG_WARN_OBJC_LITERAL_CONVERSION = YES;
				CLANG_WARN_OBJC_ROOT_CLASS = YES_ERROR;
				CLANG_WARN_QUOTED_INCLUDE_IN_FRAMEWORK_HEADER = YES;
				CLANG_WARN_RANGE_LOOP_ANALYSIS = YES;
				CLANG_WARN_STRICT_PROTOTYPES = YES;
				CLANG_WARN_SUSPICIOUS_MOVE = YES;
				CLANG_WARN_UNGUARDED_AVAILABILITY = YES_AGGRESSIVE;
				CLANG_WARN_UNREACHABLE_CODE = YES;
				CLANG_WARN__DUPLICATE_METHOD_MATCH = YES;
				COPY_PHASE_STRIP = NO;
				DEBUG_INFORMATION_FORMAT = dwarf;
				ENABLE_STRICT_OBJC_MSGSEND = YES;
				ENABLE_TESTABILITY = YES;
				GCC_C_LANGUAGE_STANDARD = gnu11;
				GCC_DYNAMIC_NO_PIC = NO;
				GCC_NO_COMMON_BLOCKS = YES;
				GCC_OPTIMIZATION_LEVEL = 0;
				GCC_PREPROCESSOR_DEFINITIONS = (
					"DEBUG=1",
					"$(inherited)",
				);
				GCC_WARN_64_TO_32_BIT_CONVERSION = YES;
				GCC_WARN_ABOUT_RETURN_TYPE = YES_ERROR;
				GCC_WARN_UNDECLARED_SELECTOR = YES;
				GCC_WARN_UNINITIALIZED_AUTOS = YES_AGGRESSIVE;
				GCC_WARN_UNUSED_FUNCTION = YES;
				GCC_WARN_UNUSED_VARIABLE = YES;
				IPHONEOS_DEPLOYMENT_TARGET = 16.4;
				MTL_ENABLE_DEBUG_INFO = INCLUDE_SOURCE;
				MTL_FAST_MATH = YES;
				ONLY_ACTIVE_ARCH = YES;
				SDKROOT = iphoneos;
				SWIFT_ACTIVE_COMPILATION_CONDITIONS = DEBUG;
				SWIFT_OPTIMIZATION_LEVEL = "-Onone";
			};
			name = Debug;
		};
		7F37854D2A07AD660055EAB2 /* Release */ = {
			isa = XCBuildConfiguration;
			buildSettings = {
				ALWAYS_SEARCH_USER_PATHS = NO;
				CLANG_ANALYZER_NONNULL = YES;
				CLANG_ANALYZER_NUMBER_OBJECT_CONVERSION = YES_AGGRESSIVE;
				CLANG_CXX_LANGUAGE_STANDARD = "gnu++20";
				CLANG_ENABLE_MODULES = YES;
				CLANG_ENABLE_OBJC_ARC = YES;
				CLANG_ENABLE_OBJC_WEAK = YES;
				CLANG_WARN_BLOCK_CAPTURE_AUTORELEASING = YES;
				CLANG_WARN_BOOL_CONVERSION = YES;
				CLANG_WARN_COMMA = YES;
				CLANG_WARN_CONSTANT_CONVERSION = YES;
				CLANG_WARN_DEPRECATED_OBJC_IMPLEMENTATIONS = YES;
				CLANG_WARN_DIRECT_OBJC_ISA_USAGE = YES_ERROR;
				CLANG_WARN_DOCUMENTATION_COMMENTS = YES;
				CLANG_WARN_EMPTY_BODY = YES;
				CLANG_WARN_ENUM_CONVERSION = YES;
				CLANG_WARN_INFINITE_RECURSION = YES;
				CLANG_WARN_INT_CONVERSION = YES;
				CLANG_WARN_NON_LITERAL_NULL_CONVERSION = YES;
				CLANG_WARN_OBJC_IMPLICIT_RETAIN_SELF = YES;
				CLANG_WARN_OBJC_LITERAL_CONVERSION = YES;
				CLANG_WARN_OBJC_ROOT_CLASS = YES_ERROR;
				CLANG_WARN_QUOTED_INCLUDE_IN_FRAMEWORK_HEADER = YES;
				CLANG_WARN_RANGE_LOOP_ANALYSIS = YES;
				CLANG_WARN_STRICT_PROTOTYPES = YES;
				CLANG_WARN_SUSPICIOUS_MOVE = YES;
				CLANG_WARN_UNGUARDED_AVAILABILITY = YES_AGGRESSIVE;
				CLANG_WARN_UNREACHABLE_CODE = YES;
				CLANG_WARN__DUPLICATE_METHOD_MATCH = YES;
				COPY_PHASE_STRIP = NO;
				DEBUG_INFORMATION_FORMAT = "dwarf-with-dsym";
				ENABLE_NS_ASSERTIONS = NO;
				ENABLE_STRICT_OBJC_MSGSEND = YES;
				GCC_C_LANGUAGE_STANDARD = gnu11;
				GCC_NO_COMMON_BLOCKS = YES;
				GCC_WARN_64_TO_32_BIT_CONVERSION = YES;
				GCC_WARN_ABOUT_RETURN_TYPE = YES_ERROR;
				GCC_WARN_UNDECLARED_SELECTOR = YES;
				GCC_WARN_UNINITIALIZED_AUTOS = YES_AGGRESSIVE;
				GCC_WARN_UNUSED_FUNCTION = YES;
				GCC_WARN_UNUSED_VARIABLE = YES;
				IPHONEOS_DEPLOYMENT_TARGET = 16.4;
				MTL_ENABLE_DEBUG_INFO = NO;
				MTL_FAST_MATH = YES;
				SDKROOT = iphoneos;
				SWIFT_COMPILATION_MODE = wholemodule;
				SWIFT_OPTIMIZATION_LEVEL = "-O";
				VALIDATE_PRODUCT = YES;
			};
			name = Release;
		};
		7F37854F2A07AD660055EAB2 /* Debug */ = {
			isa = XCBuildConfiguration;
			buildSettings = {
				ALWAYS_EMBED_SWIFT_STANDARD_LIBRARIES = YES;
				ASSETCATALOG_COMPILER_APPICON_NAME = AppIcon;
				ASSETCATALOG_COMPILER_GLOBAL_ACCENT_COLOR_NAME = AccentColor;
				CODE_SIGN_ENTITLEMENTS = sunghoyazaza/sunghoyazaza.entitlements;
				CODE_SIGN_STYLE = Automatic;
				CURRENT_PROJECT_VERSION = 1;
				DEVELOPMENT_ASSET_PATHS = "\"sunghoyazaza/Preview Content\"";
				DEVELOPMENT_TEAM = V7Y39HNV38;
				ENABLE_PREVIEWS = YES;
				GENERATE_INFOPLIST_FILE = YES;
				INFOPLIST_KEY_UIApplicationSceneManifest_Generation = YES;
				INFOPLIST_KEY_UIApplicationSupportsIndirectInputEvents = YES;
				INFOPLIST_KEY_UILaunchScreen_Generation = YES;
				INFOPLIST_KEY_UISupportedInterfaceOrientations = UIInterfaceOrientationPortrait;
				IPHONEOS_DEPLOYMENT_TARGET = 16.0;
				LD_RUNPATH_SEARCH_PATHS = (
					"$(inherited)",
					"@executable_path/Frameworks",
				);
				MARKETING_VERSION = 1.0;
				PRODUCT_BUNDLE_IDENTIFIER = coffee.com.sunghoyazaza;
				PRODUCT_NAME = "$(TARGET_NAME)";
				SWIFT_EMIT_LOC_STRINGS = YES;
				SWIFT_VERSION = 5.0;
				TARGETED_DEVICE_FAMILY = "1,2";
			};
			name = Debug;
		};
		7F3785502A07AD660055EAB2 /* Release */ = {
			isa = XCBuildConfiguration;
			buildSettings = {
				ALWAYS_EMBED_SWIFT_STANDARD_LIBRARIES = YES;
				ASSETCATALOG_COMPILER_APPICON_NAME = AppIcon;
				ASSETCATALOG_COMPILER_GLOBAL_ACCENT_COLOR_NAME = AccentColor;
				CODE_SIGN_ENTITLEMENTS = sunghoyazaza/sunghoyazaza.entitlements;
				CODE_SIGN_STYLE = Automatic;
				CURRENT_PROJECT_VERSION = 1;
				DEVELOPMENT_ASSET_PATHS = "\"sunghoyazaza/Preview Content\"";
				DEVELOPMENT_TEAM = V7Y39HNV38;
				ENABLE_PREVIEWS = YES;
				GENERATE_INFOPLIST_FILE = YES;
				INFOPLIST_KEY_UIApplicationSceneManifest_Generation = YES;
				INFOPLIST_KEY_UIApplicationSupportsIndirectInputEvents = YES;
				INFOPLIST_KEY_UILaunchScreen_Generation = YES;
				INFOPLIST_KEY_UISupportedInterfaceOrientations = UIInterfaceOrientationPortrait;
				IPHONEOS_DEPLOYMENT_TARGET = 16.0;
				LD_RUNPATH_SEARCH_PATHS = (
					"$(inherited)",
					"@executable_path/Frameworks",
				);
				MARKETING_VERSION = 1.0;
				PRODUCT_BUNDLE_IDENTIFIER = coffee.com.sunghoyazaza;
				PRODUCT_NAME = "$(TARGET_NAME)";
				SWIFT_EMIT_LOC_STRINGS = YES;
				SWIFT_VERSION = 5.0;
				TARGETED_DEVICE_FAMILY = "1,2";
			};
			name = Release;
		};
		7F3785522A07AD660055EAB2 /* Debug */ = {
			isa = XCBuildConfiguration;
			buildSettings = {
				ALWAYS_EMBED_SWIFT_STANDARD_LIBRARIES = YES;
				BUNDLE_LOADER = "$(TEST_HOST)";
				CODE_SIGN_STYLE = Automatic;
				CURRENT_PROJECT_VERSION = 1;
				DEVELOPMENT_TEAM = V7Y39HNV38;
				GENERATE_INFOPLIST_FILE = YES;
				IPHONEOS_DEPLOYMENT_TARGET = 16.4;
				MARKETING_VERSION = 1.0;
				PRODUCT_BUNDLE_IDENTIFIER = coffee.com.sunghoyazazaTest;
				PRODUCT_NAME = "$(TARGET_NAME)";
				SWIFT_EMIT_LOC_STRINGS = NO;
				SWIFT_VERSION = 5.0;
				TARGETED_DEVICE_FAMILY = "1,2";
				TEST_HOST = "$(BUILT_PRODUCTS_DIR)/sunghoyazaza.app/$(BUNDLE_EXECUTABLE_FOLDER_PATH)/sunghoyazaza";
			};
			name = Debug;
		};
		7F3785532A07AD660055EAB2 /* Release */ = {
			isa = XCBuildConfiguration;
			buildSettings = {
				ALWAYS_EMBED_SWIFT_STANDARD_LIBRARIES = YES;
				BUNDLE_LOADER = "$(TEST_HOST)";
				CODE_SIGN_STYLE = Automatic;
				CURRENT_PROJECT_VERSION = 1;
				DEVELOPMENT_TEAM = V7Y39HNV38;
				GENERATE_INFOPLIST_FILE = YES;
				IPHONEOS_DEPLOYMENT_TARGET = 16.4;
				MARKETING_VERSION = 1.0;
				PRODUCT_BUNDLE_IDENTIFIER = coffee.com.sunghoyazazaTest;
				PRODUCT_NAME = "$(TARGET_NAME)";
				SWIFT_EMIT_LOC_STRINGS = NO;
				SWIFT_VERSION = 5.0;
				TARGETED_DEVICE_FAMILY = "1,2";
				TEST_HOST = "$(BUILT_PRODUCTS_DIR)/sunghoyazaza.app/$(BUNDLE_EXECUTABLE_FOLDER_PATH)/sunghoyazaza";
			};
			name = Release;
		};
		7F3785552A07AD660055EAB2 /* Debug */ = {
			isa = XCBuildConfiguration;
			buildSettings = {
				ALWAYS_EMBED_SWIFT_STANDARD_LIBRARIES = YES;
				CODE_SIGN_STYLE = Automatic;
				CURRENT_PROJECT_VERSION = 1;
				DEVELOPMENT_TEAM = V7Y39HNV38;
				GENERATE_INFOPLIST_FILE = YES;
				MARKETING_VERSION = 1.0;
				PRODUCT_BUNDLE_IDENTIFIER = coffee.com.sunghoyazazaUITest;
				PRODUCT_NAME = "$(TARGET_NAME)";
				SWIFT_EMIT_LOC_STRINGS = NO;
				SWIFT_VERSION = 5.0;
				TARGETED_DEVICE_FAMILY = "1,2";
				TEST_TARGET_NAME = sunghoyazaza;
			};
			name = Debug;
		};
		7F3785562A07AD660055EAB2 /* Release */ = {
			isa = XCBuildConfiguration;
			buildSettings = {
				ALWAYS_EMBED_SWIFT_STANDARD_LIBRARIES = YES;
				CODE_SIGN_STYLE = Automatic;
				CURRENT_PROJECT_VERSION = 1;
				DEVELOPMENT_TEAM = V7Y39HNV38;
				GENERATE_INFOPLIST_FILE = YES;
				MARKETING_VERSION = 1.0;
				PRODUCT_BUNDLE_IDENTIFIER = coffee.com.sunghoyazazaUITest;
				PRODUCT_NAME = "$(TARGET_NAME)";
				SWIFT_EMIT_LOC_STRINGS = NO;
				SWIFT_VERSION = 5.0;
				TARGETED_DEVICE_FAMILY = "1,2";
				TEST_TARGET_NAME = sunghoyazaza;
			};
			name = Release;
		};
		A9F0ED6D2A08C2CD006E02B6 /* Debug */ = {
			isa = XCBuildConfiguration;
			buildSettings = {
				CODE_SIGN_ENTITLEMENTS = DeviceActivityMonitor/DeviceActivityMonitor.entitlements;
				CODE_SIGN_STYLE = Automatic;
				CURRENT_PROJECT_VERSION = 1;
				DEVELOPMENT_TEAM = V7Y39HNV38;
				GENERATE_INFOPLIST_FILE = YES;
				INFOPLIST_FILE = DeviceActivityMonitor/Info.plist;
				INFOPLIST_KEY_CFBundleDisplayName = DeviceActivityMonitor;
				INFOPLIST_KEY_NSHumanReadableCopyright = "";
				LD_RUNPATH_SEARCH_PATHS = (
					"$(inherited)",
					"@executable_path/Frameworks",
					"@executable_path/../../Frameworks",
				);
				MARKETING_VERSION = 1.0;
				PRODUCT_BUNDLE_IDENTIFIER = coffee.com.sunghoyazazaDevice;
				PRODUCT_NAME = "$(TARGET_NAME)";
				SKIP_INSTALL = YES;
				SWIFT_EMIT_LOC_STRINGS = YES;
				SWIFT_VERSION = 5.0;
				TARGETED_DEVICE_FAMILY = "1,2";
			};
			name = Debug;
		};
		A9F0ED6E2A08C2CD006E02B6 /* Release */ = {
			isa = XCBuildConfiguration;
			buildSettings = {
				CODE_SIGN_ENTITLEMENTS = DeviceActivityMonitor/DeviceActivityMonitor.entitlements;
				CODE_SIGN_STYLE = Automatic;
				CURRENT_PROJECT_VERSION = 1;
				DEVELOPMENT_TEAM = V7Y39HNV38;
				GENERATE_INFOPLIST_FILE = YES;
				INFOPLIST_FILE = DeviceActivityMonitor/Info.plist;
				INFOPLIST_KEY_CFBundleDisplayName = DeviceActivityMonitor;
				INFOPLIST_KEY_NSHumanReadableCopyright = "";
				LD_RUNPATH_SEARCH_PATHS = (
					"$(inherited)",
					"@executable_path/Frameworks",
					"@executable_path/../../Frameworks",
				);
				MARKETING_VERSION = 1.0;
				PRODUCT_BUNDLE_IDENTIFIER = coffee.com.sunghoyazazaDevice;
				PRODUCT_NAME = "$(TARGET_NAME)";
				SKIP_INSTALL = YES;
				SWIFT_EMIT_LOC_STRINGS = YES;
				SWIFT_VERSION = 5.0;
				TARGETED_DEVICE_FAMILY = "1,2";
			};
			name = Release;
		};
		A9F0ED822A08C48E006E02B6 /* Debug */ = {
			isa = XCBuildConfiguration;
			buildSettings = {
				CODE_SIGN_ENTITLEMENTS = ShieldConfiguration/ShieldConfiguration.entitlements;
				CODE_SIGN_STYLE = Automatic;
				CURRENT_PROJECT_VERSION = 1;
				DEVELOPMENT_TEAM = V7Y39HNV38;
				GENERATE_INFOPLIST_FILE = YES;
				INFOPLIST_FILE = ShieldConfiguration/Info.plist;
				INFOPLIST_KEY_CFBundleDisplayName = ShieldConfiguration;
				INFOPLIST_KEY_NSHumanReadableCopyright = "";
				LD_RUNPATH_SEARCH_PATHS = (
					"$(inherited)",
					"@executable_path/Frameworks",
					"@executable_path/../../Frameworks",
				);
				MARKETING_VERSION = 1.0;
				PRODUCT_BUNDLE_IDENTIFIER = coffee.com.sunghoyazazaShield;
				PRODUCT_NAME = "$(TARGET_NAME)";
				SKIP_INSTALL = YES;
				SWIFT_EMIT_LOC_STRINGS = YES;
				SWIFT_VERSION = 5.0;
				TARGETED_DEVICE_FAMILY = "1,2";
			};
			name = Debug;
		};
		A9F0ED832A08C48E006E02B6 /* Release */ = {
			isa = XCBuildConfiguration;
			buildSettings = {
				CODE_SIGN_ENTITLEMENTS = ShieldConfiguration/ShieldConfiguration.entitlements;
				CODE_SIGN_STYLE = Automatic;
				CURRENT_PROJECT_VERSION = 1;
				DEVELOPMENT_TEAM = V7Y39HNV38;
				GENERATE_INFOPLIST_FILE = YES;
				INFOPLIST_FILE = ShieldConfiguration/Info.plist;
				INFOPLIST_KEY_CFBundleDisplayName = ShieldConfiguration;
				INFOPLIST_KEY_NSHumanReadableCopyright = "";
				LD_RUNPATH_SEARCH_PATHS = (
					"$(inherited)",
					"@executable_path/Frameworks",
					"@executable_path/../../Frameworks",
				);
				MARKETING_VERSION = 1.0;
				PRODUCT_BUNDLE_IDENTIFIER = coffee.com.sunghoyazazaShield;
				PRODUCT_NAME = "$(TARGET_NAME)";
				SKIP_INSTALL = YES;
				SWIFT_EMIT_LOC_STRINGS = YES;
				SWIFT_VERSION = 5.0;
				TARGETED_DEVICE_FAMILY = "1,2";
			};
			name = Release;
		};
		A9F0ED932A08C49E006E02B6 /* Debug */ = {
			isa = XCBuildConfiguration;
			buildSettings = {
				CODE_SIGN_ENTITLEMENTS = ShieldAction/ShieldAction.entitlements;
				CODE_SIGN_STYLE = Automatic;
				CURRENT_PROJECT_VERSION = 1;
				DEVELOPMENT_TEAM = V7Y39HNV38;
				GENERATE_INFOPLIST_FILE = YES;
				INFOPLIST_FILE = ShieldAction/Info.plist;
				INFOPLIST_KEY_CFBundleDisplayName = ShieldAction;
				INFOPLIST_KEY_NSHumanReadableCopyright = "";
				LD_RUNPATH_SEARCH_PATHS = (
					"$(inherited)",
					"@executable_path/Frameworks",
					"@executable_path/../../Frameworks",
				);
				MARKETING_VERSION = 1.0;
				PRODUCT_BUNDLE_IDENTIFIER = coffee.com.sunghoyazazaAction;
				PRODUCT_NAME = "$(TARGET_NAME)";
				SKIP_INSTALL = YES;
				SWIFT_EMIT_LOC_STRINGS = YES;
				SWIFT_VERSION = 5.0;
				TARGETED_DEVICE_FAMILY = "1,2";
			};
			name = Debug;
		};
		A9F0ED942A08C49E006E02B6 /* Release */ = {
			isa = XCBuildConfiguration;
			buildSettings = {
				CODE_SIGN_ENTITLEMENTS = ShieldAction/ShieldAction.entitlements;
				CODE_SIGN_STYLE = Automatic;
				CURRENT_PROJECT_VERSION = 1;
				DEVELOPMENT_TEAM = V7Y39HNV38;
				GENERATE_INFOPLIST_FILE = YES;
				INFOPLIST_FILE = ShieldAction/Info.plist;
				INFOPLIST_KEY_CFBundleDisplayName = ShieldAction;
				INFOPLIST_KEY_NSHumanReadableCopyright = "";
				LD_RUNPATH_SEARCH_PATHS = (
					"$(inherited)",
					"@executable_path/Frameworks",
					"@executable_path/../../Frameworks",
				);
				MARKETING_VERSION = 1.0;
				PRODUCT_BUNDLE_IDENTIFIER = coffee.com.sunghoyazazaAction;
				PRODUCT_NAME = "$(TARGET_NAME)";
				SKIP_INSTALL = YES;
				SWIFT_EMIT_LOC_STRINGS = YES;
				SWIFT_VERSION = 5.0;
				TARGETED_DEVICE_FAMILY = "1,2";
			};
			name = Release;
		};
/* End XCBuildConfiguration section */

/* Begin XCConfigurationList section */
		7F3785252A07AD650055EAB2 /* Build configuration list for PBXProject "sunghoyazaza" */ = {
			isa = XCConfigurationList;
			buildConfigurations = (
				7F37854C2A07AD660055EAB2 /* Debug */,
				7F37854D2A07AD660055EAB2 /* Release */,
			);
			defaultConfigurationIsVisible = 0;
			defaultConfigurationName = Release;
		};
		7F37854E2A07AD660055EAB2 /* Build configuration list for PBXNativeTarget "sunghoyazaza" */ = {
			isa = XCConfigurationList;
			buildConfigurations = (
				7F37854F2A07AD660055EAB2 /* Debug */,
				7F3785502A07AD660055EAB2 /* Release */,
			);
			defaultConfigurationIsVisible = 0;
			defaultConfigurationName = Release;
		};
		7F3785512A07AD660055EAB2 /* Build configuration list for PBXNativeTarget "sunghoyazazaTests" */ = {
			isa = XCConfigurationList;
			buildConfigurations = (
				7F3785522A07AD660055EAB2 /* Debug */,
				7F3785532A07AD660055EAB2 /* Release */,
			);
			defaultConfigurationIsVisible = 0;
			defaultConfigurationName = Release;
		};
		7F3785542A07AD660055EAB2 /* Build configuration list for PBXNativeTarget "sunghoyazazaUITests" */ = {
			isa = XCConfigurationList;
			buildConfigurations = (
				7F3785552A07AD660055EAB2 /* Debug */,
				7F3785562A07AD660055EAB2 /* Release */,
			);
			defaultConfigurationIsVisible = 0;
			defaultConfigurationName = Release;
		};
		A9F0ED6C2A08C2CD006E02B6 /* Build configuration list for PBXNativeTarget "DeviceActivityMonitor" */ = {
			isa = XCConfigurationList;
			buildConfigurations = (
				A9F0ED6D2A08C2CD006E02B6 /* Debug */,
				A9F0ED6E2A08C2CD006E02B6 /* Release */,
			);
			defaultConfigurationIsVisible = 0;
			defaultConfigurationName = Release;
		};
		A9F0ED812A08C48E006E02B6 /* Build configuration list for PBXNativeTarget "ShieldConfiguration" */ = {
			isa = XCConfigurationList;
			buildConfigurations = (
				A9F0ED822A08C48E006E02B6 /* Debug */,
				A9F0ED832A08C48E006E02B6 /* Release */,
			);
			defaultConfigurationIsVisible = 0;
			defaultConfigurationName = Release;
		};
		A9F0ED922A08C49E006E02B6 /* Build configuration list for PBXNativeTarget "ShieldAction" */ = {
			isa = XCConfigurationList;
			buildConfigurations = (
				A9F0ED932A08C49E006E02B6 /* Debug */,
				A9F0ED942A08C49E006E02B6 /* Release */,
			);
			defaultConfigurationIsVisible = 0;
			defaultConfigurationName = Release;
		};
/* End XCConfigurationList section */

/* Begin XCRemoteSwiftPackageReference section */
		E59D0FEC2A0DECF3005C0B05 /* XCRemoteSwiftPackageReference "lottie-ios" */ = {
			isa = XCRemoteSwiftPackageReference;
			repositoryURL = "https://github.com/airbnb/lottie-ios.git";
			requirement = {
				kind = upToNextMajorVersion;
				minimumVersion = 4.0.0;
			};
		};
/* End XCRemoteSwiftPackageReference section */

/* Begin XCSwiftPackageProductDependency section */
		E59D0FED2A0DECF3005C0B05 /* Lottie */ = {
			isa = XCSwiftPackageProductDependency;
			package = E59D0FEC2A0DECF3005C0B05 /* XCRemoteSwiftPackageReference "lottie-ios" */;
			productName = Lottie;
		};
/* End XCSwiftPackageProductDependency section */
	};
	rootObject = 7F3785222A07AD650055EAB2 /* Project object */;
}
