// !$*UTF8*$!
{
	archiveVersion = 1;
	classes = {
	};
	objectVersion = 56;
	objects = {

/* Begin PBXBuildFile section */
		7F0003D02A0020D2000F3B5B /* SungHozazaApp.swift in Sources */ = {isa = PBXBuildFile; fileRef = 7F0003CF2A0020D2000F3B5B /* SungHozazaApp.swift */; };
		7F0003D22A0020D2000F3B5B /* MainView.swift in Sources */ = {isa = PBXBuildFile; fileRef = 7F0003D12A0020D2000F3B5B /* MainView.swift */; };
		7F0003D42A0020D4000F3B5B /* Assets.xcassets in Resources */ = {isa = PBXBuildFile; fileRef = 7F0003D32A0020D4000F3B5B /* Assets.xcassets */; };
		7F0003D72A0020D4000F3B5B /* Preview Assets.xcassets in Resources */ = {isa = PBXBuildFile; fileRef = 7F0003D62A0020D4000F3B5B /* Preview Assets.xcassets */; };
		7F0003E12A0020D4000F3B5B /* SungHozazaTests.swift in Sources */ = {isa = PBXBuildFile; fileRef = 7F0003E02A0020D4000F3B5B /* SungHozazaTests.swift */; };
		7F0003EB2A0020D4000F3B5B /* SungHozazaUITests.swift in Sources */ = {isa = PBXBuildFile; fileRef = 7F0003EA2A0020D4000F3B5B /* SungHozazaUITests.swift */; };
		7F0003ED2A0020D4000F3B5B /* SungHozazaUITestsLaunchTests.swift in Sources */ = {isa = PBXBuildFile; fileRef = 7F0003EC2A0020D4000F3B5B /* SungHozazaUITestsLaunchTests.swift */; };
		E50048652A0685F1005AD015 /* Colors.swift in Sources */ = {isa = PBXBuildFile; fileRef = E50048642A0685F1005AD015 /* Colors.swift */; };
		E50048672A068600005AD015 /* Fonts.swift in Sources */ = {isa = PBXBuildFile; fileRef = E50048662A068600005AD015 /* Fonts.swift */; };
		E50048692A06868C005AD015 /* MiddlePermissionView.swift in Sources */ = {isa = PBXBuildFile; fileRef = E50048682A06868C005AD015 /* MiddlePermissionView.swift */; };
		E500486B2A068BCD005AD015 /* StartPermissionView.swift in Sources */ = {isa = PBXBuildFile; fileRef = E500486A2A068BCD005AD015 /* StartPermissionView.swift */; };
		E500486D2A068E6F005AD015 /* AlertView.swift in Sources */ = {isa = PBXBuildFile; fileRef = E500486C2A068E6F005AD015 /* AlertView.swift */; };
		E5CE961D2A069F280040BDA5 /* DateValue.swift in Sources */ = {isa = PBXBuildFile; fileRef = E5CE961C2A069F280040BDA5 /* DateValue.swift */; };
		E5CE96212A06ABB50040BDA5 /* DateData.swift in Sources */ = {isa = PBXBuildFile; fileRef = E5CE96202A06ABB50040BDA5 /* DateData.swift */; };
		E5CE96232A06ABFE0040BDA5 /* CalendarView.swift in Sources */ = {isa = PBXBuildFile; fileRef = E5CE96222A06ABFE0040BDA5 /* CalendarView.swift */; };
		E5CE96252A06ACB40040BDA5 /* SleepPlanTopView.swift in Sources */ = {isa = PBXBuildFile; fileRef = E5CE96242A06ACB40040BDA5 /* SleepPlanTopView.swift */; };
/* End PBXBuildFile section */

/* Begin PBXContainerItemProxy section */
		7F0003DD2A0020D4000F3B5B /* PBXContainerItemProxy */ = {
			isa = PBXContainerItemProxy;
			containerPortal = 7F0003C42A0020D2000F3B5B /* Project object */;
			proxyType = 1;
			remoteGlobalIDString = 7F0003CB2A0020D2000F3B5B;
			remoteInfo = SungHozaza;
		};
		7F0003E72A0020D4000F3B5B /* PBXContainerItemProxy */ = {
			isa = PBXContainerItemProxy;
			containerPortal = 7F0003C42A0020D2000F3B5B /* Project object */;
			proxyType = 1;
			remoteGlobalIDString = 7F0003CB2A0020D2000F3B5B;
			remoteInfo = SungHozaza;
		};
/* End PBXContainerItemProxy section */

/* Begin PBXFileReference section */
		7F0003CC2A0020D2000F3B5B /* SungHozaza.app */ = {isa = PBXFileReference; explicitFileType = wrapper.application; includeInIndex = 0; path = SungHozaza.app; sourceTree = BUILT_PRODUCTS_DIR; };
		7F0003CF2A0020D2000F3B5B /* SungHozazaApp.swift */ = {isa = PBXFileReference; lastKnownFileType = sourcecode.swift; path = SungHozazaApp.swift; sourceTree = "<group>"; };
		7F0003D12A0020D2000F3B5B /* MainView.swift */ = {isa = PBXFileReference; lastKnownFileType = sourcecode.swift; path = MainView.swift; sourceTree = "<group>"; };
		7F0003D32A0020D4000F3B5B /* Assets.xcassets */ = {isa = PBXFileReference; lastKnownFileType = folder.assetcatalog; path = Assets.xcassets; sourceTree = "<group>"; };
		7F0003D62A0020D4000F3B5B /* Preview Assets.xcassets */ = {isa = PBXFileReference; lastKnownFileType = folder.assetcatalog; path = "Preview Assets.xcassets"; sourceTree = "<group>"; };
		7F0003DC2A0020D4000F3B5B /* SungHozazaTests.xctest */ = {isa = PBXFileReference; explicitFileType = wrapper.cfbundle; includeInIndex = 0; path = SungHozazaTests.xctest; sourceTree = BUILT_PRODUCTS_DIR; };
		7F0003E02A0020D4000F3B5B /* SungHozazaTests.swift */ = {isa = PBXFileReference; lastKnownFileType = sourcecode.swift; path = SungHozazaTests.swift; sourceTree = "<group>"; };
		7F0003E62A0020D4000F3B5B /* SungHozazaUITests.xctest */ = {isa = PBXFileReference; explicitFileType = wrapper.cfbundle; includeInIndex = 0; path = SungHozazaUITests.xctest; sourceTree = BUILT_PRODUCTS_DIR; };
		7F0003EA2A0020D4000F3B5B /* SungHozazaUITests.swift */ = {isa = PBXFileReference; lastKnownFileType = sourcecode.swift; path = SungHozazaUITests.swift; sourceTree = "<group>"; };
		7F0003EC2A0020D4000F3B5B /* SungHozazaUITestsLaunchTests.swift */ = {isa = PBXFileReference; lastKnownFileType = sourcecode.swift; path = SungHozazaUITestsLaunchTests.swift; sourceTree = "<group>"; };
		E50048642A0685F1005AD015 /* Colors.swift */ = {isa = PBXFileReference; lastKnownFileType = sourcecode.swift; path = Colors.swift; sourceTree = "<group>"; };
		E50048662A068600005AD015 /* Fonts.swift */ = {isa = PBXFileReference; lastKnownFileType = sourcecode.swift; path = Fonts.swift; sourceTree = "<group>"; };
		E50048682A06868C005AD015 /* MiddlePermissionView.swift */ = {isa = PBXFileReference; lastKnownFileType = sourcecode.swift; path = MiddlePermissionView.swift; sourceTree = "<group>"; };
		E500486A2A068BCD005AD015 /* StartPermissionView.swift */ = {isa = PBXFileReference; lastKnownFileType = sourcecode.swift; path = StartPermissionView.swift; sourceTree = "<group>"; };
		E500486C2A068E6F005AD015 /* AlertView.swift */ = {isa = PBXFileReference; lastKnownFileType = sourcecode.swift; path = AlertView.swift; sourceTree = "<group>"; };
		E5CE961C2A069F280040BDA5 /* DateValue.swift */ = {isa = PBXFileReference; lastKnownFileType = sourcecode.swift; name = DateValue.swift; path = SungHozaza/Model/DateValue.swift; sourceTree = SOURCE_ROOT; };
		E5CE96202A06ABB50040BDA5 /* DateData.swift */ = {isa = PBXFileReference; lastKnownFileType = sourcecode.swift; path = DateData.swift; sourceTree = "<group>"; };
		E5CE96222A06ABFE0040BDA5 /* CalendarView.swift */ = {isa = PBXFileReference; lastKnownFileType = sourcecode.swift; path = CalendarView.swift; sourceTree = "<group>"; };
		E5CE96242A06ACB40040BDA5 /* SleepPlanTopView.swift */ = {isa = PBXFileReference; lastKnownFileType = sourcecode.swift; path = SleepPlanTopView.swift; sourceTree = "<group>"; };
/* End PBXFileReference section */

/* Begin PBXFrameworksBuildPhase section */
		7F0003C92A0020D2000F3B5B /* Frameworks */ = {
			isa = PBXFrameworksBuildPhase;
			buildActionMask = 2147483647;
			files = (
			);
			runOnlyForDeploymentPostprocessing = 0;
		};
		7F0003D92A0020D4000F3B5B /* Frameworks */ = {
			isa = PBXFrameworksBuildPhase;
			buildActionMask = 2147483647;
			files = (
			);
			runOnlyForDeploymentPostprocessing = 0;
		};
		7F0003E32A0020D4000F3B5B /* Frameworks */ = {
			isa = PBXFrameworksBuildPhase;
			buildActionMask = 2147483647;
			files = (
			);
			runOnlyForDeploymentPostprocessing = 0;
		};
/* End PBXFrameworksBuildPhase section */

/* Begin PBXGroup section */
		7F0003C32A0020D2000F3B5B = {
			isa = PBXGroup;
			children = (
				7F0003CE2A0020D2000F3B5B /* SungHozaza */,
				7F0003DF2A0020D4000F3B5B /* SungHozazaTests */,
				7F0003E92A0020D4000F3B5B /* SungHozazaUITests */,
				7F0003CD2A0020D2000F3B5B /* Products */,
			);
			sourceTree = "<group>";
		};
		7F0003CD2A0020D2000F3B5B /* Products */ = {
			isa = PBXGroup;
			children = (
				7F0003CC2A0020D2000F3B5B /* SungHozaza.app */,
				7F0003DC2A0020D4000F3B5B /* SungHozazaTests.xctest */,
				7F0003E62A0020D4000F3B5B /* SungHozazaUITests.xctest */,
			);
			name = Products;
			sourceTree = "<group>";
		};
		7F0003CE2A0020D2000F3B5B /* SungHozaza */ = {
			isa = PBXGroup;
			children = (
				7F0003CF2A0020D2000F3B5B /* SungHozazaApp.swift */,
				E50048612A06840F005AD015 /* Resources */,
				E500485E2A068318005AD015 /* Model */,
				E500485F2A068320005AD015 /* View */,
				E50048602A068325005AD015 /* View-Model */,
				7F0003D52A0020D4000F3B5B /* Preview Content */,
			);
			path = SungHozaza;
			sourceTree = "<group>";
		};
		7F0003D52A0020D4000F3B5B /* Preview Content */ = {
			isa = PBXGroup;
			children = (
				7F0003D62A0020D4000F3B5B /* Preview Assets.xcassets */,
			);
			path = "Preview Content";
			sourceTree = "<group>";
		};
		7F0003DF2A0020D4000F3B5B /* SungHozazaTests */ = {
			isa = PBXGroup;
			children = (
				7F0003E02A0020D4000F3B5B /* SungHozazaTests.swift */,
			);
			path = SungHozazaTests;
			sourceTree = "<group>";
		};
		7F0003E92A0020D4000F3B5B /* SungHozazaUITests */ = {
			isa = PBXGroup;
			children = (
				7F0003EA2A0020D4000F3B5B /* SungHozazaUITests.swift */,
				7F0003EC2A0020D4000F3B5B /* SungHozazaUITestsLaunchTests.swift */,
			);
			path = SungHozazaUITests;
			sourceTree = "<group>";
		};
		E500485E2A068318005AD015 /* Model */ = {
			isa = PBXGroup;
			children = (
				E5CE961C2A069F280040BDA5 /* DateValue.swift */,
				E5CE96202A06ABB50040BDA5 /* DateData.swift */,
			);
			path = Model;
			sourceTree = "<group>";
		};
		E500485F2A068320005AD015 /* View */ = {
			isa = PBXGroup;
			children = (
				7F0003D12A0020D2000F3B5B /* MainView.swift */,
				E50048682A06868C005AD015 /* MiddlePermissionView.swift */,
				E500486A2A068BCD005AD015 /* StartPermissionView.swift */,
				E500486C2A068E6F005AD015 /* AlertView.swift */,
				E5CE96222A06ABFE0040BDA5 /* CalendarView.swift */,
				E5CE96242A06ACB40040BDA5 /* SleepPlanTopView.swift */,
			);
			path = View;
			sourceTree = "<group>";
		};
		E50048602A068325005AD015 /* View-Model */ = {
			isa = PBXGroup;
			children = (
			);
			path = "View-Model";
			sourceTree = "<group>";
		};
		E50048612A06840F005AD015 /* Resources */ = {
			isa = PBXGroup;
			children = (
				7F0003D32A0020D4000F3B5B /* Assets.xcassets */,
				E50048642A0685F1005AD015 /* Colors.swift */,
				E50048662A068600005AD015 /* Fonts.swift */,
			);
			path = Resources;
			sourceTree = "<group>";
		};
/* End PBXGroup section */

/* Begin PBXNativeTarget section */
		7F0003CB2A0020D2000F3B5B /* SungHozaza */ = {
			isa = PBXNativeTarget;
			buildConfigurationList = 7F0003F02A0020D4000F3B5B /* Build configuration list for PBXNativeTarget "SungHozaza" */;
			buildPhases = (
				7F0003C82A0020D2000F3B5B /* Sources */,
				7F0003C92A0020D2000F3B5B /* Frameworks */,
				7F0003CA2A0020D2000F3B5B /* Resources */,
			);
			buildRules = (
			);
			dependencies = (
			);
			name = SungHozaza;
			productName = SungHozaza;
			productReference = 7F0003CC2A0020D2000F3B5B /* SungHozaza.app */;
			productType = "com.apple.product-type.application";
		};
		7F0003DB2A0020D4000F3B5B /* SungHozazaTests */ = {
			isa = PBXNativeTarget;
			buildConfigurationList = 7F0003F32A0020D4000F3B5B /* Build configuration list for PBXNativeTarget "SungHozazaTests" */;
			buildPhases = (
				7F0003D82A0020D4000F3B5B /* Sources */,
				7F0003D92A0020D4000F3B5B /* Frameworks */,
				7F0003DA2A0020D4000F3B5B /* Resources */,
			);
			buildRules = (
			);
			dependencies = (
				7F0003DE2A0020D4000F3B5B /* PBXTargetDependency */,
			);
			name = SungHozazaTests;
			productName = SungHozazaTests;
			productReference = 7F0003DC2A0020D4000F3B5B /* SungHozazaTests.xctest */;
			productType = "com.apple.product-type.bundle.unit-test";
		};
		7F0003E52A0020D4000F3B5B /* SungHozazaUITests */ = {
			isa = PBXNativeTarget;
			buildConfigurationList = 7F0003F62A0020D4000F3B5B /* Build configuration list for PBXNativeTarget "SungHozazaUITests" */;
			buildPhases = (
				7F0003E22A0020D4000F3B5B /* Sources */,
				7F0003E32A0020D4000F3B5B /* Frameworks */,
				7F0003E42A0020D4000F3B5B /* Resources */,
			);
			buildRules = (
			);
			dependencies = (
				7F0003E82A0020D4000F3B5B /* PBXTargetDependency */,
			);
			name = SungHozazaUITests;
			productName = SungHozazaUITests;
			productReference = 7F0003E62A0020D4000F3B5B /* SungHozazaUITests.xctest */;
			productType = "com.apple.product-type.bundle.ui-testing";
		};
/* End PBXNativeTarget section */

/* Begin PBXProject section */
		7F0003C42A0020D2000F3B5B /* Project object */ = {
			isa = PBXProject;
			attributes = {
				BuildIndependentTargetsInParallel = 1;
				LastSwiftUpdateCheck = 1430;
				LastUpgradeCheck = 1430;
				TargetAttributes = {
					7F0003CB2A0020D2000F3B5B = {
						CreatedOnToolsVersion = 14.3;
					};
					7F0003DB2A0020D4000F3B5B = {
						CreatedOnToolsVersion = 14.3;
						TestTargetID = 7F0003CB2A0020D2000F3B5B;
					};
					7F0003E52A0020D4000F3B5B = {
						CreatedOnToolsVersion = 14.3;
						TestTargetID = 7F0003CB2A0020D2000F3B5B;
					};
				};
			};
			buildConfigurationList = 7F0003C72A0020D2000F3B5B /* Build configuration list for PBXProject "SungHozaza" */;
			compatibilityVersion = "Xcode 14.0";
			developmentRegion = en;
			hasScannedForEncodings = 0;
			knownRegions = (
				en,
				Base,
			);
			mainGroup = 7F0003C32A0020D2000F3B5B;
			productRefGroup = 7F0003CD2A0020D2000F3B5B /* Products */;
			projectDirPath = "";
			projectRoot = "";
			targets = (
				7F0003CB2A0020D2000F3B5B /* SungHozaza */,
				7F0003DB2A0020D4000F3B5B /* SungHozazaTests */,
				7F0003E52A0020D4000F3B5B /* SungHozazaUITests */,
			);
		};
/* End PBXProject section */

/* Begin PBXResourcesBuildPhase section */
		7F0003CA2A0020D2000F3B5B /* Resources */ = {
			isa = PBXResourcesBuildPhase;
			buildActionMask = 2147483647;
			files = (
				7F0003D72A0020D4000F3B5B /* Preview Assets.xcassets in Resources */,
				7F0003D42A0020D4000F3B5B /* Assets.xcassets in Resources */,
			);
			runOnlyForDeploymentPostprocessing = 0;
		};
		7F0003DA2A0020D4000F3B5B /* Resources */ = {
			isa = PBXResourcesBuildPhase;
			buildActionMask = 2147483647;
			files = (
			);
			runOnlyForDeploymentPostprocessing = 0;
		};
		7F0003E42A0020D4000F3B5B /* Resources */ = {
			isa = PBXResourcesBuildPhase;
			buildActionMask = 2147483647;
			files = (
			);
			runOnlyForDeploymentPostprocessing = 0;
		};
/* End PBXResourcesBuildPhase section */

/* Begin PBXSourcesBuildPhase section */
		7F0003C82A0020D2000F3B5B /* Sources */ = {
			isa = PBXSourcesBuildPhase;
			buildActionMask = 2147483647;
			files = (
				E5CE96232A06ABFE0040BDA5 /* CalendarView.swift in Sources */,
				E500486B2A068BCD005AD015 /* StartPermissionView.swift in Sources */,
				E5CE96252A06ACB40040BDA5 /* SleepPlanTopView.swift in Sources */,
				E50048672A068600005AD015 /* Fonts.swift in Sources */,
				E5CE96212A06ABB50040BDA5 /* DateData.swift in Sources */,
				E500486D2A068E6F005AD015 /* AlertView.swift in Sources */,
				7F0003D22A0020D2000F3B5B /* MainView.swift in Sources */,
				E50048652A0685F1005AD015 /* Colors.swift in Sources */,
				E5CE961D2A069F280040BDA5 /* DateValue.swift in Sources */,
				7F0003D02A0020D2000F3B5B /* SungHozazaApp.swift in Sources */,
				E50048692A06868C005AD015 /* MiddlePermissionView.swift in Sources */,
			);
			runOnlyForDeploymentPostprocessing = 0;
		};
		7F0003D82A0020D4000F3B5B /* Sources */ = {
			isa = PBXSourcesBuildPhase;
			buildActionMask = 2147483647;
			files = (
				7F0003E12A0020D4000F3B5B /* SungHozazaTests.swift in Sources */,
			);
			runOnlyForDeploymentPostprocessing = 0;
		};
		7F0003E22A0020D4000F3B5B /* Sources */ = {
			isa = PBXSourcesBuildPhase;
			buildActionMask = 2147483647;
			files = (
				7F0003ED2A0020D4000F3B5B /* SungHozazaUITestsLaunchTests.swift in Sources */,
				7F0003EB2A0020D4000F3B5B /* SungHozazaUITests.swift in Sources */,
			);
			runOnlyForDeploymentPostprocessing = 0;
		};
/* End PBXSourcesBuildPhase section */

/* Begin PBXTargetDependency section */
		7F0003DE2A0020D4000F3B5B /* PBXTargetDependency */ = {
			isa = PBXTargetDependency;
			target = 7F0003CB2A0020D2000F3B5B /* SungHozaza */;
			targetProxy = 7F0003DD2A0020D4000F3B5B /* PBXContainerItemProxy */;
		};
		7F0003E82A0020D4000F3B5B /* PBXTargetDependency */ = {
			isa = PBXTargetDependency;
			target = 7F0003CB2A0020D2000F3B5B /* SungHozaza */;
			targetProxy = 7F0003E72A0020D4000F3B5B /* PBXContainerItemProxy */;
		};
/* End PBXTargetDependency section */

/* Begin XCBuildConfiguration section */
		7F0003EE2A0020D4000F3B5B /* Debug */ = {
			isa = XCBuildConfiguration;
			buildSettings = {
				ALWAYS_SEARCH_USER_PATHS = NO;
				CLANG_ANALYZER_NONNULL = YES;
				CLANG_ANALYZER_NUMBER_OBJECT_CONVERSION = YES_AGGRESSIVE;
				CLANG_CXX_LANGUAGE_STANDARD = "gnu++20";
				CLANG_ENABLE_MODULES = YES;
				CLANG_ENABLE_OBJC_ARC = YES;
				CLANG_ENABLE_OBJC_WEAK = YES;
				CLANG_WARN_BLOCK_CAPTURE_AUTORELEASING = YES;
				CLANG_WARN_BOOL_CONVERSION = YES;
				CLANG_WARN_COMMA = YES;
				CLANG_WARN_CONSTANT_CONVERSION = YES;
				CLANG_WARN_DEPRECATED_OBJC_IMPLEMENTATIONS = YES;
				CLANG_WARN_DIRECT_OBJC_ISA_USAGE = YES_ERROR;
				CLANG_WARN_DOCUMENTATION_COMMENTS = YES;
				CLANG_WARN_EMPTY_BODY = YES;
				CLANG_WARN_ENUM_CONVERSION = YES;
				CLANG_WARN_INFINITE_RECURSION = YES;
				CLANG_WARN_INT_CONVERSION = YES;
				CLANG_WARN_NON_LITERAL_NULL_CONVERSION = YES;
				CLANG_WARN_OBJC_IMPLICIT_RETAIN_SELF = YES;
				CLANG_WARN_OBJC_LITERAL_CONVERSION = YES;
				CLANG_WARN_OBJC_ROOT_CLASS = YES_ERROR;
				CLANG_WARN_QUOTED_INCLUDE_IN_FRAMEWORK_HEADER = YES;
				CLANG_WARN_RANGE_LOOP_ANALYSIS = YES;
				CLANG_WARN_STRICT_PROTOTYPES = YES;
				CLANG_WARN_SUSPICIOUS_MOVE = YES;
				CLANG_WARN_UNGUARDED_AVAILABILITY = YES_AGGRESSIVE;
				CLANG_WARN_UNREACHABLE_CODE = YES;
				CLANG_WARN__DUPLICATE_METHOD_MATCH = YES;
				COPY_PHASE_STRIP = NO;
				DEBUG_INFORMATION_FORMAT = dwarf;
				ENABLE_STRICT_OBJC_MSGSEND = YES;
				ENABLE_TESTABILITY = YES;
				GCC_C_LANGUAGE_STANDARD = gnu11;
				GCC_DYNAMIC_NO_PIC = NO;
				GCC_NO_COMMON_BLOCKS = YES;
				GCC_OPTIMIZATION_LEVEL = 0;
				GCC_PREPROCESSOR_DEFINITIONS = (
					"DEBUG=1",
					"$(inherited)",
				);
				GCC_WARN_64_TO_32_BIT_CONVERSION = YES;
				GCC_WARN_ABOUT_RETURN_TYPE = YES_ERROR;
				GCC_WARN_UNDECLARED_SELECTOR = YES;
				GCC_WARN_UNINITIALIZED_AUTOS = YES_AGGRESSIVE;
				GCC_WARN_UNUSED_FUNCTION = YES;
				GCC_WARN_UNUSED_VARIABLE = YES;
				IPHONEOS_DEPLOYMENT_TARGET = 16.4;
				MTL_ENABLE_DEBUG_INFO = INCLUDE_SOURCE;
				MTL_FAST_MATH = YES;
				ONLY_ACTIVE_ARCH = YES;
				SDKROOT = iphoneos;
				SWIFT_ACTIVE_COMPILATION_CONDITIONS = DEBUG;
				SWIFT_OPTIMIZATION_LEVEL = "-Onone";
			};
			name = Debug;
		};
		7F0003EF2A0020D4000F3B5B /* Release */ = {
			isa = XCBuildConfiguration;
			buildSettings = {
				ALWAYS_SEARCH_USER_PATHS = NO;
				CLANG_ANALYZER_NONNULL = YES;
				CLANG_ANALYZER_NUMBER_OBJECT_CONVERSION = YES_AGGRESSIVE;
				CLANG_CXX_LANGUAGE_STANDARD = "gnu++20";
				CLANG_ENABLE_MODULES = YES;
				CLANG_ENABLE_OBJC_ARC = YES;
				CLANG_ENABLE_OBJC_WEAK = YES;
				CLANG_WARN_BLOCK_CAPTURE_AUTORELEASING = YES;
				CLANG_WARN_BOOL_CONVERSION = YES;
				CLANG_WARN_COMMA = YES;
				CLANG_WARN_CONSTANT_CONVERSION = YES;
				CLANG_WARN_DEPRECATED_OBJC_IMPLEMENTATIONS = YES;
				CLANG_WARN_DIRECT_OBJC_ISA_USAGE = YES_ERROR;
				CLANG_WARN_DOCUMENTATION_COMMENTS = YES;
				CLANG_WARN_EMPTY_BODY = YES;
				CLANG_WARN_ENUM_CONVERSION = YES;
				CLANG_WARN_INFINITE_RECURSION = YES;
				CLANG_WARN_INT_CONVERSION = YES;
				CLANG_WARN_NON_LITERAL_NULL_CONVERSION = YES;
				CLANG_WARN_OBJC_IMPLICIT_RETAIN_SELF = YES;
				CLANG_WARN_OBJC_LITERAL_CONVERSION = YES;
				CLANG_WARN_OBJC_ROOT_CLASS = YES_ERROR;
				CLANG_WARN_QUOTED_INCLUDE_IN_FRAMEWORK_HEADER = YES;
				CLANG_WARN_RANGE_LOOP_ANALYSIS = YES;
				CLANG_WARN_STRICT_PROTOTYPES = YES;
				CLANG_WARN_SUSPICIOUS_MOVE = YES;
				CLANG_WARN_UNGUARDED_AVAILABILITY = YES_AGGRESSIVE;
				CLANG_WARN_UNREACHABLE_CODE = YES;
				CLANG_WARN__DUPLICATE_METHOD_MATCH = YES;
				COPY_PHASE_STRIP = NO;
				DEBUG_INFORMATION_FORMAT = "dwarf-with-dsym";
				ENABLE_NS_ASSERTIONS = NO;
				ENABLE_STRICT_OBJC_MSGSEND = YES;
				GCC_C_LANGUAGE_STANDARD = gnu11;
				GCC_NO_COMMON_BLOCKS = YES;
				GCC_WARN_64_TO_32_BIT_CONVERSION = YES;
				GCC_WARN_ABOUT_RETURN_TYPE = YES_ERROR;
				GCC_WARN_UNDECLARED_SELECTOR = YES;
				GCC_WARN_UNINITIALIZED_AUTOS = YES_AGGRESSIVE;
				GCC_WARN_UNUSED_FUNCTION = YES;
				GCC_WARN_UNUSED_VARIABLE = YES;
				IPHONEOS_DEPLOYMENT_TARGET = 16.4;
				MTL_ENABLE_DEBUG_INFO = NO;
				MTL_FAST_MATH = YES;
				SDKROOT = iphoneos;
				SWIFT_COMPILATION_MODE = wholemodule;
				SWIFT_OPTIMIZATION_LEVEL = "-O";
				VALIDATE_PRODUCT = YES;
			};
			name = Release;
		};
		7F0003F12A0020D4000F3B5B /* Debug */ = {
			isa = XCBuildConfiguration;
			buildSettings = {
				ASSETCATALOG_COMPILER_APPICON_NAME = AppIcon;
				ASSETCATALOG_COMPILER_GLOBAL_ACCENT_COLOR_NAME = AccentColor;
				CODE_SIGN_STYLE = Automatic;
				CURRENT_PROJECT_VERSION = 1;
				DEVELOPMENT_ASSET_PATHS = "\"SungHozaza/Preview Content\"";
				DEVELOPMENT_TEAM = 4C4PBP93YJ;
				ENABLE_PREVIEWS = YES;
				GENERATE_INFOPLIST_FILE = YES;
				INFOPLIST_KEY_UIApplicationSceneManifest_Generation = YES;
				INFOPLIST_KEY_UIApplicationSupportsIndirectInputEvents = YES;
				INFOPLIST_KEY_UILaunchScreen_Generation = YES;
				INFOPLIST_KEY_UISupportedInterfaceOrientations_iPad = "UIInterfaceOrientationPortrait UIInterfaceOrientationPortraitUpsideDown UIInterfaceOrientationLandscapeLeft UIInterfaceOrientationLandscapeRight";
				INFOPLIST_KEY_UISupportedInterfaceOrientations_iPhone = "UIInterfaceOrientationPortrait UIInterfaceOrientationLandscapeLeft UIInterfaceOrientationLandscapeRight";
				LD_RUNPATH_SEARCH_PATHS = (
					"$(inherited)",
					"@executable_path/Frameworks",
				);
				MARKETING_VERSION = 1.0;
				PRODUCT_BUNDLE_IDENTIFIER = "shine-jung.SungHozaza";
				PRODUCT_NAME = "$(TARGET_NAME)";
				SWIFT_EMIT_LOC_STRINGS = YES;
				SWIFT_VERSION = 5.0;
				TARGETED_DEVICE_FAMILY = "1,2";
			};
			name = Debug;
		};
		7F0003F22A0020D4000F3B5B /* Release */ = {
			isa = XCBuildConfiguration;
			buildSettings = {
				ASSETCATALOG_COMPILER_APPICON_NAME = AppIcon;
				ASSETCATALOG_COMPILER_GLOBAL_ACCENT_COLOR_NAME = AccentColor;
				CODE_SIGN_STYLE = Automatic;
				CURRENT_PROJECT_VERSION = 1;
				DEVELOPMENT_ASSET_PATHS = "\"SungHozaza/Preview Content\"";
				DEVELOPMENT_TEAM = 4C4PBP93YJ;
				ENABLE_PREVIEWS = YES;
				GENERATE_INFOPLIST_FILE = YES;
				INFOPLIST_KEY_UIApplicationSceneManifest_Generation = YES;
				INFOPLIST_KEY_UIApplicationSupportsIndirectInputEvents = YES;
				INFOPLIST_KEY_UILaunchScreen_Generation = YES;
				INFOPLIST_KEY_UISupportedInterfaceOrientations_iPad = "UIInterfaceOrientationPortrait UIInterfaceOrientationPortraitUpsideDown UIInterfaceOrientationLandscapeLeft UIInterfaceOrientationLandscapeRight";
				INFOPLIST_KEY_UISupportedInterfaceOrientations_iPhone = "UIInterfaceOrientationPortrait UIInterfaceOrientationLandscapeLeft UIInterfaceOrientationLandscapeRight";
				LD_RUNPATH_SEARCH_PATHS = (
					"$(inherited)",
					"@executable_path/Frameworks",
				);
				MARKETING_VERSION = 1.0;
				PRODUCT_BUNDLE_IDENTIFIER = "shine-jung.SungHozaza";
				PRODUCT_NAME = "$(TARGET_NAME)";
				SWIFT_EMIT_LOC_STRINGS = YES;
				SWIFT_VERSION = 5.0;
				TARGETED_DEVICE_FAMILY = "1,2";
			};
			name = Release;
		};
		7F0003F42A0020D4000F3B5B /* Debug */ = {
			isa = XCBuildConfiguration;
			buildSettings = {
				ALWAYS_EMBED_SWIFT_STANDARD_LIBRARIES = YES;
				BUNDLE_LOADER = "$(TEST_HOST)";
				CODE_SIGN_STYLE = Automatic;
				CURRENT_PROJECT_VERSION = 1;
				DEVELOPMENT_TEAM = 4C4PBP93YJ;
				GENERATE_INFOPLIST_FILE = YES;
				IPHONEOS_DEPLOYMENT_TARGET = 16.4;
				MARKETING_VERSION = 1.0;
				PRODUCT_BUNDLE_IDENTIFIER = "shine-jung.SungHozazaTests";
				PRODUCT_NAME = "$(TARGET_NAME)";
				SWIFT_EMIT_LOC_STRINGS = NO;
				SWIFT_VERSION = 5.0;
				TARGETED_DEVICE_FAMILY = "1,2";
				TEST_HOST = "$(BUILT_PRODUCTS_DIR)/SungHozaza.app/$(BUNDLE_EXECUTABLE_FOLDER_PATH)/SungHozaza";
			};
			name = Debug;
		};
		7F0003F52A0020D4000F3B5B /* Release */ = {
			isa = XCBuildConfiguration;
			buildSettings = {
				ALWAYS_EMBED_SWIFT_STANDARD_LIBRARIES = YES;
				BUNDLE_LOADER = "$(TEST_HOST)";
				CODE_SIGN_STYLE = Automatic;
				CURRENT_PROJECT_VERSION = 1;
				DEVELOPMENT_TEAM = 4C4PBP93YJ;
				GENERATE_INFOPLIST_FILE = YES;
				IPHONEOS_DEPLOYMENT_TARGET = 16.4;
				MARKETING_VERSION = 1.0;
				PRODUCT_BUNDLE_IDENTIFIER = "shine-jung.SungHozazaTests";
				PRODUCT_NAME = "$(TARGET_NAME)";
				SWIFT_EMIT_LOC_STRINGS = NO;
				SWIFT_VERSION = 5.0;
				TARGETED_DEVICE_FAMILY = "1,2";
				TEST_HOST = "$(BUILT_PRODUCTS_DIR)/SungHozaza.app/$(BUNDLE_EXECUTABLE_FOLDER_PATH)/SungHozaza";
			};
			name = Release;
		};
		7F0003F72A0020D4000F3B5B /* Debug */ = {
			isa = XCBuildConfiguration;
			buildSettings = {
				ALWAYS_EMBED_SWIFT_STANDARD_LIBRARIES = YES;
				CODE_SIGN_STYLE = Automatic;
				CURRENT_PROJECT_VERSION = 1;
				DEVELOPMENT_TEAM = 4C4PBP93YJ;
				GENERATE_INFOPLIST_FILE = YES;
				MARKETING_VERSION = 1.0;
				PRODUCT_BUNDLE_IDENTIFIER = "shine-jung.SungHozazaUITests";
				PRODUCT_NAME = "$(TARGET_NAME)";
				SWIFT_EMIT_LOC_STRINGS = NO;
				SWIFT_VERSION = 5.0;
				TARGETED_DEVICE_FAMILY = "1,2";
				TEST_TARGET_NAME = SungHozaza;
			};
			name = Debug;
		};
		7F0003F82A0020D4000F3B5B /* Release */ = {
			isa = XCBuildConfiguration;
			buildSettings = {
				ALWAYS_EMBED_SWIFT_STANDARD_LIBRARIES = YES;
				CODE_SIGN_STYLE = Automatic;
				CURRENT_PROJECT_VERSION = 1;
				DEVELOPMENT_TEAM = 4C4PBP93YJ;
				GENERATE_INFOPLIST_FILE = YES;
				MARKETING_VERSION = 1.0;
				PRODUCT_BUNDLE_IDENTIFIER = "shine-jung.SungHozazaUITests";
				PRODUCT_NAME = "$(TARGET_NAME)";
				SWIFT_EMIT_LOC_STRINGS = NO;
				SWIFT_VERSION = 5.0;
				TARGETED_DEVICE_FAMILY = "1,2";
				TEST_TARGET_NAME = SungHozaza;
			};
			name = Release;
		};
/* End XCBuildConfiguration section */

/* Begin XCConfigurationList section */
		7F0003C72A0020D2000F3B5B /* Build configuration list for PBXProject "SungHozaza" */ = {
			isa = XCConfigurationList;
			buildConfigurations = (
				7F0003EE2A0020D4000F3B5B /* Debug */,
				7F0003EF2A0020D4000F3B5B /* Release */,
			);
			defaultConfigurationIsVisible = 0;
			defaultConfigurationName = Release;
		};
		7F0003F02A0020D4000F3B5B /* Build configuration list for PBXNativeTarget "SungHozaza" */ = {
			isa = XCConfigurationList;
			buildConfigurations = (
				7F0003F12A0020D4000F3B5B /* Debug */,
				7F0003F22A0020D4000F3B5B /* Release */,
			);
			defaultConfigurationIsVisible = 0;
			defaultConfigurationName = Release;
		};
		7F0003F32A0020D4000F3B5B /* Build configuration list for PBXNativeTarget "SungHozazaTests" */ = {
			isa = XCConfigurationList;
			buildConfigurations = (
				7F0003F42A0020D4000F3B5B /* Debug */,
				7F0003F52A0020D4000F3B5B /* Release */,
			);
			defaultConfigurationIsVisible = 0;
			defaultConfigurationName = Release;
		};
		7F0003F62A0020D4000F3B5B /* Build configuration list for PBXNativeTarget "SungHozazaUITests" */ = {
			isa = XCConfigurationList;
			buildConfigurations = (
				7F0003F72A0020D4000F3B5B /* Debug */,
				7F0003F82A0020D4000F3B5B /* Release */,
			);
			defaultConfigurationIsVisible = 0;
			defaultConfigurationName = Release;
		};
/* End XCConfigurationList section */
	};
	rootObject = 7F0003C42A0020D2000F3B5B /* Project object */;
}
